{
  "version": 4,
  "terraform_version": "1.13.1",
  "serial": 240,
  "lineage": "68adcf79-01ce-47c4-f2e1-8fd6bae0aae8",
  "outputs": {
    "alb_dns_name": {
      "value": "rag-agent-poc-alb-1384421933.ap-southeast-2.elb.amazonaws.com",
      "type": "string"
    },
    "ec2_instance_info": {
      "value": {
        "instance_id": "i-00f8b802a81b28a44",
        "instance_type": "t3.medium",
        "private_ip": "10.0.10.198"
      },
      "type": [
        "object",
        {
          "instance_id": "string",
          "instance_type": "string",
          "private_ip": "string"
        }
      ]
    },
    "infrastructure_info": {
      "value": {
        "load_balancer_dns": "rag-agent-poc-alb-1384421933.ap-southeast-2.elb.amazonaws.com",
        "opensearch_endpoint": "https://1cmhw8b5ne7yse45g55m.ap-southeast-2.aoss.amazonaws.com",
        "upload_bucket": "rag-agent-poc-uploads-6fmgy40r",
        "vpc_id": "vpc-0aae4efa2dca9c1af"
      },
      "type": [
        "object",
        {
          "load_balancer_dns": "string",
          "opensearch_endpoint": "string",
          "upload_bucket": "string",
          "vpc_id": "string"
        }
      ]
    },
    "litellm_config_bucket": {
      "value": "rag-agent-poc-litellm-config-6fmgy40r",
      "type": "string"
    },
    "litellm_endpoint": {
      "value": "http://rag-agent-poc-alb-1384421933.ap-southeast-2.elb.amazonaws.com",
      "type": "string"
    },
    "opensearch_endpoint": {
      "value": "https://1cmhw8b5ne7yse45g55m.ap-southeast-2.aoss.amazonaws.com",
      "type": "string"
    },
    "private_subnet_ids": {
      "value": [
        "subnet-04dcc31f77be0b42c",
        "subnet-03b31edca4c9bf3c9"
      ],
      "type": [
        "tuple",
        [
          "string",
          "string"
        ]
      ]
    },
    "public_subnet_ids": {
      "value": [
        "subnet-06a8fbff88fdfd9a6",
        "subnet-0d4668d97c29dd8f7"
      ],
      "type": [
        "tuple",
        [
          "string",
          "string"
        ]
      ]
    },
    "rag_service_endpoints": {
      "value": {
        "base_url": "http://rag-agent-poc-alb-1384421933.ap-southeast-2.elb.amazonaws.com",
        "health_url": "http://rag-agent-poc-alb-1384421933.ap-southeast-2.elb.amazonaws.com/health",
        "query_url": "http://rag-agent-poc-alb-1384421933.ap-southeast-2.elb.amazonaws.com/query",
        "upload_url": "http://rag-agent-poc-alb-1384421933.ap-southeast-2.elb.amazonaws.com/upload"
      },
      "type": [
        "object",
        {
          "base_url": "string",
          "health_url": "string",
          "query_url": "string",
          "upload_url": "string"
        }
      ]
    },
    "ui_bucket_name": {
      "value": "rag-agent-poc-ui-6fmgy40r",
      "type": "string"
    },
    "ui_bucket_website_endpoint": {
      "value": "rag-agent-poc-ui-6fmgy40r.s3-website-ap-southeast-2.amazonaws.com",
      "type": "string"
    },
    "uploads_bucket_name": {
      "value": "rag-agent-poc-uploads-6fmgy40r",
      "type": "string"
    },
    "vpc_id": {
      "value": "vpc-0aae4efa2dca9c1af",
      "type": "string"
    }
  },
  "resources": [
    {
      "mode": "data",
      "type": "aws_availability_zones",
      "name": "available",
      "provider": "provider[\"registry.terraform.io/hashicorp/aws\"]",
      "instances": [
        {
          "schema_version": 0,
          "attributes": {
            "all_availability_zones": null,
            "exclude_names": null,
            "exclude_zone_ids": null,
            "filter": null,
            "group_names": [
              "ap-southeast-2-zg-1"
            ],
            "id": "ap-southeast-2",
            "names": [
              "ap-southeast-2a",
              "ap-southeast-2b",
              "ap-southeast-2c"
            ],
            "state": "available",
            "timeouts": null,
            "zone_ids": [
              "apse2-az1",
              "apse2-az3",
              "apse2-az2"
            ]
          },
          "sensitive_attributes": [],
          "identity_schema_version": 0
        }
      ]
    },
    {
      "mode": "data",
      "type": "aws_caller_identity",
      "name": "current",
      "provider": "provider[\"registry.terraform.io/hashicorp/aws\"]",
      "instances": [
        {
          "schema_version": 0,
          "attributes": {
            "account_id": "864899848476",
            "arn": "arn:aws:sts::864899848476:assumed-role/AWSReservedSSO_AWSAdministratorAccess_1a96398ebfbc5f4f/Kiran.Menon@dbizsolution.com",
            "id": "864899848476",
            "user_id": "AROA4SYAMLEOKJVQBUVB3:Kiran.Menon@dbizsolution.com"
          },
          "sensitive_attributes": [],
          "identity_schema_version": 0
        }
      ]
    },
    {
      "mode": "managed",
      "type": "aws_eip",
      "name": "nat",
      "provider": "provider[\"registry.terraform.io/hashicorp/aws\"]",
      "instances": [
        {
          "index_key": 0,
          "schema_version": 0,
          "attributes": {
            "address": null,
            "allocation_id": "eipalloc-02bba7ff4d9bb2be8",
            "arn": "arn:aws:ec2:ap-southeast-2:864899848476:elastic-ip/eipalloc-02bba7ff4d9bb2be8",
            "associate_with_private_ip": null,
            "association_id": "eipassoc-023bf347f225a304a",
            "carrier_ip": "",
            "customer_owned_ip": "",
            "customer_owned_ipv4_pool": "",
            "domain": "vpc",
            "id": "eipalloc-02bba7ff4d9bb2be8",
            "instance": "",
            "ipam_pool_id": null,
            "network_border_group": "ap-southeast-2",
            "network_interface": "eni-0f669cc7b48df471d",
            "private_dns": "ip-10-0-1-252.ap-southeast-2.compute.internal",
            "private_ip": "10.0.1.252",
            "ptr_record": "",
            "public_dns": "ec2-16-176-214-121.ap-southeast-2.compute.amazonaws.com",
            "public_ip": "16.176.214.121",
            "public_ipv4_pool": "amazon",
            "tags": {
              "Environment": "poc",
              "Name": "rag-agent-poc-nat-eip-1",
              "Project": "rag-agent"
            },
            "tags_all": {
              "Environment": "poc",
              "Name": "rag-agent-poc-nat-eip-1",
              "Project": "rag-agent"
            },
            "timeouts": null,
            "vpc": true
          },
          "sensitive_attributes": [],
          "identity_schema_version": 0,
          "private": "eyJlMmJmYjczMC1lY2FhLTExZTYtOGY4OC0zNDM2M2JjN2M0YzAiOnsiZGVsZXRlIjoxODAwMDAwMDAwMDAsInJlYWQiOjkwMDAwMDAwMDAwMCwidXBkYXRlIjozMDAwMDAwMDAwMDB9fQ==",
          "dependencies": [
            "aws_internet_gateway.main",
            "aws_vpc.main"
          ]
        },
        {
          "index_key": 1,
          "schema_version": 0,
          "attributes": {
            "address": null,
            "allocation_id": "eipalloc-0895b8f053294b99a",
            "arn": "arn:aws:ec2:ap-southeast-2:864899848476:elastic-ip/eipalloc-0895b8f053294b99a",
            "associate_with_private_ip": null,
            "association_id": "eipassoc-06435f747604a7aa6",
            "carrier_ip": "",
            "customer_owned_ip": "",
            "customer_owned_ipv4_pool": "",
            "domain": "vpc",
            "id": "eipalloc-0895b8f053294b99a",
            "instance": "",
            "ipam_pool_id": null,
            "network_border_group": "ap-southeast-2",
            "network_interface": "eni-0d02aa01f25c80ac9",
            "private_dns": "ip-10-0-2-15.ap-southeast-2.compute.internal",
            "private_ip": "10.0.2.15",
            "ptr_record": "",
            "public_dns": "ec2-52-65-211-17.ap-southeast-2.compute.amazonaws.com",
            "public_ip": "52.65.211.17",
            "public_ipv4_pool": "amazon",
            "tags": {
              "Environment": "poc",
              "Name": "rag-agent-poc-nat-eip-2",
              "Project": "rag-agent"
            },
            "tags_all": {
              "Environment": "poc",
              "Name": "rag-agent-poc-nat-eip-2",
              "Project": "rag-agent"
            },
            "timeouts": null,
            "vpc": true
          },
          "sensitive_attributes": [],
          "identity_schema_version": 0,
          "private": "eyJlMmJmYjczMC1lY2FhLTExZTYtOGY4OC0zNDM2M2JjN2M0YzAiOnsiZGVsZXRlIjoxODAwMDAwMDAwMDAsInJlYWQiOjkwMDAwMDAwMDAwMCwidXBkYXRlIjozMDAwMDAwMDAwMDB9fQ==",
          "dependencies": [
            "aws_internet_gateway.main",
            "aws_vpc.main"
          ]
        }
      ]
    },
    {
      "mode": "managed",
      "type": "aws_iam_instance_profile",
      "name": "rag_agent",
      "provider": "provider[\"registry.terraform.io/hashicorp/aws\"]",
      "instances": [
        {
          "schema_version": 0,
          "attributes": {
            "arn": "arn:aws:iam::864899848476:instance-profile/rag-agent-poc-ec2-profile",
            "create_date": "2025-09-06T07:41:40Z",
            "id": "rag-agent-poc-ec2-profile",
            "name": "rag-agent-poc-ec2-profile",
            "name_prefix": "",
            "path": "/",
            "role": "rag-agent-poc-ec2-role",
            "tags": {},
            "tags_all": {},
            "unique_id": "AIPA4SYAMLEOFD5WACIKL"
          },
          "sensitive_attributes": [],
          "identity_schema_version": 0,
          "private": "bnVsbA==",
          "dependencies": [
            "aws_iam_role.ec2_rag_agent"
          ]
        }
      ]
    },
    {
      "mode": "managed",
      "type": "aws_iam_role",
      "name": "ec2_rag_agent",
      "provider": "provider[\"registry.terraform.io/hashicorp/aws\"]",
      "instances": [
        {
          "schema_version": 0,
          "attributes": {
            "arn": "arn:aws:iam::864899848476:role/rag-agent-poc-ec2-role",
            "assume_role_policy": "{\"Statement\":[{\"Action\":\"sts:AssumeRole\",\"Effect\":\"Allow\",\"Principal\":{\"Service\":\"ec2.amazonaws.com\"}}],\"Version\":\"2012-10-17\"}",
            "create_date": "2025-09-06T07:41:39Z",
            "description": "",
            "force_detach_policies": false,
            "id": "rag-agent-poc-ec2-role",
            "inline_policy": [
              {
                "name": "rag-agent-poc-ec2-policy",
                "policy": "{\"Version\":\"2012-10-17\",\"Statement\":[{\"Action\":[\"s3:GetObject\",\"s3:HeadObject\",\"s3:PutObject\",\"s3:ListBucket\"],\"Effect\":\"Allow\",\"Resource\":[\"arn:aws:s3:::rag-agent-poc-uploads-6fmgy40r\",\"arn:aws:s3:::rag-agent-poc-uploads-6fmgy40r/*\",\"arn:aws:s3:::rag-agent-poc-lambda-deployments-6fmgy40r\",\"arn:aws:s3:::rag-agent-poc-lambda-deployments-6fmgy40r/*\"]},{\"Action\":[\"bedrock:InvokeModel\"],\"Effect\":\"Allow\",\"Resource\":[\"arn:aws:bedrock:ap-southeast-2:*:foundation-model/amazon.titan-embed-text-v2\",\"arn:aws:bedrock:ap-southeast-2:*:foundation-model/anthropic.claude-3-sonnet-20240229-v1:0\"]},{\"Action\":[\"aoss:APIAccessAll\"],\"Effect\":\"Allow\",\"Resource\":[\"arn:aws:aoss:ap-southeast-2:864899848476:collection/1cmhw8b5ne7yse45g55m\"]}]}"
              }
            ],
            "managed_policy_arns": [],
            "max_session_duration": 3600,
            "name": "rag-agent-poc-ec2-role",
            "name_prefix": "",
            "path": "/",
            "permissions_boundary": "",
            "tags": {
              "Environment": "poc",
              "Project": "rag-agent"
            },
            "tags_all": {
              "Environment": "poc",
              "Project": "rag-agent"
            },
            "unique_id": "AROA4SYAMLEOBFPAMLKT6"
          },
          "sensitive_attributes": [],
          "identity_schema_version": 0,
          "private": "bnVsbA=="
        }
      ]
    },
    {
      "mode": "managed",
      "type": "aws_iam_role",
      "name": "ecs_execution",
      "provider": "provider[\"registry.terraform.io/hashicorp/aws\"]",
      "instances": [
        {
          "schema_version": 0,
          "attributes": {
            "arn": "arn:aws:iam::864899848476:role/rag-agent-poc-ecs-execution-role",
            "assume_role_policy": "{\"Statement\":[{\"Action\":\"sts:AssumeRole\",\"Effect\":\"Allow\",\"Principal\":{\"Service\":\"ecs-tasks.amazonaws.com\"}}],\"Version\":\"2012-10-17\"}",
            "create_date": "2025-09-06T06:05:50Z",
            "description": "",
            "force_detach_policies": false,
            "id": "rag-agent-poc-ecs-execution-role",
            "inline_policy": [],
            "managed_policy_arns": [
              "arn:aws:iam::aws:policy/service-role/AmazonECSTaskExecutionRolePolicy"
            ],
            "max_session_duration": 3600,
            "name": "rag-agent-poc-ecs-execution-role",
            "name_prefix": "",
            "path": "/",
            "permissions_boundary": "",
            "tags": {
              "Environment": "poc",
              "Project": "rag-agent"
            },
            "tags_all": {
              "Environment": "poc",
              "Project": "rag-agent"
            },
            "unique_id": "AROA4SYAMLEOAEO3T7DPR"
          },
          "sensitive_attributes": [],
          "identity_schema_version": 0,
          "private": "bnVsbA=="
        }
      ]
    },
    {
      "mode": "managed",
      "type": "aws_iam_role",
      "name": "ecs_task",
      "provider": "provider[\"registry.terraform.io/hashicorp/aws\"]",
      "instances": [
        {
          "schema_version": 0,
          "attributes": {
            "arn": "arn:aws:iam::864899848476:role/rag-agent-poc-ecs-task-role",
            "assume_role_policy": "{\"Statement\":[{\"Action\":\"sts:AssumeRole\",\"Effect\":\"Allow\",\"Principal\":{\"Service\":\"ecs-tasks.amazonaws.com\"}}],\"Version\":\"2012-10-17\"}",
            "create_date": "2025-09-06T06:05:50Z",
            "description": "",
            "force_detach_policies": false,
            "id": "rag-agent-poc-ecs-task-role",
            "inline_policy": [
              {
                "name": "rag-agent-poc-ecs-task-policy",
                "policy": "{\"Version\":\"2012-10-17\",\"Statement\":[{\"Action\":[\"s3:GetObject\"],\"Effect\":\"Allow\",\"Resource\":[\"arn:aws:s3:::rag-agent-poc-litellm-config-6fmgy40r/*\"]},{\"Action\":[\"bedrock:InvokeModel\",\"bedrock:InvokeModelWithResponseStream\"],\"Effect\":\"Allow\",\"Resource\":[\"arn:aws:bedrock:ap-southeast-2:*:foundation-model/anthropic.claude-3-sonnet-20240229-v1:0\"]}]}"
              }
            ],
            "managed_policy_arns": [],
            "max_session_duration": 3600,
            "name": "rag-agent-poc-ecs-task-role",
            "name_prefix": "",
            "path": "/",
            "permissions_boundary": "",
            "tags": {
              "Environment": "poc",
              "Project": "rag-agent"
            },
            "tags_all": {
              "Environment": "poc",
              "Project": "rag-agent"
            },
            "unique_id": "AROA4SYAMLEOJXUTYIFNT"
          },
          "sensitive_attributes": [],
          "identity_schema_version": 0,
          "private": "bnVsbA=="
        }
      ]
    },
    {
      "mode": "managed",
      "type": "aws_iam_role",
      "name": "lambda_ingest",
      "provider": "provider[\"registry.terraform.io/hashicorp/aws\"]",
      "instances": [
        {
          "schema_version": 0,
          "attributes": {
            "arn": "arn:aws:iam::864899848476:role/rag-agent-poc-lambda-ingest-role",
            "assume_role_policy": "{\"Statement\":[{\"Action\":\"sts:AssumeRole\",\"Effect\":\"Allow\",\"Principal\":{\"Service\":\"lambda.amazonaws.com\"}}],\"Version\":\"2012-10-17\"}",
            "create_date": "2025-09-06T06:05:50Z",
            "description": "",
            "force_detach_policies": false,
            "id": "rag-agent-poc-lambda-ingest-role",
            "inline_policy": [
              {
                "name": "rag-agent-poc-lambda-ingest-policy",
                "policy": "{\"Version\":\"2012-10-17\",\"Statement\":[{\"Action\":[\"s3:GetObject\",\"s3:HeadObject\"],\"Effect\":\"Allow\",\"Resource\":[\"arn:aws:s3:::rag-agent-poc-uploads-6fmgy40r/*\"]},{\"Action\":[\"bedrock:InvokeModel\"],\"Effect\":\"Allow\",\"Resource\":[\"arn:aws:bedrock:ap-southeast-2:*:foundation-model/amazon.titan-embed-text-v2\"]},{\"Action\":[\"aoss:APIAccessAll\"],\"Effect\":\"Allow\",\"Resource\":[\"arn:aws:aoss:ap-southeast-2:864899848476:collection/1cmhw8b5ne7yse45g55m\"]}]}"
              }
            ],
            "managed_policy_arns": [
              "arn:aws:iam::aws:policy/service-role/AWSLambdaBasicExecutionRole",
              "arn:aws:iam::aws:policy/service-role/AWSLambdaVPCAccessExecutionRole"
            ],
            "max_session_duration": 3600,
            "name": "rag-agent-poc-lambda-ingest-role",
            "name_prefix": "",
            "path": "/",
            "permissions_boundary": "",
            "tags": {
              "Environment": "poc",
              "Project": "rag-agent"
            },
            "tags_all": {
              "Environment": "poc",
              "Project": "rag-agent"
            },
            "unique_id": "AROA4SYAMLEOG6I6VUCMZ"
          },
          "sensitive_attributes": [],
          "identity_schema_version": 0,
          "private": "bnVsbA=="
        }
      ]
    },
    {
      "mode": "managed",
      "type": "aws_iam_role",
      "name": "lambda_query",
      "provider": "provider[\"registry.terraform.io/hashicorp/aws\"]",
      "instances": [
        {
          "schema_version": 0,
          "attributes": {
            "arn": "arn:aws:iam::864899848476:role/rag-agent-poc-lambda-query-role",
            "assume_role_policy": "{\"Statement\":[{\"Action\":\"sts:AssumeRole\",\"Effect\":\"Allow\",\"Principal\":{\"Service\":\"lambda.amazonaws.com\"}}],\"Version\":\"2012-10-17\"}",
            "create_date": "2025-09-06T06:05:50Z",
            "description": "",
            "force_detach_policies": false,
            "id": "rag-agent-poc-lambda-query-role",
            "inline_policy": [
              {
                "name": "rag-agent-poc-lambda-query-policy",
                "policy": "{\"Version\":\"2012-10-17\",\"Statement\":[{\"Action\":[\"bedrock:InvokeModel\"],\"Effect\":\"Allow\",\"Resource\":[\"arn:aws:bedrock:ap-southeast-2:*:foundation-model/amazon.titan-embed-text-v2\"]},{\"Action\":[\"aoss:APIAccessAll\"],\"Effect\":\"Allow\",\"Resource\":[\"arn:aws:aoss:ap-southeast-2:864899848476:collection/1cmhw8b5ne7yse45g55m\"]}]}"
              }
            ],
            "managed_policy_arns": [
              "arn:aws:iam::aws:policy/service-role/AWSLambdaBasicExecutionRole",
              "arn:aws:iam::aws:policy/service-role/AWSLambdaVPCAccessExecutionRole"
            ],
            "max_session_duration": 3600,
            "name": "rag-agent-poc-lambda-query-role",
            "name_prefix": "",
            "path": "/",
            "permissions_boundary": "",
            "tags": {
              "Environment": "poc",
              "Project": "rag-agent"
            },
            "tags_all": {
              "Environment": "poc",
              "Project": "rag-agent"
            },
            "unique_id": "AROA4SYAMLEODIXQPVLQE"
          },
          "sensitive_attributes": [],
          "identity_schema_version": 0,
          "private": "bnVsbA=="
        }
      ]
    },
    {
      "mode": "managed",
      "type": "aws_iam_role",
      "name": "lambda_upload",
      "provider": "provider[\"registry.terraform.io/hashicorp/aws\"]",
      "instances": [
        {
          "schema_version": 0,
          "attributes": {
            "arn": "arn:aws:iam::864899848476:role/rag-agent-poc-lambda-upload-role",
            "assume_role_policy": "{\"Statement\":[{\"Action\":\"sts:AssumeRole\",\"Effect\":\"Allow\",\"Principal\":{\"Service\":\"lambda.amazonaws.com\"}}],\"Version\":\"2012-10-17\"}",
            "create_date": "2025-09-06T06:05:50Z",
            "description": "",
            "force_detach_policies": false,
            "id": "rag-agent-poc-lambda-upload-role",
            "inline_policy": [
              {
                "name": "rag-agent-poc-lambda-upload-s3-policy",
                "policy": "{\"Version\":\"2012-10-17\",\"Statement\":[{\"Action\":[\"s3:CreateMultipartUpload\",\"s3:CompleteMultipartUpload\",\"s3:AbortMultipartUpload\",\"s3:ListMultipartUploadParts\",\"s3:GetObjectAttributes\"],\"Effect\":\"Allow\",\"Resource\":[\"arn:aws:s3:::rag-agent-poc-uploads-6fmgy40r\",\"arn:aws:s3:::rag-agent-poc-uploads-6fmgy40r/*\"]}]}"
              }
            ],
            "managed_policy_arns": [
              "arn:aws:iam::aws:policy/service-role/AWSLambdaBasicExecutionRole",
              "arn:aws:iam::aws:policy/service-role/AWSLambdaVPCAccessExecutionRole"
            ],
            "max_session_duration": 3600,
            "name": "rag-agent-poc-lambda-upload-role",
            "name_prefix": "",
            "path": "/",
            "permissions_boundary": "",
            "tags": {
              "Environment": "poc",
              "Project": "rag-agent"
            },
            "tags_all": {
              "Environment": "poc",
              "Project": "rag-agent"
            },
            "unique_id": "AROA4SYAMLEOHHI2567LG"
          },
          "sensitive_attributes": [],
          "identity_schema_version": 0,
          "private": "bnVsbA=="
        }
      ]
    },
    {
      "mode": "managed",
      "type": "aws_iam_role",
      "name": "rag_service_task",
      "provider": "provider[\"registry.terraform.io/hashicorp/aws\"]",
      "instances": [
        {
          "schema_version": 0,
          "attributes": {
            "arn": "arn:aws:iam::864899848476:role/rag-agent-poc-rag-service-task-role",
            "assume_role_policy": "{\"Statement\":[{\"Action\":\"sts:AssumeRole\",\"Effect\":\"Allow\",\"Principal\":{\"Service\":\"ecs-tasks.amazonaws.com\"}}],\"Version\":\"2012-10-17\"}",
            "create_date": "2025-09-06T07:04:24Z",
            "description": "",
            "force_detach_policies": false,
            "id": "rag-agent-poc-rag-service-task-role",
            "inline_policy": [
              {
                "name": "rag-agent-poc-rag-service-task-policy",
                "policy": "{\"Version\":\"2012-10-17\",\"Statement\":[{\"Action\":[\"s3:GetObject\",\"s3:HeadObject\",\"s3:PutObject\",\"s3:ListBucket\"],\"Effect\":\"Allow\",\"Resource\":[\"arn:aws:s3:::rag-agent-poc-uploads-6fmgy40r\",\"arn:aws:s3:::rag-agent-poc-uploads-6fmgy40r/*\"]},{\"Action\":[\"bedrock:InvokeModel\"],\"Effect\":\"Allow\",\"Resource\":[\"arn:aws:bedrock:ap-southeast-2:*:foundation-model/amazon.titan-embed-text-v2\"]},{\"Action\":[\"aoss:APIAccessAll\"],\"Effect\":\"Allow\",\"Resource\":[\"arn:aws:aoss:ap-southeast-2:864899848476:collection/1cmhw8b5ne7yse45g55m\"]}]}"
              }
            ],
            "managed_policy_arns": [],
            "max_session_duration": 3600,
            "name": "rag-agent-poc-rag-service-task-role",
            "name_prefix": "",
            "path": "/",
            "permissions_boundary": "",
            "tags": {
              "Environment": "poc",
              "Project": "rag-agent"
            },
            "tags_all": {
              "Environment": "poc",
              "Project": "rag-agent"
            },
            "unique_id": "AROA4SYAMLEOJISIMEE6I"
          },
          "sensitive_attributes": [],
          "identity_schema_version": 0,
          "private": "bnVsbA=="
        }
      ]
    },
    {
      "mode": "managed",
      "type": "aws_iam_role_policy",
      "name": "ec2_rag_agent_permissions",
      "provider": "provider[\"registry.terraform.io/hashicorp/aws\"]",
      "instances": [
        {
          "schema_version": 0,
          "attributes": {
            "id": "rag-agent-poc-ec2-role:rag-agent-poc-ec2-policy",
            "name": "rag-agent-poc-ec2-policy",
            "name_prefix": "",
            "policy": "{\"Version\":\"2012-10-17\",\"Statement\":[{\"Action\":[\"s3:GetObject\",\"s3:HeadObject\",\"s3:PutObject\",\"s3:ListBucket\"],\"Effect\":\"Allow\",\"Resource\":[\"arn:aws:s3:::rag-agent-poc-uploads-6fmgy40r\",\"arn:aws:s3:::rag-agent-poc-uploads-6fmgy40r/*\",\"arn:aws:s3:::rag-agent-poc-lambda-deployments-6fmgy40r\",\"arn:aws:s3:::rag-agent-poc-lambda-deployments-6fmgy40r/*\"]},{\"Action\":[\"bedrock:InvokeModel\"],\"Effect\":\"Allow\",\"Resource\":[\"arn:aws:bedrock:ap-southeast-2:*:foundation-model/amazon.titan-embed-text-v2\",\"arn:aws:bedrock:ap-southeast-2:*:foundation-model/anthropic.claude-3-sonnet-20240229-v1:0\"]},{\"Action\":[\"aoss:APIAccessAll\"],\"Effect\":\"Allow\",\"Resource\":[\"arn:aws:aoss:ap-southeast-2:864899848476:collection/1cmhw8b5ne7yse45g55m\"]}]}",
            "role": "rag-agent-poc-ec2-role"
          },
          "sensitive_attributes": [],
          "identity_schema_version": 0,
          "private": "bnVsbA==",
          "dependencies": [
            "aws_iam_role.ec2_rag_agent",
            "aws_iam_role.lambda_ingest",
            "aws_iam_role.lambda_query",
            "aws_opensearchserverless_access_policy.data",
            "aws_opensearchserverless_collection.documents",
            "aws_opensearchserverless_security_policy.encryption",
            "aws_opensearchserverless_security_policy.network",
            "aws_s3_bucket.lambda_deployments",
            "aws_s3_bucket.uploads",
            "data.aws_caller_identity.current",
            "random_string.bucket_suffix"
          ]
        }
      ]
    },
    {
      "mode": "managed",
      "type": "aws_iam_role_policy",
      "name": "ecs_task_permissions",
      "provider": "provider[\"registry.terraform.io/hashicorp/aws\"]",
      "instances": [
        {
          "schema_version": 0,
          "attributes": {
            "id": "rag-agent-poc-ecs-task-role:rag-agent-poc-ecs-task-policy",
            "name": "rag-agent-poc-ecs-task-policy",
            "name_prefix": "",
            "policy": "{\"Version\":\"2012-10-17\",\"Statement\":[{\"Action\":[\"s3:GetObject\"],\"Effect\":\"Allow\",\"Resource\":[\"arn:aws:s3:::rag-agent-poc-litellm-config-6fmgy40r/*\"]},{\"Action\":[\"bedrock:InvokeModel\",\"bedrock:InvokeModelWithResponseStream\"],\"Effect\":\"Allow\",\"Resource\":[\"arn:aws:bedrock:ap-southeast-2:*:foundation-model/anthropic.claude-3-sonnet-20240229-v1:0\"]}]}",
            "role": "rag-agent-poc-ecs-task-role"
          },
          "sensitive_attributes": [],
          "identity_schema_version": 0,
          "private": "bnVsbA==",
          "dependencies": [
            "aws_iam_role.ecs_task",
            "aws_s3_bucket.litellm_config",
            "random_string.bucket_suffix"
          ]
        }
      ]
    },
    {
      "mode": "managed",
      "type": "aws_iam_role_policy",
      "name": "lambda_ingest_permissions",
      "provider": "provider[\"registry.terraform.io/hashicorp/aws\"]",
      "instances": [
        {
          "schema_version": 0,
          "attributes": {
            "id": "rag-agent-poc-lambda-ingest-role:rag-agent-poc-lambda-ingest-policy",
            "name": "rag-agent-poc-lambda-ingest-policy",
            "name_prefix": "",
            "policy": "{\"Version\":\"2012-10-17\",\"Statement\":[{\"Action\":[\"s3:GetObject\",\"s3:HeadObject\"],\"Effect\":\"Allow\",\"Resource\":[\"arn:aws:s3:::rag-agent-poc-uploads-6fmgy40r/*\"]},{\"Action\":[\"bedrock:InvokeModel\"],\"Effect\":\"Allow\",\"Resource\":[\"arn:aws:bedrock:ap-southeast-2:*:foundation-model/amazon.titan-embed-text-v2\"]},{\"Action\":[\"aoss:APIAccessAll\"],\"Effect\":\"Allow\",\"Resource\":[\"arn:aws:aoss:ap-southeast-2:864899848476:collection/1cmhw8b5ne7yse45g55m\"]}]}",
            "role": "rag-agent-poc-lambda-ingest-role"
          },
          "sensitive_attributes": [],
          "identity_schema_version": 0,
          "private": "bnVsbA==",
          "dependencies": [
            "aws_iam_role.lambda_ingest",
            "aws_iam_role.lambda_query",
            "aws_opensearchserverless_access_policy.data",
            "aws_opensearchserverless_collection.documents",
            "aws_opensearchserverless_security_policy.encryption",
            "aws_opensearchserverless_security_policy.network",
            "aws_s3_bucket.uploads",
            "data.aws_caller_identity.current",
            "random_string.bucket_suffix"
          ]
        }
      ]
    },
    {
      "mode": "managed",
      "type": "aws_iam_role_policy",
      "name": "lambda_query_permissions",
      "provider": "provider[\"registry.terraform.io/hashicorp/aws\"]",
      "instances": [
        {
          "schema_version": 0,
          "attributes": {
            "id": "rag-agent-poc-lambda-query-role:rag-agent-poc-lambda-query-policy",
            "name": "rag-agent-poc-lambda-query-policy",
            "name_prefix": "",
            "policy": "{\"Version\":\"2012-10-17\",\"Statement\":[{\"Action\":[\"bedrock:InvokeModel\"],\"Effect\":\"Allow\",\"Resource\":[\"arn:aws:bedrock:ap-southeast-2:*:foundation-model/amazon.titan-embed-text-v2\"]},{\"Action\":[\"aoss:APIAccessAll\"],\"Effect\":\"Allow\",\"Resource\":[\"arn:aws:aoss:ap-southeast-2:864899848476:collection/1cmhw8b5ne7yse45g55m\"]}]}",
            "role": "rag-agent-poc-lambda-query-role"
          },
          "sensitive_attributes": [],
          "identity_schema_version": 0,
          "private": "bnVsbA==",
          "dependencies": [
            "aws_iam_role.lambda_ingest",
            "aws_iam_role.lambda_query",
            "aws_opensearchserverless_access_policy.data",
            "aws_opensearchserverless_collection.documents",
            "aws_opensearchserverless_security_policy.encryption",
            "aws_opensearchserverless_security_policy.network",
            "data.aws_caller_identity.current"
          ]
        }
      ]
    },
    {
      "mode": "managed",
      "type": "aws_iam_role_policy",
      "name": "lambda_upload_s3",
      "provider": "provider[\"registry.terraform.io/hashicorp/aws\"]",
      "instances": [
        {
          "schema_version": 0,
          "attributes": {
            "id": "rag-agent-poc-lambda-upload-role:rag-agent-poc-lambda-upload-s3-policy",
            "name": "rag-agent-poc-lambda-upload-s3-policy",
            "name_prefix": "",
            "policy": "{\"Version\":\"2012-10-17\",\"Statement\":[{\"Action\":[\"s3:CreateMultipartUpload\",\"s3:CompleteMultipartUpload\",\"s3:AbortMultipartUpload\",\"s3:ListMultipartUploadParts\",\"s3:GetObjectAttributes\"],\"Effect\":\"Allow\",\"Resource\":[\"arn:aws:s3:::rag-agent-poc-uploads-6fmgy40r\",\"arn:aws:s3:::rag-agent-poc-uploads-6fmgy40r/*\"]}]}",
            "role": "rag-agent-poc-lambda-upload-role"
          },
          "sensitive_attributes": [],
          "identity_schema_version": 0,
          "private": "bnVsbA==",
          "dependencies": [
            "aws_iam_role.lambda_upload",
            "aws_s3_bucket.uploads",
            "random_string.bucket_suffix"
          ]
        }
      ]
    },
    {
      "mode": "managed",
      "type": "aws_iam_role_policy",
      "name": "rag_service_task_permissions",
      "provider": "provider[\"registry.terraform.io/hashicorp/aws\"]",
      "instances": [
        {
          "schema_version": 0,
          "attributes": {
            "id": "rag-agent-poc-rag-service-task-role:rag-agent-poc-rag-service-task-policy",
            "name": "rag-agent-poc-rag-service-task-policy",
            "name_prefix": "",
            "policy": "{\"Version\":\"2012-10-17\",\"Statement\":[{\"Action\":[\"s3:GetObject\",\"s3:HeadObject\",\"s3:PutObject\",\"s3:ListBucket\"],\"Effect\":\"Allow\",\"Resource\":[\"arn:aws:s3:::rag-agent-poc-uploads-6fmgy40r\",\"arn:aws:s3:::rag-agent-poc-uploads-6fmgy40r/*\"]},{\"Action\":[\"bedrock:InvokeModel\"],\"Effect\":\"Allow\",\"Resource\":[\"arn:aws:bedrock:ap-southeast-2:*:foundation-model/amazon.titan-embed-text-v2\"]},{\"Action\":[\"aoss:APIAccessAll\"],\"Effect\":\"Allow\",\"Resource\":[\"arn:aws:aoss:ap-southeast-2:864899848476:collection/1cmhw8b5ne7yse45g55m\"]}]}",
            "role": "rag-agent-poc-rag-service-task-role"
          },
          "sensitive_attributes": [],
          "identity_schema_version": 0,
          "private": "bnVsbA==",
          "dependencies": [
            "aws_iam_role.lambda_ingest",
            "aws_iam_role.lambda_query",
            "aws_iam_role.rag_service_task",
            "aws_opensearchserverless_access_policy.data",
            "aws_opensearchserverless_collection.documents",
            "aws_opensearchserverless_security_policy.encryption",
            "aws_opensearchserverless_security_policy.network",
            "aws_s3_bucket.uploads",
            "data.aws_caller_identity.current",
            "random_string.bucket_suffix"
          ]
        }
      ]
    },
    {
      "mode": "managed",
      "type": "aws_iam_role_policy_attachment",
      "name": "ecs_execution_role_policy",
      "provider": "provider[\"registry.terraform.io/hashicorp/aws\"]",
      "instances": [
        {
          "schema_version": 0,
          "attributes": {
            "id": "rag-agent-poc-ecs-execution-role-2025090606055266790000000b",
            "policy_arn": "arn:aws:iam::aws:policy/service-role/AmazonECSTaskExecutionRolePolicy",
            "role": "rag-agent-poc-ecs-execution-role"
          },
          "sensitive_attributes": [],
          "identity_schema_version": 0,
          "private": "bnVsbA==",
          "dependencies": [
            "aws_iam_role.ecs_execution"
          ]
        }
      ]
    },
    {
      "mode": "managed",
      "type": "aws_iam_role_policy_attachment",
      "name": "lambda_basic_execution",
      "provider": "provider[\"registry.terraform.io/hashicorp/aws\"]",
      "instances": [
        {
          "index_key": "ingest",
          "schema_version": 0,
          "attributes": {
            "id": "rag-agent-poc-lambda-ingest-role-20250906060552042300000005",
            "policy_arn": "arn:aws:iam::aws:policy/service-role/AWSLambdaBasicExecutionRole",
            "role": "rag-agent-poc-lambda-ingest-role"
          },
          "sensitive_attributes": [],
          "identity_schema_version": 0,
          "private": "bnVsbA==",
          "dependencies": [
            "aws_iam_role.lambda_ingest",
            "aws_iam_role.lambda_query",
            "aws_iam_role.lambda_upload"
          ]
        },
        {
          "index_key": "query",
          "schema_version": 0,
          "attributes": {
            "id": "rag-agent-poc-lambda-query-role-20250906060552067300000006",
            "policy_arn": "arn:aws:iam::aws:policy/service-role/AWSLambdaBasicExecutionRole",
            "role": "rag-agent-poc-lambda-query-role"
          },
          "sensitive_attributes": [],
          "identity_schema_version": 0,
          "private": "bnVsbA==",
          "dependencies": [
            "aws_iam_role.lambda_ingest",
            "aws_iam_role.lambda_query",
            "aws_iam_role.lambda_upload"
          ]
        },
        {
          "index_key": "upload",
          "schema_version": 0,
          "attributes": {
            "id": "rag-agent-poc-lambda-upload-role-20250906060551964100000004",
            "policy_arn": "arn:aws:iam::aws:policy/service-role/AWSLambdaBasicExecutionRole",
            "role": "rag-agent-poc-lambda-upload-role"
          },
          "sensitive_attributes": [],
          "identity_schema_version": 0,
          "private": "bnVsbA==",
          "dependencies": [
            "aws_iam_role.lambda_ingest",
            "aws_iam_role.lambda_query",
            "aws_iam_role.lambda_upload"
          ]
        }
      ]
    },
    {
      "mode": "managed",
      "type": "aws_iam_role_policy_attachment",
      "name": "lambda_vpc_execution",
      "provider": "provider[\"registry.terraform.io/hashicorp/aws\"]",
      "instances": [
        {
          "index_key": "ingest",
          "schema_version": 0,
          "attributes": {
            "id": "rag-agent-poc-lambda-ingest-role-20250906060552300000000009",
            "policy_arn": "arn:aws:iam::aws:policy/service-role/AWSLambdaVPCAccessExecutionRole",
            "role": "rag-agent-poc-lambda-ingest-role"
          },
          "sensitive_attributes": [],
          "identity_schema_version": 0,
          "private": "bnVsbA==",
          "dependencies": [
            "aws_iam_role.lambda_ingest",
            "aws_iam_role.lambda_query",
            "aws_iam_role.lambda_upload"
          ]
        },
        {
          "index_key": "query",
          "schema_version": 0,
          "attributes": {
            "id": "rag-agent-poc-lambda-query-role-20250906060552068900000007",
            "policy_arn": "arn:aws:iam::aws:policy/service-role/AWSLambdaVPCAccessExecutionRole",
            "role": "rag-agent-poc-lambda-query-role"
          },
          "sensitive_attributes": [],
          "identity_schema_version": 0,
          "private": "bnVsbA==",
          "dependencies": [
            "aws_iam_role.lambda_ingest",
            "aws_iam_role.lambda_query",
            "aws_iam_role.lambda_upload"
          ]
        },
        {
          "index_key": "upload",
          "schema_version": 0,
          "attributes": {
            "id": "rag-agent-poc-lambda-upload-role-20250906060552235600000008",
            "policy_arn": "arn:aws:iam::aws:policy/service-role/AWSLambdaVPCAccessExecutionRole",
            "role": "rag-agent-poc-lambda-upload-role"
          },
          "sensitive_attributes": [],
          "identity_schema_version": 0,
          "private": "bnVsbA==",
          "dependencies": [
            "aws_iam_role.lambda_ingest",
            "aws_iam_role.lambda_query",
            "aws_iam_role.lambda_upload"
          ]
        }
      ]
    },
    {
      "mode": "managed",
      "type": "aws_instance",
      "name": "rag_agent",
      "provider": "provider[\"registry.terraform.io/hashicorp/aws\"]",
      "instances": [
        {
          "schema_version": 1,
          "attributes": {
            "ami": "ami-056729a8869a8ab24",
            "arn": "arn:aws:ec2:ap-southeast-2:864899848476:instance/i-00f8b802a81b28a44",
            "associate_public_ip_address": false,
            "availability_zone": "ap-southeast-2a",
            "capacity_reservation_specification": [
              {
                "capacity_reservation_preference": "open",
                "capacity_reservation_target": []
              }
            ],
            "cpu_core_count": 1,
            "cpu_options": [
              {
                "amd_sev_snp": "",
                "core_count": 1,
                "threads_per_core": 2
              }
            ],
            "cpu_threads_per_core": 2,
            "credit_specification": [
              {
                "cpu_credits": "unlimited"
              }
            ],
            "disable_api_stop": false,
            "disable_api_termination": false,
            "ebs_block_device": [],
            "ebs_optimized": false,
            "enable_primary_ipv6": null,
            "enclave_options": [
              {
                "enabled": false
              }
            ],
            "ephemeral_block_device": [],
            "get_password_data": false,
            "hibernation": false,
            "host_id": "",
            "host_resource_group_arn": null,
            "iam_instance_profile": "rag-agent-poc-ec2-profile",
            "id": "i-00f8b802a81b28a44",
            "instance_initiated_shutdown_behavior": "stop",
            "instance_lifecycle": "",
            "instance_market_options": [],
            "instance_state": "running",
            "instance_type": "t3.medium",
            "ipv6_address_count": 0,
            "ipv6_addresses": [],
            "key_name": "",
            "launch_template": [],
            "maintenance_options": [
              {
                "auto_recovery": "default"
              }
            ],
            "metadata_options": [
              {
                "http_endpoint": "enabled",
                "http_protocol_ipv6": "disabled",
                "http_put_response_hop_limit": 1,
                "http_tokens": "optional",
                "instance_metadata_tags": "disabled"
              }
            ],
            "monitoring": false,
            "network_interface": [],
            "outpost_arn": "",
            "password_data": "",
            "placement_group": "",
            "placement_partition_number": 0,
            "primary_network_interface_id": "eni-07cb188cdee10085f",
            "private_dns": "ip-10-0-10-198.ap-southeast-2.compute.internal",
            "private_dns_name_options": [
              {
                "enable_resource_name_dns_a_record": false,
                "enable_resource_name_dns_aaaa_record": false,
                "hostname_type": "ip-name"
              }
            ],
            "private_ip": "10.0.10.198",
            "public_dns": "",
            "public_ip": "",
            "root_block_device": [
              {
                "delete_on_termination": true,
                "device_name": "/dev/xvda",
                "encrypted": false,
                "iops": 100,
                "kms_key_id": "",
                "tags": {},
                "tags_all": {},
                "throughput": 0,
                "volume_id": "vol-0fe052c52b18047e0",
                "volume_size": 8,
                "volume_type": "gp2"
              }
            ],
            "secondary_private_ips": [],
            "security_groups": [],
            "source_dest_check": true,
            "spot_instance_request_id": "",
            "subnet_id": "subnet-04dcc31f77be0b42c",
            "tags": {
              "Environment": "poc",
              "Name": "rag-agent-poc-rag-agent",
              "Project": "rag-agent"
            },
            "tags_all": {
              "Environment": "poc",
              "Name": "rag-agent-poc-rag-agent",
              "Project": "rag-agent"
            },
            "tenancy": "default",
            "timeouts": null,
            "user_data": "4674169e7f4340738edae7fe5fa2f0aa14e3e2e9",
            "user_data_base64": null,
            "user_data_replace_on_change": false,
            "volume_tags": null,
            "vpc_security_group_ids": [
              "sg-04cb3fb826f2af164"
            ]
          },
          "sensitive_attributes": [],
          "identity_schema_version": 0,
          "private": "eyJlMmJmYjczMC1lY2FhLTExZTYtOGY4OC0zNDM2M2JjN2M0YzAiOnsiY3JlYXRlIjo2MDAwMDAwMDAwMDAsImRlbGV0ZSI6MTIwMDAwMDAwMDAwMCwicmVhZCI6OTAwMDAwMDAwMDAwLCJ1cGRhdGUiOjYwMDAwMDAwMDAwMH0sInNjaGVtYV92ZXJzaW9uIjoiMSJ9",
          "dependencies": [
            "aws_iam_instance_profile.rag_agent",
            "aws_iam_role.ec2_rag_agent",
            "aws_iam_role.lambda_ingest",
            "aws_iam_role.lambda_query",
            "aws_opensearchserverless_access_policy.data",
            "aws_opensearchserverless_collection.documents",
            "aws_opensearchserverless_security_policy.encryption",
            "aws_opensearchserverless_security_policy.network",
            "aws_s3_bucket.lambda_deployments",
            "aws_s3_bucket.uploads",
            "aws_s3_object.rag_jar",
            "aws_security_group.alb",
            "aws_security_group.rag_agent_ec2",
            "aws_subnet.private",
            "aws_vpc.main",
            "data.aws_availability_zones.available",
            "data.aws_caller_identity.current",
            "null_resource.maven_build",
            "random_string.bucket_suffix"
          ]
        }
      ]
    },
    {
      "mode": "managed",
      "type": "aws_internet_gateway",
      "name": "main",
      "provider": "provider[\"registry.terraform.io/hashicorp/aws\"]",
      "instances": [
        {
          "schema_version": 0,
          "attributes": {
            "arn": "arn:aws:ec2:ap-southeast-2:864899848476:internet-gateway/igw-0fc99b61125e26eb1",
            "id": "igw-0fc99b61125e26eb1",
            "owner_id": "864899848476",
            "tags": {
              "Environment": "poc",
              "Name": "rag-agent-poc-igw",
              "Project": "rag-agent"
            },
            "tags_all": {
              "Environment": "poc",
              "Name": "rag-agent-poc-igw",
              "Project": "rag-agent"
            },
            "timeouts": null,
            "vpc_id": "vpc-0aae4efa2dca9c1af"
          },
          "sensitive_attributes": [],
          "identity_schema_version": 0,
          "private": "eyJlMmJmYjczMC1lY2FhLTExZTYtOGY4OC0zNDM2M2JjN2M0YzAiOnsiY3JlYXRlIjoxMjAwMDAwMDAwMDAwLCJkZWxldGUiOjEyMDAwMDAwMDAwMDAsInVwZGF0ZSI6MTIwMDAwMDAwMDAwMH19",
          "dependencies": [
            "aws_vpc.main"
          ]
        }
      ]
    },
    {
      "mode": "managed",
      "type": "aws_lb",
      "name": "main",
      "provider": "provider[\"registry.terraform.io/hashicorp/aws\"]",
      "instances": [
        {
          "schema_version": 0,
          "attributes": {
            "access_logs": [
              {
                "bucket": "",
                "enabled": false,
                "prefix": ""
              }
            ],
            "arn": "arn:aws:elasticloadbalancing:ap-southeast-2:864899848476:loadbalancer/app/rag-agent-poc-alb/44b52cf30b9771e3",
            "arn_suffix": "app/rag-agent-poc-alb/44b52cf30b9771e3",
            "client_keep_alive": 3600,
            "connection_logs": [
              {
                "bucket": "",
                "enabled": false,
                "prefix": ""
              }
            ],
            "customer_owned_ipv4_pool": "",
            "desync_mitigation_mode": "defensive",
            "dns_name": "rag-agent-poc-alb-1384421933.ap-southeast-2.elb.amazonaws.com",
            "dns_record_client_routing_policy": null,
            "drop_invalid_header_fields": false,
            "enable_cross_zone_load_balancing": true,
            "enable_deletion_protection": false,
            "enable_http2": true,
            "enable_tls_version_and_cipher_suite_headers": false,
            "enable_waf_fail_open": false,
            "enable_xff_client_port": false,
            "enable_zonal_shift": false,
            "enforce_security_group_inbound_rules_on_private_link_traffic": "",
            "id": "arn:aws:elasticloadbalancing:ap-southeast-2:864899848476:loadbalancer/app/rag-agent-poc-alb/44b52cf30b9771e3",
            "idle_timeout": 60,
            "internal": false,
            "ip_address_type": "ipv4",
            "ipam_pools": [],
            "load_balancer_type": "application",
            "minimum_load_balancer_capacity": [],
            "name": "rag-agent-poc-alb",
            "name_prefix": "",
            "preserve_host_header": false,
            "security_groups": [
              "sg-0d802e720b9ffb228"
            ],
            "subnet_mapping": [
              {
                "allocation_id": "",
                "ipv6_address": "",
                "outpost_id": "",
                "private_ipv4_address": "",
                "subnet_id": "subnet-06a8fbff88fdfd9a6"
              },
              {
                "allocation_id": "",
                "ipv6_address": "",
                "outpost_id": "",
                "private_ipv4_address": "",
                "subnet_id": "subnet-0d4668d97c29dd8f7"
              }
            ],
            "subnets": [
              "subnet-06a8fbff88fdfd9a6",
              "subnet-0d4668d97c29dd8f7"
            ],
            "tags": {
              "Environment": "poc",
              "Project": "rag-agent"
            },
            "tags_all": {
              "Environment": "poc",
              "Project": "rag-agent"
            },
            "timeouts": null,
            "vpc_id": "vpc-0aae4efa2dca9c1af",
            "xff_header_processing_mode": "append",
            "zone_id": "Z1GM3OXH4ZPM65"
          },
          "sensitive_attributes": [],
          "identity_schema_version": 0,
          "private": "eyJlMmJmYjczMC1lY2FhLTExZTYtOGY4OC0zNDM2M2JjN2M0YzAiOnsiY3JlYXRlIjo2MDAwMDAwMDAwMDAsImRlbGV0ZSI6NjAwMDAwMDAwMDAwLCJ1cGRhdGUiOjYwMDAwMDAwMDAwMH19",
          "dependencies": [
            "aws_security_group.alb",
            "aws_subnet.public",
            "aws_vpc.main",
            "data.aws_availability_zones.available"
          ]
        }
      ]
    },
    {
      "mode": "managed",
      "type": "aws_lb_listener",
      "name": "main",
      "provider": "provider[\"registry.terraform.io/hashicorp/aws\"]",
      "instances": [
        {
          "schema_version": 0,
          "attributes": {
            "alpn_policy": null,
            "arn": "arn:aws:elasticloadbalancing:ap-southeast-2:864899848476:listener/app/rag-agent-poc-alb/44b52cf30b9771e3/a6ca89806a801079",
            "certificate_arn": null,
            "default_action": [
              {
                "authenticate_cognito": [],
                "authenticate_oidc": [],
                "fixed_response": [],
                "forward": [],
                "order": 1,
                "redirect": [],
                "target_group_arn": "arn:aws:elasticloadbalancing:ap-southeast-2:864899848476:targetgroup/rag-agent-poc-ec2-tg/2d5eb328267c9ef9",
                "type": "forward"
              }
            ],
            "id": "arn:aws:elasticloadbalancing:ap-southeast-2:864899848476:listener/app/rag-agent-poc-alb/44b52cf30b9771e3/a6ca89806a801079",
            "load_balancer_arn": "arn:aws:elasticloadbalancing:ap-southeast-2:864899848476:loadbalancer/app/rag-agent-poc-alb/44b52cf30b9771e3",
            "mutual_authentication": [],
            "port": 80,
            "protocol": "HTTP",
            "routing_http_request_x_amzn_mtls_clientcert_header_name": null,
            "routing_http_request_x_amzn_mtls_clientcert_issuer_header_name": null,
            "routing_http_request_x_amzn_mtls_clientcert_leaf_header_name": null,
            "routing_http_request_x_amzn_mtls_clientcert_serial_number_header_name": null,
            "routing_http_request_x_amzn_mtls_clientcert_subject_header_name": null,
            "routing_http_request_x_amzn_mtls_clientcert_validity_header_name": null,
            "routing_http_request_x_amzn_tls_cipher_suite_header_name": null,
            "routing_http_request_x_amzn_tls_version_header_name": null,
            "routing_http_response_access_control_allow_credentials_header_value": "",
            "routing_http_response_access_control_allow_headers_header_value": "",
            "routing_http_response_access_control_allow_methods_header_value": "",
            "routing_http_response_access_control_allow_origin_header_value": "",
            "routing_http_response_access_control_expose_headers_header_value": "",
            "routing_http_response_access_control_max_age_header_value": "",
            "routing_http_response_content_security_policy_header_value": "",
            "routing_http_response_server_enabled": true,
            "routing_http_response_strict_transport_security_header_value": "",
            "routing_http_response_x_content_type_options_header_value": "",
            "routing_http_response_x_frame_options_header_value": "",
            "ssl_policy": "",
            "tags": {
              "Environment": "poc",
              "Project": "rag-agent"
            },
            "tags_all": {
              "Environment": "poc",
              "Project": "rag-agent"
            },
            "tcp_idle_timeout_seconds": null,
            "timeouts": null
          },
          "sensitive_attributes": [],
          "identity_schema_version": 0,
          "private": "eyJlMmJmYjczMC1lY2FhLTExZTYtOGY4OC0zNDM2M2JjN2M0YzAiOnsiY3JlYXRlIjozMDAwMDAwMDAwMDAsInVwZGF0ZSI6MzAwMDAwMDAwMDAwfX0=",
          "dependencies": [
            "aws_lb.main",
            "aws_lb_target_group.rag_agent_ec2",
            "aws_security_group.alb",
            "aws_subnet.public",
            "aws_vpc.main",
            "data.aws_availability_zones.available"
          ]
        }
      ]
    },
    {
      "mode": "managed",
      "type": "aws_lb_target_group",
      "name": "rag_agent_ec2",
      "provider": "provider[\"registry.terraform.io/hashicorp/aws\"]",
      "instances": [
        {
          "schema_version": 0,
          "attributes": {
            "arn": "arn:aws:elasticloadbalancing:ap-southeast-2:864899848476:targetgroup/rag-agent-poc-ec2-tg/2d5eb328267c9ef9",
            "arn_suffix": "targetgroup/rag-agent-poc-ec2-tg/2d5eb328267c9ef9",
            "connection_termination": null,
            "deregistration_delay": "300",
            "health_check": [
              {
                "enabled": true,
                "healthy_threshold": 2,
                "interval": 30,
                "matcher": "200",
                "path": "/health",
                "port": "traffic-port",
                "protocol": "HTTP",
                "timeout": 10,
                "unhealthy_threshold": 3
              }
            ],
            "id": "arn:aws:elasticloadbalancing:ap-southeast-2:864899848476:targetgroup/rag-agent-poc-ec2-tg/2d5eb328267c9ef9",
            "ip_address_type": "ipv4",
            "lambda_multi_value_headers_enabled": false,
            "load_balancer_arns": [
              "arn:aws:elasticloadbalancing:ap-southeast-2:864899848476:loadbalancer/app/rag-agent-poc-alb/44b52cf30b9771e3"
            ],
            "load_balancing_algorithm_type": "round_robin",
            "load_balancing_anomaly_mitigation": "off",
            "load_balancing_cross_zone_enabled": "use_load_balancer_configuration",
            "name": "rag-agent-poc-ec2-tg",
            "name_prefix": "",
            "port": 8080,
            "preserve_client_ip": null,
            "protocol": "HTTP",
            "protocol_version": "HTTP1",
            "proxy_protocol_v2": false,
            "slow_start": 0,
            "stickiness": [
              {
                "cookie_duration": 86400,
                "cookie_name": "",
                "enabled": false,
                "type": "lb_cookie"
              }
            ],
            "tags": {
              "Environment": "poc",
              "Project": "rag-agent"
            },
            "tags_all": {
              "Environment": "poc",
              "Project": "rag-agent"
            },
            "target_failover": [
              {
                "on_deregistration": null,
                "on_unhealthy": null
              }
            ],
            "target_group_health": [
              {
                "dns_failover": [
                  {
                    "minimum_healthy_targets_count": "1",
                    "minimum_healthy_targets_percentage": "off"
                  }
                ],
                "unhealthy_state_routing": [
                  {
                    "minimum_healthy_targets_count": 1,
                    "minimum_healthy_targets_percentage": "off"
                  }
                ]
              }
            ],
            "target_health_state": [
              {
                "enable_unhealthy_connection_termination": null,
                "unhealthy_draining_interval": null
              }
            ],
            "target_type": "instance",
            "vpc_id": "vpc-0aae4efa2dca9c1af"
          },
          "sensitive_attributes": [],
          "identity_schema_version": 0,
          "private": "bnVsbA==",
          "dependencies": [
            "aws_vpc.main"
          ]
        }
      ]
    },
    {
      "mode": "managed",
      "type": "aws_lb_target_group_attachment",
      "name": "rag_agent_ec2",
      "provider": "provider[\"registry.terraform.io/hashicorp/aws\"]",
      "instances": [
        {
          "schema_version": 0,
          "attributes": {
            "availability_zone": null,
            "id": "arn:aws:elasticloadbalancing:ap-southeast-2:864899848476:targetgroup/rag-agent-poc-ec2-tg/2d5eb328267c9ef9-20250906075517589300000002",
            "port": 8080,
            "target_group_arn": "arn:aws:elasticloadbalancing:ap-southeast-2:864899848476:targetgroup/rag-agent-poc-ec2-tg/2d5eb328267c9ef9",
            "target_id": "i-00f8b802a81b28a44"
          },
          "sensitive_attributes": [],
          "identity_schema_version": 0,
          "private": "bnVsbA==",
          "dependencies": [
            "aws_iam_instance_profile.rag_agent",
            "aws_iam_role.ec2_rag_agent",
            "aws_iam_role.lambda_ingest",
            "aws_iam_role.lambda_query",
            "aws_instance.rag_agent",
            "aws_lb_target_group.rag_agent_ec2",
            "aws_opensearchserverless_access_policy.data",
            "aws_opensearchserverless_collection.documents",
            "aws_opensearchserverless_security_policy.encryption",
            "aws_opensearchserverless_security_policy.network",
            "aws_s3_bucket.lambda_deployments",
            "aws_s3_bucket.uploads",
            "aws_s3_object.rag_jar",
            "aws_security_group.alb",
            "aws_security_group.rag_agent_ec2",
            "aws_subnet.private",
            "aws_vpc.main",
            "data.aws_availability_zones.available",
            "data.aws_caller_identity.current",
            "null_resource.maven_build",
            "random_string.bucket_suffix"
          ]
        }
      ]
    },
    {
      "mode": "managed",
      "type": "aws_nat_gateway",
      "name": "main",
      "provider": "provider[\"registry.terraform.io/hashicorp/aws\"]",
      "instances": [
        {
          "index_key": 0,
          "schema_version": 0,
          "attributes": {
            "allocation_id": "eipalloc-02bba7ff4d9bb2be8",
            "association_id": "eipassoc-023bf347f225a304a",
            "connectivity_type": "public",
            "id": "nat-02dadbc785d0c065a",
            "network_interface_id": "eni-0f669cc7b48df471d",
            "private_ip": "10.0.1.252",
            "public_ip": "16.176.214.121",
            "secondary_allocation_ids": [],
            "secondary_private_ip_address_count": 0,
            "secondary_private_ip_addresses": [],
            "subnet_id": "subnet-06a8fbff88fdfd9a6",
            "tags": {
              "Environment": "poc",
              "Name": "rag-agent-poc-nat-gw-1",
              "Project": "rag-agent"
            },
            "tags_all": {
              "Environment": "poc",
              "Name": "rag-agent-poc-nat-gw-1",
              "Project": "rag-agent"
            },
            "timeouts": null
          },
          "sensitive_attributes": [],
          "identity_schema_version": 0,
          "private": "eyJlMmJmYjczMC1lY2FhLTExZTYtOGY4OC0zNDM2M2JjN2M0YzAiOnsiY3JlYXRlIjo2MDAwMDAwMDAwMDAsImRlbGV0ZSI6MTgwMDAwMDAwMDAwMCwidXBkYXRlIjo2MDAwMDAwMDAwMDB9fQ==",
          "dependencies": [
            "aws_eip.nat",
            "aws_internet_gateway.main",
            "aws_subnet.public",
            "aws_vpc.main",
            "data.aws_availability_zones.available"
          ]
        },
        {
          "index_key": 1,
          "schema_version": 0,
          "attributes": {
            "allocation_id": "eipalloc-0895b8f053294b99a",
            "association_id": "eipassoc-06435f747604a7aa6",
            "connectivity_type": "public",
            "id": "nat-0f551053d26281190",
            "network_interface_id": "eni-0d02aa01f25c80ac9",
            "private_ip": "10.0.2.15",
            "public_ip": "52.65.211.17",
            "secondary_allocation_ids": [],
            "secondary_private_ip_address_count": 0,
            "secondary_private_ip_addresses": [],
            "subnet_id": "subnet-0d4668d97c29dd8f7",
            "tags": {
              "Environment": "poc",
              "Name": "rag-agent-poc-nat-gw-2",
              "Project": "rag-agent"
            },
            "tags_all": {
              "Environment": "poc",
              "Name": "rag-agent-poc-nat-gw-2",
              "Project": "rag-agent"
            },
            "timeouts": null
          },
          "sensitive_attributes": [],
          "identity_schema_version": 0,
          "private": "eyJlMmJmYjczMC1lY2FhLTExZTYtOGY4OC0zNDM2M2JjN2M0YzAiOnsiY3JlYXRlIjo2MDAwMDAwMDAwMDAsImRlbGV0ZSI6MTgwMDAwMDAwMDAwMCwidXBkYXRlIjo2MDAwMDAwMDAwMDB9fQ==",
          "dependencies": [
            "aws_eip.nat",
            "aws_internet_gateway.main",
            "aws_subnet.public",
            "aws_vpc.main",
            "data.aws_availability_zones.available"
          ]
        }
      ]
    },
    {
      "mode": "managed",
      "type": "aws_opensearchserverless_access_policy",
      "name": "data",
      "provider": "provider[\"registry.terraform.io/hashicorp/aws\"]",
      "instances": [
        {
          "schema_version": 0,
          "attributes": {
            "description": null,
            "id": "rag-agent-poc-data-policy",
            "name": "rag-agent-poc-data-policy",
            "policy": "[{\"Principal\":[\"arn:aws:sts::864899848476:assumed-role/AWSReservedSSO_AWSAdministratorAccess_1a96398ebfbc5f4f/Kiran.Menon@dbizsolution.com\",\"arn:aws:iam::864899848476:role/rag-agent-poc-lambda-ingest-role\",\"arn:aws:iam::864899848476:role/rag-agent-poc-lambda-query-role\"],\"Rules\":[{\"Permission\":[\"aoss:CreateCollectionItems\",\"aoss:DeleteCollectionItems\",\"aoss:UpdateCollectionItems\",\"aoss:DescribeCollectionItems\"],\"Resource\":[\"collection/rag-agent-poc-documents\"],\"ResourceType\":\"collection\"},{\"Permission\":[\"aoss:CreateIndex\",\"aoss:DeleteIndex\",\"aoss:UpdateIndex\",\"aoss:DescribeIndex\",\"aoss:ReadDocument\",\"aoss:WriteDocument\"],\"Resource\":[\"index/rag-agent-poc-documents/*\"],\"ResourceType\":\"index\"}]}]",
            "policy_version": "MTc1NzEzODc1MTc4Ml8x",
            "type": "data"
          },
          "sensitive_attributes": [],
          "identity_schema_version": 0,
          "dependencies": [
            "aws_iam_role.lambda_ingest",
            "aws_iam_role.lambda_query",
            "data.aws_caller_identity.current"
          ]
        }
      ]
    },
    {
      "mode": "managed",
      "type": "aws_opensearchserverless_collection",
      "name": "documents",
      "provider": "provider[\"registry.terraform.io/hashicorp/aws\"]",
      "instances": [
        {
          "schema_version": 0,
          "attributes": {
            "arn": "arn:aws:aoss:ap-southeast-2:864899848476:collection/1cmhw8b5ne7yse45g55m",
            "collection_endpoint": "https://1cmhw8b5ne7yse45g55m.ap-southeast-2.aoss.amazonaws.com",
            "dashboard_endpoint": "https://1cmhw8b5ne7yse45g55m.ap-southeast-2.aoss.amazonaws.com/_dashboards",
            "description": null,
            "id": "1cmhw8b5ne7yse45g55m",
            "kms_key_arn": "auto",
            "name": "rag-agent-poc-documents",
            "standby_replicas": "ENABLED",
            "tags": null,
            "tags_all": {},
            "timeouts": null,
            "type": "VECTORSEARCH"
          },
          "sensitive_attributes": [],
          "identity_schema_version": 0,
          "dependencies": [
            "aws_iam_role.lambda_ingest",
            "aws_iam_role.lambda_query",
            "aws_opensearchserverless_access_policy.data",
            "aws_opensearchserverless_security_policy.encryption",
            "aws_opensearchserverless_security_policy.network",
            "data.aws_caller_identity.current"
          ]
        }
      ]
    },
    {
      "mode": "managed",
      "type": "aws_opensearchserverless_security_policy",
      "name": "encryption",
      "provider": "provider[\"registry.terraform.io/hashicorp/aws\"]",
      "instances": [
        {
          "schema_version": 0,
          "attributes": {
            "description": null,
            "id": "rag-agent-poc-encryption-policy",
            "name": "rag-agent-poc-encryption-policy",
            "policy": "{\"AWSOwnedKey\":true,\"Rules\":[{\"Resource\":[\"collection/rag-agent-poc-documents\"],\"ResourceType\":\"collection\"}]}",
            "policy_version": "MTc1NzEzODc1MDg2OF8x",
            "type": "encryption"
          },
          "sensitive_attributes": [],
          "identity_schema_version": 0
        }
      ]
    },
    {
      "mode": "managed",
      "type": "aws_opensearchserverless_security_policy",
      "name": "network",
      "provider": "provider[\"registry.terraform.io/hashicorp/aws\"]",
      "instances": [
        {
          "schema_version": 0,
          "attributes": {
            "description": null,
            "id": "rag-agent-poc-network-policy",
            "name": "rag-agent-poc-network-policy",
            "policy": "[{\"AllowFromPublic\":true,\"Rules\":[{\"Resource\":[\"collection/rag-agent-poc-documents\"],\"ResourceType\":\"collection\"}]}]",
            "policy_version": "MTc1NzEzODc1MDExNV8x",
            "type": "network"
          },
          "sensitive_attributes": [],
          "identity_schema_version": 0
        }
      ]
    },
    {
      "mode": "managed",
      "type": "aws_route_table",
      "name": "private",
      "provider": "provider[\"registry.terraform.io/hashicorp/aws\"]",
      "instances": [
        {
          "index_key": 0,
          "schema_version": 0,
          "attributes": {
            "arn": "arn:aws:ec2:ap-southeast-2:864899848476:route-table/rtb-0f77d22fd507098be",
            "id": "rtb-0f77d22fd507098be",
            "owner_id": "864899848476",
            "propagating_vgws": [],
            "route": [
              {
                "carrier_gateway_id": "",
                "cidr_block": "0.0.0.0/0",
                "core_network_arn": "",
                "destination_prefix_list_id": "",
                "egress_only_gateway_id": "",
                "gateway_id": "",
                "ipv6_cidr_block": "",
                "local_gateway_id": "",
                "nat_gateway_id": "nat-02dadbc785d0c065a",
                "network_interface_id": "",
                "transit_gateway_id": "",
                "vpc_endpoint_id": "",
                "vpc_peering_connection_id": ""
              }
            ],
            "tags": {
              "Environment": "poc",
              "Name": "rag-agent-poc-private-rt-1",
              "Project": "rag-agent"
            },
            "tags_all": {
              "Environment": "poc",
              "Name": "rag-agent-poc-private-rt-1",
              "Project": "rag-agent"
            },
            "timeouts": null,
            "vpc_id": "vpc-0aae4efa2dca9c1af"
          },
          "sensitive_attributes": [],
          "identity_schema_version": 0,
          "private": "eyJlMmJmYjczMC1lY2FhLTExZTYtOGY4OC0zNDM2M2JjN2M0YzAiOnsiY3JlYXRlIjozMDAwMDAwMDAwMDAsImRlbGV0ZSI6MzAwMDAwMDAwMDAwLCJ1cGRhdGUiOjEyMDAwMDAwMDAwMH19",
          "dependencies": [
            "aws_eip.nat",
            "aws_internet_gateway.main",
            "aws_nat_gateway.main",
            "aws_subnet.public",
            "aws_vpc.main",
            "data.aws_availability_zones.available"
          ]
        },
        {
          "index_key": 1,
          "schema_version": 0,
          "attributes": {
            "arn": "arn:aws:ec2:ap-southeast-2:864899848476:route-table/rtb-01590a5444fac79a8",
            "id": "rtb-01590a5444fac79a8",
            "owner_id": "864899848476",
            "propagating_vgws": [],
            "route": [
              {
                "carrier_gateway_id": "",
                "cidr_block": "0.0.0.0/0",
                "core_network_arn": "",
                "destination_prefix_list_id": "",
                "egress_only_gateway_id": "",
                "gateway_id": "",
                "ipv6_cidr_block": "",
                "local_gateway_id": "",
                "nat_gateway_id": "nat-0f551053d26281190",
                "network_interface_id": "",
                "transit_gateway_id": "",
                "vpc_endpoint_id": "",
                "vpc_peering_connection_id": ""
              }
            ],
            "tags": {
              "Environment": "poc",
              "Name": "rag-agent-poc-private-rt-2",
              "Project": "rag-agent"
            },
            "tags_all": {
              "Environment": "poc",
              "Name": "rag-agent-poc-private-rt-2",
              "Project": "rag-agent"
            },
            "timeouts": null,
            "vpc_id": "vpc-0aae4efa2dca9c1af"
          },
          "sensitive_attributes": [],
          "identity_schema_version": 0,
          "private": "eyJlMmJmYjczMC1lY2FhLTExZTYtOGY4OC0zNDM2M2JjN2M0YzAiOnsiY3JlYXRlIjozMDAwMDAwMDAwMDAsImRlbGV0ZSI6MzAwMDAwMDAwMDAwLCJ1cGRhdGUiOjEyMDAwMDAwMDAwMH19",
          "dependencies": [
            "aws_eip.nat",
            "aws_internet_gateway.main",
            "aws_nat_gateway.main",
            "aws_subnet.public",
            "aws_vpc.main",
            "data.aws_availability_zones.available"
          ]
        }
      ]
    },
    {
      "mode": "managed",
      "type": "aws_route_table",
      "name": "public",
      "provider": "provider[\"registry.terraform.io/hashicorp/aws\"]",
      "instances": [
        {
          "schema_version": 0,
          "attributes": {
            "arn": "arn:aws:ec2:ap-southeast-2:864899848476:route-table/rtb-0e595cfdbaff47bb7",
            "id": "rtb-0e595cfdbaff47bb7",
            "owner_id": "864899848476",
            "propagating_vgws": [],
            "route": [
              {
                "carrier_gateway_id": "",
                "cidr_block": "0.0.0.0/0",
                "core_network_arn": "",
                "destination_prefix_list_id": "",
                "egress_only_gateway_id": "",
                "gateway_id": "igw-0fc99b61125e26eb1",
                "ipv6_cidr_block": "",
                "local_gateway_id": "",
                "nat_gateway_id": "",
                "network_interface_id": "",
                "transit_gateway_id": "",
                "vpc_endpoint_id": "",
                "vpc_peering_connection_id": ""
              }
            ],
            "tags": {
              "Environment": "poc",
              "Name": "rag-agent-poc-public-rt",
              "Project": "rag-agent"
            },
            "tags_all": {
              "Environment": "poc",
              "Name": "rag-agent-poc-public-rt",
              "Project": "rag-agent"
            },
            "timeouts": null,
            "vpc_id": "vpc-0aae4efa2dca9c1af"
          },
          "sensitive_attributes": [],
          "identity_schema_version": 0,
          "private": "eyJlMmJmYjczMC1lY2FhLTExZTYtOGY4OC0zNDM2M2JjN2M0YzAiOnsiY3JlYXRlIjozMDAwMDAwMDAwMDAsImRlbGV0ZSI6MzAwMDAwMDAwMDAwLCJ1cGRhdGUiOjEyMDAwMDAwMDAwMH19",
          "dependencies": [
            "aws_internet_gateway.main",
            "aws_vpc.main"
          ]
        }
      ]
    },
    {
      "mode": "managed",
      "type": "aws_route_table_association",
      "name": "private",
      "provider": "provider[\"registry.terraform.io/hashicorp/aws\"]",
      "instances": [
        {
          "index_key": 0,
          "schema_version": 0,
          "attributes": {
            "gateway_id": "",
            "id": "rtbassoc-0f4cc29ba53003a7f",
            "route_table_id": "rtb-0f77d22fd507098be",
            "subnet_id": "subnet-04dcc31f77be0b42c",
            "timeouts": null
          },
          "sensitive_attributes": [],
          "identity_schema_version": 0,
          "private": "eyJlMmJmYjczMC1lY2FhLTExZTYtOGY4OC0zNDM2M2JjN2M0YzAiOnsiY3JlYXRlIjozMDAwMDAwMDAwMDAsImRlbGV0ZSI6MzAwMDAwMDAwMDAwLCJ1cGRhdGUiOjEyMDAwMDAwMDAwMH19",
          "dependencies": [
            "aws_eip.nat",
            "aws_internet_gateway.main",
            "aws_nat_gateway.main",
            "aws_route_table.private",
            "aws_subnet.private",
            "aws_subnet.public",
            "aws_vpc.main",
            "data.aws_availability_zones.available"
          ]
        },
        {
          "index_key": 1,
          "schema_version": 0,
          "attributes": {
            "gateway_id": "",
            "id": "rtbassoc-085a3c19b1ceaa8f5",
            "route_table_id": "rtb-01590a5444fac79a8",
            "subnet_id": "subnet-03b31edca4c9bf3c9",
            "timeouts": null
          },
          "sensitive_attributes": [],
          "identity_schema_version": 0,
          "private": "eyJlMmJmYjczMC1lY2FhLTExZTYtOGY4OC0zNDM2M2JjN2M0YzAiOnsiY3JlYXRlIjozMDAwMDAwMDAwMDAsImRlbGV0ZSI6MzAwMDAwMDAwMDAwLCJ1cGRhdGUiOjEyMDAwMDAwMDAwMH19",
          "dependencies": [
            "aws_eip.nat",
            "aws_internet_gateway.main",
            "aws_nat_gateway.main",
            "aws_route_table.private",
            "aws_subnet.private",
            "aws_subnet.public",
            "aws_vpc.main",
            "data.aws_availability_zones.available"
          ]
        }
      ]
    },
    {
      "mode": "managed",
      "type": "aws_route_table_association",
      "name": "public",
      "provider": "provider[\"registry.terraform.io/hashicorp/aws\"]",
      "instances": [
        {
          "index_key": 0,
          "schema_version": 0,
          "attributes": {
            "gateway_id": "",
            "id": "rtbassoc-034fc8466db10db49",
            "route_table_id": "rtb-0e595cfdbaff47bb7",
            "subnet_id": "subnet-06a8fbff88fdfd9a6",
            "timeouts": null
          },
          "sensitive_attributes": [],
          "identity_schema_version": 0,
          "private": "eyJlMmJmYjczMC1lY2FhLTExZTYtOGY4OC0zNDM2M2JjN2M0YzAiOnsiY3JlYXRlIjozMDAwMDAwMDAwMDAsImRlbGV0ZSI6MzAwMDAwMDAwMDAwLCJ1cGRhdGUiOjEyMDAwMDAwMDAwMH19",
          "dependencies": [
            "aws_internet_gateway.main",
            "aws_route_table.public",
            "aws_subnet.public",
            "aws_vpc.main",
            "data.aws_availability_zones.available"
          ]
        },
        {
          "index_key": 1,
          "schema_version": 0,
          "attributes": {
            "gateway_id": "",
            "id": "rtbassoc-025f8efb99964d00f",
            "route_table_id": "rtb-0e595cfdbaff47bb7",
            "subnet_id": "subnet-0d4668d97c29dd8f7",
            "timeouts": null
          },
          "sensitive_attributes": [],
          "identity_schema_version": 0,
          "private": "eyJlMmJmYjczMC1lY2FhLTExZTYtOGY4OC0zNDM2M2JjN2M0YzAiOnsiY3JlYXRlIjozMDAwMDAwMDAwMDAsImRlbGV0ZSI6MzAwMDAwMDAwMDAwLCJ1cGRhdGUiOjEyMDAwMDAwMDAwMH19",
          "dependencies": [
            "aws_internet_gateway.main",
            "aws_route_table.public",
            "aws_subnet.public",
            "aws_vpc.main",
            "data.aws_availability_zones.available"
          ]
        }
      ]
    },
    {
      "mode": "managed",
      "type": "aws_s3_bucket",
      "name": "lambda_deployments",
      "provider": "provider[\"registry.terraform.io/hashicorp/aws\"]",
      "instances": [
        {
          "schema_version": 0,
          "attributes": {
            "acceleration_status": "",
            "acl": null,
            "arn": "arn:aws:s3:::rag-agent-poc-lambda-deployments-6fmgy40r",
            "bucket": "rag-agent-poc-lambda-deployments-6fmgy40r",
            "bucket_domain_name": "rag-agent-poc-lambda-deployments-6fmgy40r.s3.amazonaws.com",
            "bucket_prefix": "",
            "bucket_regional_domain_name": "rag-agent-poc-lambda-deployments-6fmgy40r.s3.ap-southeast-2.amazonaws.com",
            "cors_rule": [],
            "force_destroy": false,
            "grant": [
              {
                "id": "576eab0f2a8364a80201fdebe1a47fb03702ea33e5be4fafe58a1c60109f821e",
                "permissions": [
                  "FULL_CONTROL"
                ],
                "type": "CanonicalUser",
                "uri": ""
              }
            ],
            "hosted_zone_id": "Z1WCIGYICN2BYD",
            "id": "rag-agent-poc-lambda-deployments-6fmgy40r",
            "lifecycle_rule": [],
            "logging": [],
            "object_lock_configuration": [],
            "object_lock_enabled": false,
            "policy": "",
            "region": "ap-southeast-2",
            "replication_configuration": [],
            "request_payer": "BucketOwner",
            "server_side_encryption_configuration": [
              {
                "rule": [
                  {
                    "apply_server_side_encryption_by_default": [
                      {
                        "kms_master_key_id": "",
                        "sse_algorithm": "AES256"
                      }
                    ],
                    "bucket_key_enabled": false
                  }
                ]
              }
            ],
            "tags": {
              "Environment": "poc",
              "Name": "rag-agent-poc-lambda-deployments",
              "Project": "rag-agent"
            },
            "tags_all": {
              "Environment": "poc",
              "Name": "rag-agent-poc-lambda-deployments",
              "Project": "rag-agent"
            },
            "timeouts": null,
            "versioning": [
              {
                "enabled": false,
                "mfa_delete": false
              }
            ],
            "website": [],
            "website_domain": null,
            "website_endpoint": null
          },
          "sensitive_attributes": [],
          "identity_schema_version": 0,
          "private": "eyJlMmJmYjczMC1lY2FhLTExZTYtOGY4OC0zNDM2M2JjN2M0YzAiOnsiY3JlYXRlIjoxMjAwMDAwMDAwMDAwLCJkZWxldGUiOjM2MDAwMDAwMDAwMDAsInJlYWQiOjEyMDAwMDAwMDAwMDAsInVwZGF0ZSI6MTIwMDAwMDAwMDAwMH19",
          "dependencies": [
            "random_string.bucket_suffix"
          ]
        }
      ]
    },
    {
      "mode": "managed",
      "type": "aws_s3_bucket",
      "name": "litellm_config",
      "provider": "provider[\"registry.terraform.io/hashicorp/aws\"]",
      "instances": [
        {
          "schema_version": 0,
          "attributes": {
            "acceleration_status": "",
            "acl": null,
            "arn": "arn:aws:s3:::rag-agent-poc-litellm-config-6fmgy40r",
            "bucket": "rag-agent-poc-litellm-config-6fmgy40r",
            "bucket_domain_name": "rag-agent-poc-litellm-config-6fmgy40r.s3.amazonaws.com",
            "bucket_prefix": "",
            "bucket_regional_domain_name": "rag-agent-poc-litellm-config-6fmgy40r.s3.ap-southeast-2.amazonaws.com",
            "cors_rule": [],
            "force_destroy": false,
            "grant": [
              {
                "id": "576eab0f2a8364a80201fdebe1a47fb03702ea33e5be4fafe58a1c60109f821e",
                "permissions": [
                  "FULL_CONTROL"
                ],
                "type": "CanonicalUser",
                "uri": ""
              }
            ],
            "hosted_zone_id": "Z1WCIGYICN2BYD",
            "id": "rag-agent-poc-litellm-config-6fmgy40r",
            "lifecycle_rule": [],
            "logging": [],
            "object_lock_configuration": [],
            "object_lock_enabled": false,
            "policy": "",
            "region": "ap-southeast-2",
            "replication_configuration": [],
            "request_payer": "BucketOwner",
            "server_side_encryption_configuration": [
              {
                "rule": [
                  {
                    "apply_server_side_encryption_by_default": [
                      {
                        "kms_master_key_id": "",
                        "sse_algorithm": "AES256"
                      }
                    ],
                    "bucket_key_enabled": false
                  }
                ]
              }
            ],
            "tags": {
              "Environment": "poc",
              "Name": "rag-agent-poc-litellm-config",
              "Project": "rag-agent"
            },
            "tags_all": {
              "Environment": "poc",
              "Name": "rag-agent-poc-litellm-config",
              "Project": "rag-agent"
            },
            "timeouts": null,
            "versioning": [
              {
                "enabled": true,
                "mfa_delete": false
              }
            ],
            "website": [],
            "website_domain": null,
            "website_endpoint": null
          },
          "sensitive_attributes": [],
          "identity_schema_version": 0,
          "private": "eyJlMmJmYjczMC1lY2FhLTExZTYtOGY4OC0zNDM2M2JjN2M0YzAiOnsiY3JlYXRlIjoxMjAwMDAwMDAwMDAwLCJkZWxldGUiOjM2MDAwMDAwMDAwMDAsInJlYWQiOjEyMDAwMDAwMDAwMDAsInVwZGF0ZSI6MTIwMDAwMDAwMDAwMH19",
          "dependencies": [
            "random_string.bucket_suffix"
          ]
        }
      ]
    },
    {
      "mode": "managed",
      "type": "aws_s3_bucket",
      "name": "ui",
      "provider": "provider[\"registry.terraform.io/hashicorp/aws\"]",
      "instances": [
        {
          "schema_version": 0,
          "attributes": {
            "acceleration_status": "",
            "acl": null,
            "arn": "arn:aws:s3:::rag-agent-poc-ui-6fmgy40r",
            "bucket": "rag-agent-poc-ui-6fmgy40r",
            "bucket_domain_name": "rag-agent-poc-ui-6fmgy40r.s3.amazonaws.com",
            "bucket_prefix": "",
            "bucket_regional_domain_name": "rag-agent-poc-ui-6fmgy40r.s3.ap-southeast-2.amazonaws.com",
            "cors_rule": [
              {
                "allowed_headers": [
                  "*"
                ],
                "allowed_methods": [
                  "GET",
                  "HEAD"
                ],
                "allowed_origins": [
                  "*"
                ],
                "expose_headers": [],
                "max_age_seconds": 3000
              }
            ],
            "force_destroy": false,
            "grant": [
              {
                "id": "576eab0f2a8364a80201fdebe1a47fb03702ea33e5be4fafe58a1c60109f821e",
                "permissions": [
                  "FULL_CONTROL"
                ],
                "type": "CanonicalUser",
                "uri": ""
              }
            ],
            "hosted_zone_id": "Z1WCIGYICN2BYD",
            "id": "rag-agent-poc-ui-6fmgy40r",
            "lifecycle_rule": [],
            "logging": [],
            "object_lock_configuration": [],
            "object_lock_enabled": false,
            "policy": "{\"Statement\":[{\"Action\":\"s3:GetObject\",\"Effect\":\"Allow\",\"Principal\":\"*\",\"Resource\":\"arn:aws:s3:::rag-agent-poc-ui-6fmgy40r/*\",\"Sid\":\"PublicReadGetObject\"}],\"Version\":\"2012-10-17\"}",
            "region": "ap-southeast-2",
            "replication_configuration": [],
            "request_payer": "BucketOwner",
            "server_side_encryption_configuration": [
              {
                "rule": [
                  {
                    "apply_server_side_encryption_by_default": [
                      {
                        "kms_master_key_id": "",
                        "sse_algorithm": "AES256"
                      }
                    ],
                    "bucket_key_enabled": false
                  }
                ]
              }
            ],
            "tags": {
              "Environment": "poc",
              "Name": "rag-agent-poc-ui",
              "Project": "rag-agent"
            },
            "tags_all": {
              "Environment": "poc",
              "Name": "rag-agent-poc-ui",
              "Project": "rag-agent"
            },
            "timeouts": null,
            "versioning": [
              {
                "enabled": false,
                "mfa_delete": false
              }
            ],
            "website": [
              {
                "error_document": "error.html",
                "index_document": "index.html",
                "redirect_all_requests_to": "",
                "routing_rules": ""
              }
            ],
            "website_domain": "s3-website-ap-southeast-2.amazonaws.com",
            "website_endpoint": "rag-agent-poc-ui-6fmgy40r.s3-website-ap-southeast-2.amazonaws.com"
          },
          "sensitive_attributes": [],
          "identity_schema_version": 0,
          "private": "eyJlMmJmYjczMC1lY2FhLTExZTYtOGY4OC0zNDM2M2JjN2M0YzAiOnsiY3JlYXRlIjoxMjAwMDAwMDAwMDAwLCJkZWxldGUiOjM2MDAwMDAwMDAwMDAsInJlYWQiOjEyMDAwMDAwMDAwMDAsInVwZGF0ZSI6MTIwMDAwMDAwMDAwMH19",
          "dependencies": [
            "random_string.bucket_suffix"
          ]
        }
      ]
    },
    {
      "mode": "managed",
      "type": "aws_s3_bucket",
      "name": "uploads",
      "provider": "provider[\"registry.terraform.io/hashicorp/aws\"]",
      "instances": [
        {
          "schema_version": 0,
          "attributes": {
            "acceleration_status": "",
            "acl": null,
            "arn": "arn:aws:s3:::rag-agent-poc-uploads-6fmgy40r",
            "bucket": "rag-agent-poc-uploads-6fmgy40r",
            "bucket_domain_name": "rag-agent-poc-uploads-6fmgy40r.s3.amazonaws.com",
            "bucket_prefix": "",
            "bucket_regional_domain_name": "rag-agent-poc-uploads-6fmgy40r.s3.ap-southeast-2.amazonaws.com",
            "cors_rule": [
              {
                "allowed_headers": [
                  "*"
                ],
                "allowed_methods": [
                  "POST",
                  "GET",
                  "HEAD",
                  "DELETE",
                  "PUT"
                ],
                "allowed_origins": [
                  "*"
                ],
                "expose_headers": [],
                "max_age_seconds": 3000
              }
            ],
            "force_destroy": false,
            "grant": [
              {
                "id": "576eab0f2a8364a80201fdebe1a47fb03702ea33e5be4fafe58a1c60109f821e",
                "permissions": [
                  "FULL_CONTROL"
                ],
                "type": "CanonicalUser",
                "uri": ""
              }
            ],
            "hosted_zone_id": "Z1WCIGYICN2BYD",
            "id": "rag-agent-poc-uploads-6fmgy40r",
            "lifecycle_rule": [],
            "logging": [],
            "object_lock_configuration": [],
            "object_lock_enabled": false,
            "policy": "",
            "region": "ap-southeast-2",
            "replication_configuration": [],
            "request_payer": "BucketOwner",
            "server_side_encryption_configuration": [
              {
                "rule": [
                  {
                    "apply_server_side_encryption_by_default": [
                      {
                        "kms_master_key_id": "",
                        "sse_algorithm": "AES256"
                      }
                    ],
                    "bucket_key_enabled": false
                  }
                ]
              }
            ],
            "tags": {
              "Environment": "poc",
              "Name": "rag-agent-poc-uploads",
              "Project": "rag-agent"
            },
            "tags_all": {
              "Environment": "poc",
              "Name": "rag-agent-poc-uploads",
              "Project": "rag-agent"
            },
            "timeouts": null,
            "versioning": [
              {
                "enabled": true,
                "mfa_delete": false
              }
            ],
            "website": [],
            "website_domain": null,
            "website_endpoint": null
          },
          "sensitive_attributes": [],
          "identity_schema_version": 0,
          "private": "eyJlMmJmYjczMC1lY2FhLTExZTYtOGY4OC0zNDM2M2JjN2M0YzAiOnsiY3JlYXRlIjoxMjAwMDAwMDAwMDAwLCJkZWxldGUiOjM2MDAwMDAwMDAwMDAsInJlYWQiOjEyMDAwMDAwMDAwMDAsInVwZGF0ZSI6MTIwMDAwMDAwMDAwMH19",
          "dependencies": [
            "random_string.bucket_suffix"
          ]
        }
      ]
    },
    {
      "mode": "managed",
      "type": "aws_s3_bucket_cors_configuration",
      "name": "ui",
      "provider": "provider[\"registry.terraform.io/hashicorp/aws\"]",
      "instances": [
        {
          "schema_version": 0,
          "attributes": {
            "bucket": "rag-agent-poc-ui-6fmgy40r",
            "cors_rule": [
              {
                "allowed_headers": [
                  "*"
                ],
                "allowed_methods": [
                  "GET",
                  "HEAD"
                ],
                "allowed_origins": [
                  "*"
                ],
                "expose_headers": [],
                "id": "",
                "max_age_seconds": 3000
              }
            ],
            "expected_bucket_owner": "",
            "id": "rag-agent-poc-ui-6fmgy40r"
          },
          "sensitive_attributes": [],
          "identity_schema_version": 0,
          "private": "bnVsbA==",
          "dependencies": [
            "aws_s3_bucket.ui",
            "random_string.bucket_suffix"
          ]
        }
      ]
    },
    {
      "mode": "managed",
      "type": "aws_s3_bucket_cors_configuration",
      "name": "uploads",
      "provider": "provider[\"registry.terraform.io/hashicorp/aws\"]",
      "instances": [
        {
          "schema_version": 0,
          "attributes": {
            "bucket": "rag-agent-poc-uploads-6fmgy40r",
            "cors_rule": [
              {
                "allowed_headers": [
                  "*"
                ],
                "allowed_methods": [
                  "DELETE",
                  "GET",
                  "HEAD",
                  "POST",
                  "PUT"
                ],
                "allowed_origins": [
                  "*"
                ],
                "expose_headers": [],
                "id": "",
                "max_age_seconds": 3000
              }
            ],
            "expected_bucket_owner": "",
            "id": "rag-agent-poc-uploads-6fmgy40r"
          },
          "sensitive_attributes": [],
          "identity_schema_version": 0,
          "private": "bnVsbA==",
          "dependencies": [
            "aws_s3_bucket.uploads",
            "random_string.bucket_suffix"
          ]
        }
      ]
    },
    {
      "mode": "managed",
      "type": "aws_s3_bucket_policy",
      "name": "ui",
      "provider": "provider[\"registry.terraform.io/hashicorp/aws\"]",
      "instances": [
        {
          "schema_version": 0,
          "attributes": {
            "bucket": "rag-agent-poc-ui-6fmgy40r",
            "id": "rag-agent-poc-ui-6fmgy40r",
            "policy": "{\"Statement\":[{\"Action\":\"s3:GetObject\",\"Effect\":\"Allow\",\"Principal\":\"*\",\"Resource\":\"arn:aws:s3:::rag-agent-poc-ui-6fmgy40r/*\",\"Sid\":\"PublicReadGetObject\"}],\"Version\":\"2012-10-17\"}"
          },
          "sensitive_attributes": [],
          "identity_schema_version": 0,
          "private": "bnVsbA==",
          "dependencies": [
            "aws_s3_bucket.ui",
            "aws_s3_bucket_public_access_block.ui",
            "random_string.bucket_suffix"
          ]
        }
      ]
    },
    {
      "mode": "managed",
      "type": "aws_s3_bucket_public_access_block",
      "name": "ui",
      "provider": "provider[\"registry.terraform.io/hashicorp/aws\"]",
      "instances": [
        {
          "schema_version": 0,
          "attributes": {
            "block_public_acls": false,
            "block_public_policy": false,
            "bucket": "rag-agent-poc-ui-6fmgy40r",
            "id": "rag-agent-poc-ui-6fmgy40r",
            "ignore_public_acls": false,
            "restrict_public_buckets": false
          },
          "sensitive_attributes": [],
          "identity_schema_version": 0,
          "private": "bnVsbA==",
          "dependencies": [
            "aws_s3_bucket.ui",
            "random_string.bucket_suffix"
          ]
        }
      ]
    },
    {
      "mode": "managed",
      "type": "aws_s3_bucket_versioning",
      "name": "litellm_config",
      "provider": "provider[\"registry.terraform.io/hashicorp/aws\"]",
      "instances": [
        {
          "schema_version": 0,
          "attributes": {
            "bucket": "rag-agent-poc-litellm-config-6fmgy40r",
            "expected_bucket_owner": "",
            "id": "rag-agent-poc-litellm-config-6fmgy40r",
            "mfa": null,
            "versioning_configuration": [
              {
                "mfa_delete": "",
                "status": "Enabled"
              }
            ]
          },
          "sensitive_attributes": [],
          "identity_schema_version": 0,
          "private": "bnVsbA==",
          "dependencies": [
            "aws_s3_bucket.litellm_config",
            "random_string.bucket_suffix"
          ]
        }
      ]
    },
    {
      "mode": "managed",
      "type": "aws_s3_bucket_versioning",
      "name": "uploads",
      "provider": "provider[\"registry.terraform.io/hashicorp/aws\"]",
      "instances": [
        {
          "schema_version": 0,
          "attributes": {
            "bucket": "rag-agent-poc-uploads-6fmgy40r",
            "expected_bucket_owner": "",
            "id": "rag-agent-poc-uploads-6fmgy40r",
            "mfa": null,
            "versioning_configuration": [
              {
                "mfa_delete": "",
                "status": "Enabled"
              }
            ]
          },
          "sensitive_attributes": [],
          "identity_schema_version": 0,
          "private": "bnVsbA==",
          "dependencies": [
            "aws_s3_bucket.uploads",
            "random_string.bucket_suffix"
          ]
        }
      ]
    },
    {
      "mode": "managed",
      "type": "aws_s3_bucket_website_configuration",
      "name": "ui",
      "provider": "provider[\"registry.terraform.io/hashicorp/aws\"]",
      "instances": [
        {
          "schema_version": 0,
          "attributes": {
            "bucket": "rag-agent-poc-ui-6fmgy40r",
            "error_document": [
              {
                "key": "error.html"
              }
            ],
            "expected_bucket_owner": "",
            "id": "rag-agent-poc-ui-6fmgy40r",
            "index_document": [
              {
                "suffix": "index.html"
              }
            ],
            "redirect_all_requests_to": [],
            "routing_rule": [],
            "routing_rules": "",
            "website_domain": "s3-website-ap-southeast-2.amazonaws.com",
            "website_endpoint": "rag-agent-poc-ui-6fmgy40r.s3-website-ap-southeast-2.amazonaws.com"
          },
          "sensitive_attributes": [],
          "identity_schema_version": 0,
          "private": "bnVsbA==",
          "dependencies": [
            "aws_s3_bucket.ui",
            "random_string.bucket_suffix"
          ]
        }
      ]
    },
    {
      "mode": "managed",
      "type": "aws_s3_object",
      "name": "litellm_config",
      "provider": "provider[\"registry.terraform.io/hashicorp/aws\"]",
      "instances": [
        {
          "schema_version": 0,
          "attributes": {
            "acl": null,
            "arn": "arn:aws:s3:::rag-agent-poc-litellm-config-6fmgy40r/config.yaml",
            "bucket": "rag-agent-poc-litellm-config-6fmgy40r",
            "bucket_key_enabled": false,
            "cache_control": "",
            "checksum_algorithm": null,
            "checksum_crc32": "",
            "checksum_crc32c": "",
            "checksum_crc64nvme": "",
            "checksum_sha1": "",
            "checksum_sha256": "",
            "content": "model_list:\n  - model_name: anthropic.claude-3-sonnet-20240229-v1:0\n    litellm_params:\n      model: bedrock/anthropic.claude-3-sonnet-20240229-v1:0\n      aws_region_name: ap-southeast-2\n",
            "content_base64": null,
            "content_disposition": "",
            "content_encoding": "",
            "content_language": "",
            "content_type": "application/octet-stream",
            "etag": "0744f56ab6b41ff277d3d3783b05eb9a",
            "force_destroy": false,
            "id": "config.yaml",
            "key": "config.yaml",
            "kms_key_id": null,
            "metadata": {},
            "object_lock_legal_hold_status": "",
            "object_lock_mode": "",
            "object_lock_retain_until_date": "",
            "override_provider": [],
            "server_side_encryption": "AES256",
            "source": null,
            "source_hash": null,
            "storage_class": "STANDARD",
            "tags": {
              "Environment": "poc",
              "Project": "rag-agent"
            },
            "tags_all": {
              "Environment": "poc",
              "Project": "rag-agent"
            },
            "version_id": "x3_Hs04W68B2fmr8GjqZwkhqSM6ndD3K",
            "website_redirect": ""
          },
          "sensitive_attributes": [],
          "identity_schema_version": 0,
          "private": "bnVsbA==",
          "dependencies": [
            "aws_s3_bucket.litellm_config",
            "random_string.bucket_suffix"
          ]
        }
      ]
    },
    {
      "mode": "managed",
      "type": "aws_s3_object",
      "name": "rag_jar",
      "provider": "provider[\"registry.terraform.io/hashicorp/aws\"]",
      "instances": [
        {
          "schema_version": 0,
          "attributes": {
            "acl": null,
            "arn": "arn:aws:s3:::rag-agent-poc-lambda-deployments-6fmgy40r/rag-agent-1.0.0.jar",
            "bucket": "rag-agent-poc-lambda-deployments-6fmgy40r",
            "bucket_key_enabled": false,
            "cache_control": "",
            "checksum_algorithm": null,
            "checksum_crc32": "",
            "checksum_crc32c": "",
            "checksum_crc64nvme": "",
            "checksum_sha1": "",
            "checksum_sha256": "",
            "content": null,
            "content_base64": null,
            "content_disposition": "",
            "content_encoding": "",
            "content_language": "",
            "content_type": "binary/octet-stream",
            "etag": "bdd309e9f5cade81064a53405086b2ce-34",
            "force_destroy": false,
            "id": "rag-agent-1.0.0.jar",
            "key": "rag-agent-1.0.0.jar",
            "kms_key_id": null,
            "metadata": {},
            "object_lock_legal_hold_status": "",
            "object_lock_mode": "",
            "object_lock_retain_until_date": "",
            "override_provider": [],
            "server_side_encryption": "AES256",
            "source": "../target/rag-agent-1.0.0.jar",
            "source_hash": null,
            "storage_class": "STANDARD",
            "tags": {},
            "tags_all": {},
            "version_id": "",
            "website_redirect": ""
          },
          "sensitive_attributes": [],
          "identity_schema_version": 0,
          "private": "bnVsbA==",
          "dependencies": [
            "aws_s3_bucket.lambda_deployments",
            "null_resource.maven_build",
            "random_string.bucket_suffix"
          ]
        }
      ]
    },
    {
      "mode": "managed",
      "type": "aws_security_group",
      "name": "alb",
      "provider": "provider[\"registry.terraform.io/hashicorp/aws\"]",
      "instances": [
        {
          "schema_version": 1,
          "attributes": {
            "arn": "arn:aws:ec2:ap-southeast-2:864899848476:security-group/sg-0d802e720b9ffb228",
            "description": "Managed by Terraform",
            "egress": [
              {
                "cidr_blocks": [
                  "0.0.0.0/0"
                ],
                "description": "",
                "from_port": 0,
                "ipv6_cidr_blocks": [],
                "prefix_list_ids": [],
                "protocol": "-1",
                "security_groups": [],
                "self": false,
                "to_port": 0
              }
            ],
            "id": "sg-0d802e720b9ffb228",
            "ingress": [
              {
                "cidr_blocks": [
                  "0.0.0.0/0"
                ],
                "description": "",
                "from_port": 80,
                "ipv6_cidr_blocks": [],
                "prefix_list_ids": [],
                "protocol": "tcp",
                "security_groups": [],
                "self": false,
                "to_port": 80
              }
            ],
            "name": "rag-agent-poc-alb-2025090606060306280000000d",
            "name_prefix": "rag-agent-poc-alb-",
            "owner_id": "864899848476",
            "revoke_rules_on_delete": false,
            "tags": {
              "Environment": "poc",
              "Name": "rag-agent-poc-alb-sg",
              "Project": "rag-agent"
            },
            "tags_all": {
              "Environment": "poc",
              "Name": "rag-agent-poc-alb-sg",
              "Project": "rag-agent"
            },
            "timeouts": null,
            "vpc_id": "vpc-0aae4efa2dca9c1af"
          },
          "sensitive_attributes": [],
          "identity_schema_version": 0,
          "private": "eyJlMmJmYjczMC1lY2FhLTExZTYtOGY4OC0zNDM2M2JjN2M0YzAiOnsiY3JlYXRlIjo2MDAwMDAwMDAwMDAsImRlbGV0ZSI6OTAwMDAwMDAwMDAwfSwic2NoZW1hX3ZlcnNpb24iOiIxIn0=",
          "dependencies": [
            "aws_vpc.main"
          ]
        }
      ]
    },
    {
      "mode": "managed",
      "type": "aws_security_group",
      "name": "rag_agent_ec2",
      "provider": "provider[\"registry.terraform.io/hashicorp/aws\"]",
      "instances": [
        {
          "schema_version": 1,
          "attributes": {
            "arn": "arn:aws:ec2:ap-southeast-2:864899848476:security-group/sg-04cb3fb826f2af164",
            "description": "Managed by Terraform",
            "egress": [
              {
                "cidr_blocks": [
                  "0.0.0.0/0"
                ],
                "description": "",
                "from_port": 0,
                "ipv6_cidr_blocks": [],
                "prefix_list_ids": [],
                "protocol": "-1",
                "security_groups": [],
                "self": false,
                "to_port": 0
              }
            ],
            "id": "sg-04cb3fb826f2af164",
            "ingress": [
              {
                "cidr_blocks": [
                  "10.0.0.0/16"
                ],
                "description": "",
                "from_port": 22,
                "ipv6_cidr_blocks": [],
                "prefix_list_ids": [],
                "protocol": "tcp",
                "security_groups": [],
                "self": false,
                "to_port": 22
              },
              {
                "cidr_blocks": [],
                "description": "",
                "from_port": 8080,
                "ipv6_cidr_blocks": [],
                "prefix_list_ids": [],
                "protocol": "tcp",
                "security_groups": [
                  "sg-0d802e720b9ffb228"
                ],
                "self": false,
                "to_port": 8080
              }
            ],
            "name": "rag-agent-poc-ec2-20250906074138963500000001",
            "name_prefix": "rag-agent-poc-ec2-",
            "owner_id": "864899848476",
            "revoke_rules_on_delete": false,
            "tags": {
              "Environment": "poc",
              "Name": "rag-agent-poc-ec2-sg",
              "Project": "rag-agent"
            },
            "tags_all": {
              "Environment": "poc",
              "Name": "rag-agent-poc-ec2-sg",
              "Project": "rag-agent"
            },
            "timeouts": null,
            "vpc_id": "vpc-0aae4efa2dca9c1af"
          },
          "sensitive_attributes": [],
          "identity_schema_version": 0,
          "private": "eyJlMmJmYjczMC1lY2FhLTExZTYtOGY4OC0zNDM2M2JjN2M0YzAiOnsiY3JlYXRlIjo2MDAwMDAwMDAwMDAsImRlbGV0ZSI6OTAwMDAwMDAwMDAwfSwic2NoZW1hX3ZlcnNpb24iOiIxIn0=",
          "dependencies": [
            "aws_security_group.alb",
            "aws_vpc.main"
          ]
        }
      ]
    },
    {
      "mode": "managed",
      "type": "aws_subnet",
      "name": "private",
      "provider": "provider[\"registry.terraform.io/hashicorp/aws\"]",
      "instances": [
        {
          "index_key": 0,
          "schema_version": 1,
          "attributes": {
            "arn": "arn:aws:ec2:ap-southeast-2:864899848476:subnet/subnet-04dcc31f77be0b42c",
            "assign_ipv6_address_on_creation": false,
            "availability_zone": "ap-southeast-2a",
            "availability_zone_id": "apse2-az1",
            "cidr_block": "10.0.10.0/24",
            "customer_owned_ipv4_pool": "",
            "enable_dns64": false,
            "enable_lni_at_device_index": 0,
            "enable_resource_name_dns_a_record_on_launch": false,
            "enable_resource_name_dns_aaaa_record_on_launch": false,
            "id": "subnet-04dcc31f77be0b42c",
            "ipv6_cidr_block": "",
            "ipv6_cidr_block_association_id": "",
            "ipv6_native": false,
            "map_customer_owned_ip_on_launch": false,
            "map_public_ip_on_launch": false,
            "outpost_arn": "",
            "owner_id": "864899848476",
            "private_dns_hostname_type_on_launch": "ip-name",
            "tags": {
              "Environment": "poc",
              "Name": "rag-agent-poc-private-subnet-1",
              "Project": "rag-agent"
            },
            "tags_all": {
              "Environment": "poc",
              "Name": "rag-agent-poc-private-subnet-1",
              "Project": "rag-agent"
            },
            "timeouts": null,
            "vpc_id": "vpc-0aae4efa2dca9c1af"
          },
          "sensitive_attributes": [],
          "identity_schema_version": 0,
          "private": "eyJlMmJmYjczMC1lY2FhLTExZTYtOGY4OC0zNDM2M2JjN2M0YzAiOnsiY3JlYXRlIjo2MDAwMDAwMDAwMDAsImRlbGV0ZSI6MTIwMDAwMDAwMDAwMH0sInNjaGVtYV92ZXJzaW9uIjoiMSJ9",
          "dependencies": [
            "aws_vpc.main",
            "data.aws_availability_zones.available"
          ]
        },
        {
          "index_key": 1,
          "schema_version": 1,
          "attributes": {
            "arn": "arn:aws:ec2:ap-southeast-2:864899848476:subnet/subnet-03b31edca4c9bf3c9",
            "assign_ipv6_address_on_creation": false,
            "availability_zone": "ap-southeast-2b",
            "availability_zone_id": "apse2-az3",
            "cidr_block": "10.0.11.0/24",
            "customer_owned_ipv4_pool": "",
            "enable_dns64": false,
            "enable_lni_at_device_index": 0,
            "enable_resource_name_dns_a_record_on_launch": false,
            "enable_resource_name_dns_aaaa_record_on_launch": false,
            "id": "subnet-03b31edca4c9bf3c9",
            "ipv6_cidr_block": "",
            "ipv6_cidr_block_association_id": "",
            "ipv6_native": false,
            "map_customer_owned_ip_on_launch": false,
            "map_public_ip_on_launch": false,
            "outpost_arn": "",
            "owner_id": "864899848476",
            "private_dns_hostname_type_on_launch": "ip-name",
            "tags": {
              "Environment": "poc",
              "Name": "rag-agent-poc-private-subnet-2",
              "Project": "rag-agent"
            },
            "tags_all": {
              "Environment": "poc",
              "Name": "rag-agent-poc-private-subnet-2",
              "Project": "rag-agent"
            },
            "timeouts": null,
            "vpc_id": "vpc-0aae4efa2dca9c1af"
          },
          "sensitive_attributes": [],
          "identity_schema_version": 0,
          "private": "eyJlMmJmYjczMC1lY2FhLTExZTYtOGY4OC0zNDM2M2JjN2M0YzAiOnsiY3JlYXRlIjo2MDAwMDAwMDAwMDAsImRlbGV0ZSI6MTIwMDAwMDAwMDAwMH0sInNjaGVtYV92ZXJzaW9uIjoiMSJ9",
          "dependencies": [
            "aws_vpc.main",
            "data.aws_availability_zones.available"
          ]
        }
      ]
    },
    {
      "mode": "managed",
      "type": "aws_subnet",
      "name": "public",
      "provider": "provider[\"registry.terraform.io/hashicorp/aws\"]",
      "instances": [
        {
          "index_key": 0,
          "schema_version": 1,
          "attributes": {
            "arn": "arn:aws:ec2:ap-southeast-2:864899848476:subnet/subnet-06a8fbff88fdfd9a6",
            "assign_ipv6_address_on_creation": false,
            "availability_zone": "ap-southeast-2a",
            "availability_zone_id": "apse2-az1",
            "cidr_block": "10.0.1.0/24",
            "customer_owned_ipv4_pool": "",
            "enable_dns64": false,
            "enable_lni_at_device_index": 0,
            "enable_resource_name_dns_a_record_on_launch": false,
            "enable_resource_name_dns_aaaa_record_on_launch": false,
            "id": "subnet-06a8fbff88fdfd9a6",
            "ipv6_cidr_block": "",
            "ipv6_cidr_block_association_id": "",
            "ipv6_native": false,
            "map_customer_owned_ip_on_launch": false,
            "map_public_ip_on_launch": true,
            "outpost_arn": "",
            "owner_id": "864899848476",
            "private_dns_hostname_type_on_launch": "ip-name",
            "tags": {
              "Environment": "poc",
              "Name": "rag-agent-poc-public-subnet-1",
              "Project": "rag-agent"
            },
            "tags_all": {
              "Environment": "poc",
              "Name": "rag-agent-poc-public-subnet-1",
              "Project": "rag-agent"
            },
            "timeouts": null,
            "vpc_id": "vpc-0aae4efa2dca9c1af"
          },
          "sensitive_attributes": [],
          "identity_schema_version": 0,
          "private": "eyJlMmJmYjczMC1lY2FhLTExZTYtOGY4OC0zNDM2M2JjN2M0YzAiOnsiY3JlYXRlIjo2MDAwMDAwMDAwMDAsImRlbGV0ZSI6MTIwMDAwMDAwMDAwMH0sInNjaGVtYV92ZXJzaW9uIjoiMSJ9",
          "dependencies": [
            "aws_vpc.main",
            "data.aws_availability_zones.available"
          ]
        },
        {
          "index_key": 1,
          "schema_version": 1,
          "attributes": {
            "arn": "arn:aws:ec2:ap-southeast-2:864899848476:subnet/subnet-0d4668d97c29dd8f7",
            "assign_ipv6_address_on_creation": false,
            "availability_zone": "ap-southeast-2b",
            "availability_zone_id": "apse2-az3",
            "cidr_block": "10.0.2.0/24",
            "customer_owned_ipv4_pool": "",
            "enable_dns64": false,
            "enable_lni_at_device_index": 0,
            "enable_resource_name_dns_a_record_on_launch": false,
            "enable_resource_name_dns_aaaa_record_on_launch": false,
            "id": "subnet-0d4668d97c29dd8f7",
            "ipv6_cidr_block": "",
            "ipv6_cidr_block_association_id": "",
            "ipv6_native": false,
            "map_customer_owned_ip_on_launch": false,
            "map_public_ip_on_launch": true,
            "outpost_arn": "",
            "owner_id": "864899848476",
            "private_dns_hostname_type_on_launch": "ip-name",
            "tags": {
              "Environment": "poc",
              "Name": "rag-agent-poc-public-subnet-2",
              "Project": "rag-agent"
            },
            "tags_all": {
              "Environment": "poc",
              "Name": "rag-agent-poc-public-subnet-2",
              "Project": "rag-agent"
            },
            "timeouts": null,
            "vpc_id": "vpc-0aae4efa2dca9c1af"
          },
          "sensitive_attributes": [],
          "identity_schema_version": 0,
          "private": "eyJlMmJmYjczMC1lY2FhLTExZTYtOGY4OC0zNDM2M2JjN2M0YzAiOnsiY3JlYXRlIjo2MDAwMDAwMDAwMDAsImRlbGV0ZSI6MTIwMDAwMDAwMDAwMH0sInNjaGVtYV92ZXJzaW9uIjoiMSJ9",
          "dependencies": [
            "aws_vpc.main",
            "data.aws_availability_zones.available"
          ]
        }
      ]
    },
    {
      "mode": "managed",
      "type": "aws_vpc",
      "name": "main",
      "provider": "provider[\"registry.terraform.io/hashicorp/aws\"]",
      "instances": [
        {
          "schema_version": 1,
          "attributes": {
            "arn": "arn:aws:ec2:ap-southeast-2:864899848476:vpc/vpc-0aae4efa2dca9c1af",
            "assign_generated_ipv6_cidr_block": false,
            "cidr_block": "10.0.0.0/16",
            "default_network_acl_id": "acl-0723da3877013a68d",
            "default_route_table_id": "rtb-0c4cc0256ae74af6b",
            "default_security_group_id": "sg-02a958f34997b9034",
            "dhcp_options_id": "dopt-01d88bc7cb0bcc8f9",
            "enable_dns_hostnames": true,
            "enable_dns_support": true,
            "enable_network_address_usage_metrics": false,
            "id": "vpc-0aae4efa2dca9c1af",
            "instance_tenancy": "default",
            "ipv4_ipam_pool_id": null,
            "ipv4_netmask_length": null,
            "ipv6_association_id": "",
            "ipv6_cidr_block": "",
            "ipv6_cidr_block_network_border_group": "",
            "ipv6_ipam_pool_id": "",
            "ipv6_netmask_length": 0,
            "main_route_table_id": "rtb-0c4cc0256ae74af6b",
            "owner_id": "864899848476",
            "tags": {
              "Environment": "poc",
              "Name": "rag-agent-poc-vpc",
              "Project": "rag-agent"
            },
            "tags_all": {
              "Environment": "poc",
              "Name": "rag-agent-poc-vpc",
              "Project": "rag-agent"
            }
          },
          "sensitive_attributes": [],
          "identity_schema_version": 0,
          "private": "eyJzY2hlbWFfdmVyc2lvbiI6IjEifQ=="
        }
      ]
    },
    {
      "mode": "managed",
      "type": "null_resource",
      "name": "maven_build",
      "provider": "provider[\"registry.terraform.io/hashicorp/null\"]",
      "instances": [
        {
          "schema_version": 0,
          "attributes": {
            "id": "2060236781059968481",
            "triggers": {
              "always_run": "2025-09-06T08:10:49Z"
            }
          },
          "sensitive_attributes": [],
          "identity_schema_version": 0
        }
      ]
    },
    {
      "mode": "managed",
      "type": "random_string",
      "name": "bucket_suffix",
      "provider": "provider[\"registry.terraform.io/hashicorp/random\"]",
      "instances": [
        {
          "schema_version": 2,
          "attributes": {
            "id": "6fmgy40r",
            "keepers": null,
            "length": 8,
            "lower": true,
            "min_lower": 0,
            "min_numeric": 0,
            "min_special": 0,
            "min_upper": 0,
            "number": true,
            "numeric": true,
            "override_special": null,
            "result": "6fmgy40r",
            "special": false,
            "upper": false
          },
          "sensitive_attributes": [],
          "identity_schema_version": 0
        }
      ]
    }
  ],
  "check_results": null
}
