{
  "version": 4,
  "terraform_version": "1.13.1",
  "serial": 401,
  "lineage": "68adcf79-01ce-47c4-f2e1-8fd6bae0aae8",
  "outputs": {
    "alb_dns_name": {
      "value": "rag-agent-poc-alb-1754112323.ap-southeast-2.elb.amazonaws.com",
      "type": "string"
    },
    "ec2_instance_info": {
      "value": {
        "instance_id": "i-0728e8a6920dc70a5",
        "instance_type": "t3.medium",
        "private_ip": "10.0.10.199"
      },
      "type": [
        "object",
        {
          "instance_id": "string",
          "instance_type": "string",
          "private_ip": "string"
        }
      ]
    },
    "infrastructure_info": {
      "value": {
        "load_balancer_dns": "rag-agent-poc-alb-1754112323.ap-southeast-2.elb.amazonaws.com",
        "opensearch_endpoint": "https://dts2bmvcm0zmjjax0d2.ap-southeast-2.aoss.amazonaws.com",
        "upload_bucket": "rag-agent-poc-uploads-rad32rxj",
        "vpc_id": "vpc-0ac669738396aab17"
      },
      "type": [
        "object",
        {
          "load_balancer_dns": "string",
          "opensearch_endpoint": "string",
          "upload_bucket": "string",
          "vpc_id": "string"
        }
      ]
    },
    "litellm_config_bucket": {
      "value": "rag-agent-poc-litellm-config-rad32rxj",
      "type": "string"
    },
    "litellm_endpoint": {
      "value": "http://rag-agent-poc-alb-1754112323.ap-southeast-2.elb.amazonaws.com",
      "type": "string"
    },
    "opensearch_endpoint": {
      "value": "https://dts2bmvcm0zmjjax0d2.ap-southeast-2.aoss.amazonaws.com",
      "type": "string"
    },
    "private_subnet_ids": {
      "value": [
        "subnet-02e8199cab7a43b7d",
        "subnet-0d3487ca54006e8cd"
      ],
      "type": [
        "tuple",
        [
          "string",
          "string"
        ]
      ]
    },
    "public_subnet_ids": {
      "value": [
        "subnet-09ece55edeb392400",
        "subnet-0cfe571d97ee6beaa"
      ],
      "type": [
        "tuple",
        [
          "string",
          "string"
        ]
      ]
    },
    "rag_service_endpoints": {
      "value": {
        "base_url": "http://rag-agent-poc-alb-1754112323.ap-southeast-2.elb.amazonaws.com",
        "health_url": "http://rag-agent-poc-alb-1754112323.ap-southeast-2.elb.amazonaws.com/health",
        "query_url": "http://rag-agent-poc-alb-1754112323.ap-southeast-2.elb.amazonaws.com/query",
        "upload_url": "http://rag-agent-poc-alb-1754112323.ap-southeast-2.elb.amazonaws.com/upload"
      },
      "type": [
        "object",
        {
          "base_url": "string",
          "health_url": "string",
          "query_url": "string",
          "upload_url": "string"
        }
      ]
    },
    "ui_bucket_name": {
      "value": "rag-agent-poc-ui-rad32rxj",
      "type": "string"
    },
    "ui_bucket_website_endpoint": {
      "value": "rag-agent-poc-ui-rad32rxj.s3-website-ap-southeast-2.amazonaws.com",
      "type": "string"
    },
    "uploads_bucket_name": {
      "value": "rag-agent-poc-uploads-rad32rxj",
      "type": "string"
    },
    "vpc_id": {
      "value": "vpc-0ac669738396aab17",
      "type": "string"
    }
  },
  "resources": [
    {
      "mode": "data",
      "type": "aws_availability_zones",
      "name": "available",
      "provider": "provider[\"registry.terraform.io/hashicorp/aws\"]",
      "instances": [
        {
          "schema_version": 0,
          "attributes": {
            "all_availability_zones": null,
            "exclude_names": null,
            "exclude_zone_ids": null,
            "filter": null,
            "group_names": [
              "ap-southeast-2-zg-1"
            ],
            "id": "ap-southeast-2",
            "names": [
              "ap-southeast-2a",
              "ap-southeast-2b",
              "ap-southeast-2c"
            ],
            "state": "available",
            "timeouts": null,
            "zone_ids": [
              "apse2-az1",
              "apse2-az3",
              "apse2-az2"
            ]
          },
          "sensitive_attributes": [],
          "identity_schema_version": 0
        }
      ]
    },
    {
      "mode": "data",
      "type": "aws_caller_identity",
      "name": "current",
      "provider": "provider[\"registry.terraform.io/hashicorp/aws\"]",
      "instances": [
        {
          "schema_version": 0,
          "attributes": {
            "account_id": "864899848476",
            "arn": "arn:aws:sts::864899848476:assumed-role/AWSReservedSSO_AWSAdministratorAccess_1a96398ebfbc5f4f/Kiran.Menon@dbizsolution.com",
            "id": "864899848476",
            "user_id": "AROA4SYAMLEOKJVQBUVB3:Kiran.Menon@dbizsolution.com"
          },
          "sensitive_attributes": [],
          "identity_schema_version": 0
        }
      ]
    },
    {
      "mode": "managed",
      "type": "aws_eip",
      "name": "nat",
      "provider": "provider[\"registry.terraform.io/hashicorp/aws\"]",
      "instances": [
        {
          "index_key": 0,
          "schema_version": 0,
          "attributes": {
            "address": null,
            "allocation_id": "eipalloc-0e741fbe94aadddb1",
            "arn": "arn:aws:ec2:ap-southeast-2:864899848476:elastic-ip/eipalloc-0e741fbe94aadddb1",
            "associate_with_private_ip": null,
            "association_id": "eipassoc-0c7710120b1f7c5f8",
            "carrier_ip": "",
            "customer_owned_ip": "",
            "customer_owned_ipv4_pool": "",
            "domain": "vpc",
            "id": "eipalloc-0e741fbe94aadddb1",
            "instance": "",
            "ipam_pool_id": null,
            "network_border_group": "ap-southeast-2",
            "network_interface": "eni-0bc9fb10de3275d55",
            "private_dns": "ip-10-0-1-245.ap-southeast-2.compute.internal",
            "private_ip": "10.0.1.245",
            "ptr_record": "",
            "public_dns": "ec2-3-104-176-190.ap-southeast-2.compute.amazonaws.com",
            "public_ip": "3.104.176.190",
            "public_ipv4_pool": "amazon",
            "tags": {
              "Environment": "poc",
              "Name": "rag-agent-poc-nat-eip-1",
              "Project": "rag-agent"
            },
            "tags_all": {
              "Environment": "poc",
              "Name": "rag-agent-poc-nat-eip-1",
              "Project": "rag-agent"
            },
            "timeouts": null,
            "vpc": true
          },
          "sensitive_attributes": [],
          "identity_schema_version": 0,
          "private": "eyJlMmJmYjczMC1lY2FhLTExZTYtOGY4OC0zNDM2M2JjN2M0YzAiOnsiZGVsZXRlIjoxODAwMDAwMDAwMDAsInJlYWQiOjkwMDAwMDAwMDAwMCwidXBkYXRlIjozMDAwMDAwMDAwMDB9fQ==",
          "dependencies": [
            "aws_internet_gateway.main",
            "aws_vpc.main"
          ]
        },
        {
          "index_key": 1,
          "schema_version": 0,
          "attributes": {
            "address": null,
            "allocation_id": "eipalloc-0df424f4d53dc3d36",
            "arn": "arn:aws:ec2:ap-southeast-2:864899848476:elastic-ip/eipalloc-0df424f4d53dc3d36",
            "associate_with_private_ip": null,
            "association_id": "eipassoc-08bdef16194713043",
            "carrier_ip": "",
            "customer_owned_ip": "",
            "customer_owned_ipv4_pool": "",
            "domain": "vpc",
            "id": "eipalloc-0df424f4d53dc3d36",
            "instance": "",
            "ipam_pool_id": null,
            "network_border_group": "ap-southeast-2",
            "network_interface": "eni-0698e0cf89fe40a6a",
            "private_dns": "ip-10-0-2-78.ap-southeast-2.compute.internal",
            "private_ip": "10.0.2.78",
            "ptr_record": "",
            "public_dns": "ec2-3-106-160-93.ap-southeast-2.compute.amazonaws.com",
            "public_ip": "3.106.160.93",
            "public_ipv4_pool": "amazon",
            "tags": {
              "Environment": "poc",
              "Name": "rag-agent-poc-nat-eip-2",
              "Project": "rag-agent"
            },
            "tags_all": {
              "Environment": "poc",
              "Name": "rag-agent-poc-nat-eip-2",
              "Project": "rag-agent"
            },
            "timeouts": null,
            "vpc": true
          },
          "sensitive_attributes": [],
          "identity_schema_version": 0,
          "private": "eyJlMmJmYjczMC1lY2FhLTExZTYtOGY4OC0zNDM2M2JjN2M0YzAiOnsiZGVsZXRlIjoxODAwMDAwMDAwMDAsInJlYWQiOjkwMDAwMDAwMDAwMCwidXBkYXRlIjozMDAwMDAwMDAwMDB9fQ==",
          "dependencies": [
            "aws_internet_gateway.main",
            "aws_vpc.main"
          ]
        }
      ]
    },
    {
      "mode": "managed",
      "type": "aws_iam_instance_profile",
      "name": "rag_agent",
      "provider": "provider[\"registry.terraform.io/hashicorp/aws\"]",
      "instances": [
        {
          "schema_version": 0,
          "attributes": {
            "arn": "arn:aws:iam::864899848476:instance-profile/rag-agent-poc-ec2-profile",
            "create_date": "2025-09-08T00:23:45Z",
            "id": "rag-agent-poc-ec2-profile",
            "name": "rag-agent-poc-ec2-profile",
            "name_prefix": "",
            "path": "/",
            "role": "rag-agent-poc-ec2-role",
            "tags": {},
            "tags_all": {},
            "unique_id": "AIPA4SYAMLEOOGLZPY33C"
          },
          "sensitive_attributes": [],
          "identity_schema_version": 0,
          "private": "bnVsbA==",
          "dependencies": [
            "aws_iam_role.ec2_rag_agent"
          ]
        }
      ]
    },
    {
      "mode": "managed",
      "type": "aws_iam_role",
      "name": "ec2_rag_agent",
      "provider": "provider[\"registry.terraform.io/hashicorp/aws\"]",
      "instances": [
        {
          "schema_version": 0,
          "attributes": {
            "arn": "arn:aws:iam::864899848476:role/rag-agent-poc-ec2-role",
            "assume_role_policy": "{\"Statement\":[{\"Action\":\"sts:AssumeRole\",\"Effect\":\"Allow\",\"Principal\":{\"Service\":\"ec2.amazonaws.com\"}}],\"Version\":\"2012-10-17\"}",
            "create_date": "2025-09-08T00:23:43Z",
            "description": "",
            "force_detach_policies": false,
            "id": "rag-agent-poc-ec2-role",
            "inline_policy": [
              {
                "name": "rag-agent-poc-ec2-policy",
                "policy": "{\"Version\":\"2012-10-17\",\"Statement\":[{\"Action\":[\"s3:GetObject\",\"s3:HeadObject\",\"s3:PutObject\",\"s3:ListBucket\"],\"Effect\":\"Allow\",\"Resource\":[\"arn:aws:s3:::rag-agent-poc-uploads-rad32rxj\",\"arn:aws:s3:::rag-agent-poc-uploads-rad32rxj/*\",\"arn:aws:s3:::rag-agent-poc-lambda-deployments-rad32rxj\",\"arn:aws:s3:::rag-agent-poc-lambda-deployments-rad32rxj/*\"]},{\"Action\":[\"bedrock:InvokeModel\"],\"Effect\":\"Allow\",\"Resource\":[\"arn:aws:bedrock:ap-southeast-2:*:foundation-model/amazon.titan-embed-text-v2\",\"arn:aws:bedrock:ap-southeast-2:*:foundation-model/anthropic.claude-3-sonnet-20240229-v1:0\"]},{\"Action\":[\"aoss:APIAccessAll\"],\"Effect\":\"Allow\",\"Resource\":[\"arn:aws:aoss:ap-southeast-2:864899848476:collection/dts2bmvcm0zmjjax0d2\"]}]}"
              }
            ],
            "managed_policy_arns": [],
            "max_session_duration": 3600,
            "name": "rag-agent-poc-ec2-role",
            "name_prefix": "",
            "path": "/",
            "permissions_boundary": "",
            "tags": {
              "Environment": "poc",
              "Project": "rag-agent"
            },
            "tags_all": {
              "Environment": "poc",
              "Project": "rag-agent"
            },
            "unique_id": "AROA4SYAMLEOISU2RUSDR"
          },
          "sensitive_attributes": [],
          "identity_schema_version": 0,
          "private": "bnVsbA=="
        }
      ]
    },
    {
      "mode": "managed",
      "type": "aws_iam_role",
      "name": "ecs_execution",
      "provider": "provider[\"registry.terraform.io/hashicorp/aws\"]",
      "instances": [
        {
          "schema_version": 0,
          "attributes": {
            "arn": "arn:aws:iam::864899848476:role/rag-agent-poc-ecs-execution-role",
            "assume_role_policy": "{\"Statement\":[{\"Action\":\"sts:AssumeRole\",\"Effect\":\"Allow\",\"Principal\":{\"Service\":\"ecs-tasks.amazonaws.com\"}}],\"Version\":\"2012-10-17\"}",
            "create_date": "2025-09-08T00:23:43Z",
            "description": "",
            "force_detach_policies": false,
            "id": "rag-agent-poc-ecs-execution-role",
            "inline_policy": [],
            "managed_policy_arns": [
              "arn:aws:iam::aws:policy/service-role/AmazonECSTaskExecutionRolePolicy"
            ],
            "max_session_duration": 3600,
            "name": "rag-agent-poc-ecs-execution-role",
            "name_prefix": "",
            "path": "/",
            "permissions_boundary": "",
            "tags": {
              "Environment": "poc",
              "Project": "rag-agent"
            },
            "tags_all": {
              "Environment": "poc",
              "Project": "rag-agent"
            },
            "unique_id": "AROA4SYAMLEOHQDGCNAM3"
          },
          "sensitive_attributes": [],
          "identity_schema_version": 0,
          "private": "bnVsbA=="
        }
      ]
    },
    {
      "mode": "managed",
      "type": "aws_iam_role",
      "name": "ecs_task",
      "provider": "provider[\"registry.terraform.io/hashicorp/aws\"]",
      "instances": [
        {
          "schema_version": 0,
          "attributes": {
            "arn": "arn:aws:iam::864899848476:role/rag-agent-poc-ecs-task-role",
            "assume_role_policy": "{\"Statement\":[{\"Action\":\"sts:AssumeRole\",\"Effect\":\"Allow\",\"Principal\":{\"Service\":\"ecs-tasks.amazonaws.com\"}}],\"Version\":\"2012-10-17\"}",
            "create_date": "2025-09-08T00:23:43Z",
            "description": "",
            "force_detach_policies": false,
            "id": "rag-agent-poc-ecs-task-role",
            "inline_policy": [
              {
                "name": "rag-agent-poc-ecs-task-policy",
                "policy": "{\"Version\":\"2012-10-17\",\"Statement\":[{\"Action\":[\"s3:GetObject\"],\"Effect\":\"Allow\",\"Resource\":[\"arn:aws:s3:::rag-agent-poc-litellm-config-rad32rxj/*\"]},{\"Action\":[\"bedrock:InvokeModel\",\"bedrock:InvokeModelWithResponseStream\"],\"Effect\":\"Allow\",\"Resource\":[\"arn:aws:bedrock:ap-southeast-2:*:foundation-model/anthropic.claude-3-sonnet-20240229-v1:0\"]}]}"
              }
            ],
            "managed_policy_arns": [],
            "max_session_duration": 3600,
            "name": "rag-agent-poc-ecs-task-role",
            "name_prefix": "",
            "path": "/",
            "permissions_boundary": "",
            "tags": {
              "Environment": "poc",
              "Project": "rag-agent"
            },
            "tags_all": {
              "Environment": "poc",
              "Project": "rag-agent"
            },
            "unique_id": "AROA4SYAMLEOBAI23TZV4"
          },
          "sensitive_attributes": [],
          "identity_schema_version": 0,
          "private": "bnVsbA=="
        }
      ]
    },
    {
      "mode": "managed",
      "type": "aws_iam_role",
      "name": "lambda_ingest",
      "provider": "provider[\"registry.terraform.io/hashicorp/aws\"]",
      "instances": [
        {
          "schema_version": 0,
          "attributes": {
            "arn": "arn:aws:iam::864899848476:role/rag-agent-poc-lambda-ingest-role",
            "assume_role_policy": "{\"Statement\":[{\"Action\":\"sts:AssumeRole\",\"Effect\":\"Allow\",\"Principal\":{\"Service\":\"lambda.amazonaws.com\"}}],\"Version\":\"2012-10-17\"}",
            "create_date": "2025-09-08T00:23:43Z",
            "description": "",
            "force_detach_policies": false,
            "id": "rag-agent-poc-lambda-ingest-role",
            "inline_policy": [
              {
                "name": "rag-agent-poc-lambda-ingest-policy",
                "policy": "{\"Version\":\"2012-10-17\",\"Statement\":[{\"Action\":[\"s3:GetObject\",\"s3:HeadObject\"],\"Effect\":\"Allow\",\"Resource\":[\"arn:aws:s3:::rag-agent-poc-uploads-rad32rxj/*\"]},{\"Action\":[\"bedrock:InvokeModel\"],\"Effect\":\"Allow\",\"Resource\":[\"arn:aws:bedrock:ap-southeast-2:*:foundation-model/amazon.titan-embed-text-v2\"]},{\"Action\":[\"aoss:APIAccessAll\"],\"Effect\":\"Allow\",\"Resource\":[\"arn:aws:aoss:ap-southeast-2:864899848476:collection/dts2bmvcm0zmjjax0d2\"]}]}"
              }
            ],
            "managed_policy_arns": [
              "arn:aws:iam::aws:policy/service-role/AWSLambdaBasicExecutionRole",
              "arn:aws:iam::aws:policy/service-role/AWSLambdaVPCAccessExecutionRole"
            ],
            "max_session_duration": 3600,
            "name": "rag-agent-poc-lambda-ingest-role",
            "name_prefix": "",
            "path": "/",
            "permissions_boundary": "",
            "tags": {
              "Environment": "poc",
              "Project": "rag-agent"
            },
            "tags_all": {
              "Environment": "poc",
              "Project": "rag-agent"
            },
            "unique_id": "AROA4SYAMLEODN6UWJ4BM"
          },
          "sensitive_attributes": [],
          "identity_schema_version": 0,
          "private": "bnVsbA=="
        }
      ]
    },
    {
      "mode": "managed",
      "type": "aws_iam_role",
      "name": "lambda_query",
      "provider": "provider[\"registry.terraform.io/hashicorp/aws\"]",
      "instances": [
        {
          "schema_version": 0,
          "attributes": {
            "arn": "arn:aws:iam::864899848476:role/rag-agent-poc-lambda-query-role",
            "assume_role_policy": "{\"Statement\":[{\"Action\":\"sts:AssumeRole\",\"Effect\":\"Allow\",\"Principal\":{\"Service\":\"lambda.amazonaws.com\"}}],\"Version\":\"2012-10-17\"}",
            "create_date": "2025-09-08T00:23:44Z",
            "description": "",
            "force_detach_policies": false,
            "id": "rag-agent-poc-lambda-query-role",
            "inline_policy": [
              {
                "name": "rag-agent-poc-lambda-query-policy",
                "policy": "{\"Version\":\"2012-10-17\",\"Statement\":[{\"Action\":[\"bedrock:InvokeModel\"],\"Effect\":\"Allow\",\"Resource\":[\"arn:aws:bedrock:ap-southeast-2:*:foundation-model/amazon.titan-embed-text-v2\"]},{\"Action\":[\"aoss:APIAccessAll\"],\"Effect\":\"Allow\",\"Resource\":[\"arn:aws:aoss:ap-southeast-2:864899848476:collection/dts2bmvcm0zmjjax0d2\"]}]}"
              }
            ],
            "managed_policy_arns": [
              "arn:aws:iam::aws:policy/service-role/AWSLambdaBasicExecutionRole",
              "arn:aws:iam::aws:policy/service-role/AWSLambdaVPCAccessExecutionRole"
            ],
            "max_session_duration": 3600,
            "name": "rag-agent-poc-lambda-query-role",
            "name_prefix": "",
            "path": "/",
            "permissions_boundary": "",
            "tags": {
              "Environment": "poc",
              "Project": "rag-agent"
            },
            "tags_all": {
              "Environment": "poc",
              "Project": "rag-agent"
            },
            "unique_id": "AROA4SYAMLEOESOG3NMDE"
          },
          "sensitive_attributes": [],
          "identity_schema_version": 0,
          "private": "bnVsbA=="
        }
      ]
    },
    {
      "mode": "managed",
      "type": "aws_iam_role",
      "name": "lambda_upload",
      "provider": "provider[\"registry.terraform.io/hashicorp/aws\"]",
      "instances": [
        {
          "schema_version": 0,
          "attributes": {
            "arn": "arn:aws:iam::864899848476:role/rag-agent-poc-lambda-upload-role",
            "assume_role_policy": "{\"Statement\":[{\"Action\":\"sts:AssumeRole\",\"Effect\":\"Allow\",\"Principal\":{\"Service\":\"lambda.amazonaws.com\"}}],\"Version\":\"2012-10-17\"}",
            "create_date": "2025-09-08T00:23:43Z",
            "description": "",
            "force_detach_policies": false,
            "id": "rag-agent-poc-lambda-upload-role",
            "inline_policy": [
              {
                "name": "rag-agent-poc-lambda-upload-s3-policy",
                "policy": "{\"Version\":\"2012-10-17\",\"Statement\":[{\"Action\":[\"s3:CreateMultipartUpload\",\"s3:CompleteMultipartUpload\",\"s3:AbortMultipartUpload\",\"s3:ListMultipartUploadParts\",\"s3:GetObjectAttributes\"],\"Effect\":\"Allow\",\"Resource\":[\"arn:aws:s3:::rag-agent-poc-uploads-rad32rxj\",\"arn:aws:s3:::rag-agent-poc-uploads-rad32rxj/*\"]}]}"
              }
            ],
            "managed_policy_arns": [
              "arn:aws:iam::aws:policy/service-role/AWSLambdaBasicExecutionRole",
              "arn:aws:iam::aws:policy/service-role/AWSLambdaVPCAccessExecutionRole"
            ],
            "max_session_duration": 3600,
            "name": "rag-agent-poc-lambda-upload-role",
            "name_prefix": "",
            "path": "/",
            "permissions_boundary": "",
            "tags": {
              "Environment": "poc",
              "Project": "rag-agent"
            },
            "tags_all": {
              "Environment": "poc",
              "Project": "rag-agent"
            },
            "unique_id": "AROA4SYAMLEOFKZE3NZ45"
          },
          "sensitive_attributes": [],
          "identity_schema_version": 0,
          "private": "bnVsbA=="
        }
      ]
    },
    {
      "mode": "managed",
      "type": "aws_iam_role",
      "name": "rag_service_task",
      "provider": "provider[\"registry.terraform.io/hashicorp/aws\"]",
      "instances": [
        {
          "schema_version": 0,
          "attributes": {
            "arn": "arn:aws:iam::864899848476:role/rag-agent-poc-rag-service-task-role",
            "assume_role_policy": "{\"Statement\":[{\"Action\":\"sts:AssumeRole\",\"Effect\":\"Allow\",\"Principal\":{\"Service\":\"ecs-tasks.amazonaws.com\"}}],\"Version\":\"2012-10-17\"}",
            "create_date": "2025-09-08T00:23:43Z",
            "description": "",
            "force_detach_policies": false,
            "id": "rag-agent-poc-rag-service-task-role",
            "inline_policy": [
              {
                "name": "rag-agent-poc-rag-service-task-policy",
                "policy": "{\"Version\":\"2012-10-17\",\"Statement\":[{\"Action\":[\"s3:GetObject\",\"s3:HeadObject\",\"s3:PutObject\",\"s3:ListBucket\"],\"Effect\":\"Allow\",\"Resource\":[\"arn:aws:s3:::rag-agent-poc-uploads-rad32rxj\",\"arn:aws:s3:::rag-agent-poc-uploads-rad32rxj/*\"]},{\"Action\":[\"bedrock:InvokeModel\"],\"Effect\":\"Allow\",\"Resource\":[\"arn:aws:bedrock:ap-southeast-2:*:foundation-model/amazon.titan-embed-text-v2\"]},{\"Action\":[\"aoss:APIAccessAll\"],\"Effect\":\"Allow\",\"Resource\":[\"arn:aws:aoss:ap-southeast-2:864899848476:collection/dts2bmvcm0zmjjax0d2\"]}]}"
              }
            ],
            "managed_policy_arns": [],
            "max_session_duration": 3600,
            "name": "rag-agent-poc-rag-service-task-role",
            "name_prefix": "",
            "path": "/",
            "permissions_boundary": "",
            "tags": {
              "Environment": "poc",
              "Project": "rag-agent"
            },
            "tags_all": {
              "Environment": "poc",
              "Project": "rag-agent"
            },
            "unique_id": "AROA4SYAMLEODSDL2JFWB"
          },
          "sensitive_attributes": [],
          "identity_schema_version": 0,
          "private": "bnVsbA=="
        }
      ]
    },
    {
      "mode": "managed",
      "type": "aws_iam_role_policy",
      "name": "ec2_rag_agent_permissions",
      "provider": "provider[\"registry.terraform.io/hashicorp/aws\"]",
      "instances": [
        {
          "schema_version": 0,
          "attributes": {
            "id": "rag-agent-poc-ec2-role:rag-agent-poc-ec2-policy",
            "name": "rag-agent-poc-ec2-policy",
            "name_prefix": "",
            "policy": "{\"Version\":\"2012-10-17\",\"Statement\":[{\"Action\":[\"s3:GetObject\",\"s3:HeadObject\",\"s3:PutObject\",\"s3:ListBucket\"],\"Effect\":\"Allow\",\"Resource\":[\"arn:aws:s3:::rag-agent-poc-uploads-rad32rxj\",\"arn:aws:s3:::rag-agent-poc-uploads-rad32rxj/*\",\"arn:aws:s3:::rag-agent-poc-lambda-deployments-rad32rxj\",\"arn:aws:s3:::rag-agent-poc-lambda-deployments-rad32rxj/*\"]},{\"Action\":[\"bedrock:InvokeModel\"],\"Effect\":\"Allow\",\"Resource\":[\"arn:aws:bedrock:ap-southeast-2:*:foundation-model/amazon.titan-embed-text-v2\",\"arn:aws:bedrock:ap-southeast-2:*:foundation-model/anthropic.claude-3-sonnet-20240229-v1:0\"]},{\"Action\":[\"aoss:APIAccessAll\"],\"Effect\":\"Allow\",\"Resource\":[\"arn:aws:aoss:ap-southeast-2:864899848476:collection/dts2bmvcm0zmjjax0d2\"]}]}",
            "role": "rag-agent-poc-ec2-role"
          },
          "sensitive_attributes": [],
          "identity_schema_version": 0,
          "private": "bnVsbA==",
          "dependencies": [
            "aws_iam_role.ec2_rag_agent",
            "aws_iam_role.lambda_ingest",
            "aws_iam_role.lambda_query",
            "aws_opensearchserverless_access_policy.data",
            "aws_opensearchserverless_collection.documents",
            "aws_opensearchserverless_security_policy.encryption",
            "aws_opensearchserverless_security_policy.network",
            "aws_s3_bucket.lambda_deployments",
            "aws_s3_bucket.uploads",
            "data.aws_caller_identity.current",
            "random_string.bucket_suffix"
          ]
        }
      ]
    },
    {
      "mode": "managed",
      "type": "aws_iam_role_policy",
      "name": "ecs_task_permissions",
      "provider": "provider[\"registry.terraform.io/hashicorp/aws\"]",
      "instances": [
        {
          "schema_version": 0,
          "attributes": {
            "id": "rag-agent-poc-ecs-task-role:rag-agent-poc-ecs-task-policy",
            "name": "rag-agent-poc-ecs-task-policy",
            "name_prefix": "",
            "policy": "{\"Version\":\"2012-10-17\",\"Statement\":[{\"Action\":[\"s3:GetObject\"],\"Effect\":\"Allow\",\"Resource\":[\"arn:aws:s3:::rag-agent-poc-litellm-config-rad32rxj/*\"]},{\"Action\":[\"bedrock:InvokeModel\",\"bedrock:InvokeModelWithResponseStream\"],\"Effect\":\"Allow\",\"Resource\":[\"arn:aws:bedrock:ap-southeast-2:*:foundation-model/anthropic.claude-3-sonnet-20240229-v1:0\"]}]}",
            "role": "rag-agent-poc-ecs-task-role"
          },
          "sensitive_attributes": [],
          "identity_schema_version": 0,
          "private": "bnVsbA==",
          "dependencies": [
            "aws_iam_role.ecs_task",
            "aws_s3_bucket.litellm_config",
            "random_string.bucket_suffix"
          ]
        }
      ]
    },
    {
      "mode": "managed",
      "type": "aws_iam_role_policy",
      "name": "lambda_ingest_permissions",
      "provider": "provider[\"registry.terraform.io/hashicorp/aws\"]",
      "instances": [
        {
          "schema_version": 0,
          "attributes": {
            "id": "rag-agent-poc-lambda-ingest-role:rag-agent-poc-lambda-ingest-policy",
            "name": "rag-agent-poc-lambda-ingest-policy",
            "name_prefix": "",
            "policy": "{\"Version\":\"2012-10-17\",\"Statement\":[{\"Action\":[\"s3:GetObject\",\"s3:HeadObject\"],\"Effect\":\"Allow\",\"Resource\":[\"arn:aws:s3:::rag-agent-poc-uploads-rad32rxj/*\"]},{\"Action\":[\"bedrock:InvokeModel\"],\"Effect\":\"Allow\",\"Resource\":[\"arn:aws:bedrock:ap-southeast-2:*:foundation-model/amazon.titan-embed-text-v2\"]},{\"Action\":[\"aoss:APIAccessAll\"],\"Effect\":\"Allow\",\"Resource\":[\"arn:aws:aoss:ap-southeast-2:864899848476:collection/dts2bmvcm0zmjjax0d2\"]}]}",
            "role": "rag-agent-poc-lambda-ingest-role"
          },
          "sensitive_attributes": [],
          "identity_schema_version": 0,
          "private": "bnVsbA==",
          "dependencies": [
            "aws_iam_role.lambda_ingest",
            "aws_iam_role.lambda_query",
            "aws_opensearchserverless_access_policy.data",
            "aws_opensearchserverless_collection.documents",
            "aws_opensearchserverless_security_policy.encryption",
            "aws_opensearchserverless_security_policy.network",
            "aws_s3_bucket.uploads",
            "data.aws_caller_identity.current",
            "random_string.bucket_suffix"
          ]
        }
      ]
    },
    {
      "mode": "managed",
      "type": "aws_iam_role_policy",
      "name": "lambda_query_permissions",
      "provider": "provider[\"registry.terraform.io/hashicorp/aws\"]",
      "instances": [
        {
          "schema_version": 0,
          "attributes": {
            "id": "rag-agent-poc-lambda-query-role:rag-agent-poc-lambda-query-policy",
            "name": "rag-agent-poc-lambda-query-policy",
            "name_prefix": "",
            "policy": "{\"Version\":\"2012-10-17\",\"Statement\":[{\"Action\":[\"bedrock:InvokeModel\"],\"Effect\":\"Allow\",\"Resource\":[\"arn:aws:bedrock:ap-southeast-2:*:foundation-model/amazon.titan-embed-text-v2\"]},{\"Action\":[\"aoss:APIAccessAll\"],\"Effect\":\"Allow\",\"Resource\":[\"arn:aws:aoss:ap-southeast-2:864899848476:collection/dts2bmvcm0zmjjax0d2\"]}]}",
            "role": "rag-agent-poc-lambda-query-role"
          },
          "sensitive_attributes": [],
          "identity_schema_version": 0,
          "private": "bnVsbA==",
          "dependencies": [
            "aws_iam_role.lambda_ingest",
            "aws_iam_role.lambda_query",
            "aws_opensearchserverless_access_policy.data",
            "aws_opensearchserverless_collection.documents",
            "aws_opensearchserverless_security_policy.encryption",
            "aws_opensearchserverless_security_policy.network",
            "data.aws_caller_identity.current"
          ]
        }
      ]
    },
    {
      "mode": "managed",
      "type": "aws_iam_role_policy",
      "name": "lambda_upload_s3",
      "provider": "provider[\"registry.terraform.io/hashicorp/aws\"]",
      "instances": [
        {
          "schema_version": 0,
          "attributes": {
            "id": "rag-agent-poc-lambda-upload-role:rag-agent-poc-lambda-upload-s3-policy",
            "name": "rag-agent-poc-lambda-upload-s3-policy",
            "name_prefix": "",
            "policy": "{\"Version\":\"2012-10-17\",\"Statement\":[{\"Action\":[\"s3:CreateMultipartUpload\",\"s3:CompleteMultipartUpload\",\"s3:AbortMultipartUpload\",\"s3:ListMultipartUploadParts\",\"s3:GetObjectAttributes\"],\"Effect\":\"Allow\",\"Resource\":[\"arn:aws:s3:::rag-agent-poc-uploads-rad32rxj\",\"arn:aws:s3:::rag-agent-poc-uploads-rad32rxj/*\"]}]}",
            "role": "rag-agent-poc-lambda-upload-role"
          },
          "sensitive_attributes": [],
          "identity_schema_version": 0,
          "private": "bnVsbA==",
          "dependencies": [
            "aws_iam_role.lambda_upload",
            "aws_s3_bucket.uploads",
            "random_string.bucket_suffix"
          ]
        }
      ]
    },
    {
      "mode": "managed",
      "type": "aws_iam_role_policy",
      "name": "rag_service_task_permissions",
      "provider": "provider[\"registry.terraform.io/hashicorp/aws\"]",
      "instances": [
        {
          "schema_version": 0,
          "attributes": {
            "id": "rag-agent-poc-rag-service-task-role:rag-agent-poc-rag-service-task-policy",
            "name": "rag-agent-poc-rag-service-task-policy",
            "name_prefix": "",
            "policy": "{\"Version\":\"2012-10-17\",\"Statement\":[{\"Action\":[\"s3:GetObject\",\"s3:HeadObject\",\"s3:PutObject\",\"s3:ListBucket\"],\"Effect\":\"Allow\",\"Resource\":[\"arn:aws:s3:::rag-agent-poc-uploads-rad32rxj\",\"arn:aws:s3:::rag-agent-poc-uploads-rad32rxj/*\"]},{\"Action\":[\"bedrock:InvokeModel\"],\"Effect\":\"Allow\",\"Resource\":[\"arn:aws:bedrock:ap-southeast-2:*:foundation-model/amazon.titan-embed-text-v2\"]},{\"Action\":[\"aoss:APIAccessAll\"],\"Effect\":\"Allow\",\"Resource\":[\"arn:aws:aoss:ap-southeast-2:864899848476:collection/dts2bmvcm0zmjjax0d2\"]}]}",
            "role": "rag-agent-poc-rag-service-task-role"
          },
          "sensitive_attributes": [],
          "identity_schema_version": 0,
          "private": "bnVsbA==",
          "dependencies": [
            "aws_iam_role.lambda_ingest",
            "aws_iam_role.lambda_query",
            "aws_iam_role.rag_service_task",
            "aws_opensearchserverless_access_policy.data",
            "aws_opensearchserverless_collection.documents",
            "aws_opensearchserverless_security_policy.encryption",
            "aws_opensearchserverless_security_policy.network",
            "aws_s3_bucket.uploads",
            "data.aws_caller_identity.current",
            "random_string.bucket_suffix"
          ]
        }
      ]
    },
    {
      "mode": "managed",
      "type": "aws_iam_role_policy_attachment",
      "name": "ecs_execution_role_policy",
      "provider": "provider[\"registry.terraform.io/hashicorp/aws\"]",
      "instances": [
        {
          "schema_version": 0,
          "attributes": {
            "id": "rag-agent-poc-ecs-execution-role-20250908002345117300000003",
            "policy_arn": "arn:aws:iam::aws:policy/service-role/AmazonECSTaskExecutionRolePolicy",
            "role": "rag-agent-poc-ecs-execution-role"
          },
          "sensitive_attributes": [],
          "identity_schema_version": 0,
          "private": "bnVsbA==",
          "dependencies": [
            "aws_iam_role.ecs_execution"
          ]
        }
      ]
    },
    {
      "mode": "managed",
      "type": "aws_iam_role_policy_attachment",
      "name": "lambda_basic_execution",
      "provider": "provider[\"registry.terraform.io/hashicorp/aws\"]",
      "instances": [
        {
          "index_key": "ingest",
          "schema_version": 0,
          "attributes": {
            "id": "rag-agent-poc-lambda-ingest-role-2025090800234685970000000a",
            "policy_arn": "arn:aws:iam::aws:policy/service-role/AWSLambdaBasicExecutionRole",
            "role": "rag-agent-poc-lambda-ingest-role"
          },
          "sensitive_attributes": [],
          "identity_schema_version": 0,
          "private": "bnVsbA==",
          "dependencies": [
            "aws_iam_role.lambda_ingest",
            "aws_iam_role.lambda_query",
            "aws_iam_role.lambda_upload"
          ]
        },
        {
          "index_key": "query",
          "schema_version": 0,
          "attributes": {
            "id": "rag-agent-poc-lambda-query-role-20250908002346857300000009",
            "policy_arn": "arn:aws:iam::aws:policy/service-role/AWSLambdaBasicExecutionRole",
            "role": "rag-agent-poc-lambda-query-role"
          },
          "sensitive_attributes": [],
          "identity_schema_version": 0,
          "private": "bnVsbA==",
          "dependencies": [
            "aws_iam_role.lambda_ingest",
            "aws_iam_role.lambda_query",
            "aws_iam_role.lambda_upload"
          ]
        },
        {
          "index_key": "upload",
          "schema_version": 0,
          "attributes": {
            "id": "rag-agent-poc-lambda-upload-role-20250908002346794200000008",
            "policy_arn": "arn:aws:iam::aws:policy/service-role/AWSLambdaBasicExecutionRole",
            "role": "rag-agent-poc-lambda-upload-role"
          },
          "sensitive_attributes": [],
          "identity_schema_version": 0,
          "private": "bnVsbA==",
          "dependencies": [
            "aws_iam_role.lambda_ingest",
            "aws_iam_role.lambda_query",
            "aws_iam_role.lambda_upload"
          ]
        }
      ]
    },
    {
      "mode": "managed",
      "type": "aws_iam_role_policy_attachment",
      "name": "lambda_vpc_execution",
      "provider": "provider[\"registry.terraform.io/hashicorp/aws\"]",
      "instances": [
        {
          "index_key": "ingest",
          "schema_version": 0,
          "attributes": {
            "id": "rag-agent-poc-lambda-ingest-role-20250908002346325600000006",
            "policy_arn": "arn:aws:iam::aws:policy/service-role/AWSLambdaVPCAccessExecutionRole",
            "role": "rag-agent-poc-lambda-ingest-role"
          },
          "sensitive_attributes": [],
          "identity_schema_version": 0,
          "private": "bnVsbA==",
          "dependencies": [
            "aws_iam_role.lambda_ingest",
            "aws_iam_role.lambda_query",
            "aws_iam_role.lambda_upload"
          ]
        },
        {
          "index_key": "query",
          "schema_version": 0,
          "attributes": {
            "id": "rag-agent-poc-lambda-query-role-20250908002346204400000004",
            "policy_arn": "arn:aws:iam::aws:policy/service-role/AWSLambdaVPCAccessExecutionRole",
            "role": "rag-agent-poc-lambda-query-role"
          },
          "sensitive_attributes": [],
          "identity_schema_version": 0,
          "private": "bnVsbA==",
          "dependencies": [
            "aws_iam_role.lambda_ingest",
            "aws_iam_role.lambda_query",
            "aws_iam_role.lambda_upload"
          ]
        },
        {
          "index_key": "upload",
          "schema_version": 0,
          "attributes": {
            "id": "rag-agent-poc-lambda-upload-role-20250908002346253100000005",
            "policy_arn": "arn:aws:iam::aws:policy/service-role/AWSLambdaVPCAccessExecutionRole",
            "role": "rag-agent-poc-lambda-upload-role"
          },
          "sensitive_attributes": [],
          "identity_schema_version": 0,
          "private": "bnVsbA==",
          "dependencies": [
            "aws_iam_role.lambda_ingest",
            "aws_iam_role.lambda_query",
            "aws_iam_role.lambda_upload"
          ]
        }
      ]
    },
    {
      "mode": "managed",
      "type": "aws_instance",
      "name": "rag_agent",
      "provider": "provider[\"registry.terraform.io/hashicorp/aws\"]",
      "instances": [
        {
          "schema_version": 1,
          "attributes": {
            "ami": "ami-056729a8869a8ab24",
            "arn": "arn:aws:ec2:ap-southeast-2:864899848476:instance/i-0728e8a6920dc70a5",
            "associate_public_ip_address": false,
            "availability_zone": "ap-southeast-2a",
            "capacity_reservation_specification": [
              {
                "capacity_reservation_preference": "open",
                "capacity_reservation_target": []
              }
            ],
            "cpu_core_count": 1,
            "cpu_options": [
              {
                "amd_sev_snp": "",
                "core_count": 1,
                "threads_per_core": 2
              }
            ],
            "cpu_threads_per_core": 2,
            "credit_specification": [
              {
                "cpu_credits": "unlimited"
              }
            ],
            "disable_api_stop": false,
            "disable_api_termination": false,
            "ebs_block_device": [],
            "ebs_optimized": false,
            "enable_primary_ipv6": null,
            "enclave_options": [
              {
                "enabled": false
              }
            ],
            "ephemeral_block_device": [],
            "get_password_data": false,
            "hibernation": false,
            "host_id": "",
            "host_resource_group_arn": null,
            "iam_instance_profile": "rag-agent-poc-ec2-profile",
            "id": "i-0728e8a6920dc70a5",
            "instance_initiated_shutdown_behavior": "stop",
            "instance_lifecycle": "",
            "instance_market_options": [],
            "instance_state": "running",
            "instance_type": "t3.medium",
            "ipv6_address_count": 0,
            "ipv6_addresses": [],
            "key_name": "",
            "launch_template": [],
            "maintenance_options": [
              {
                "auto_recovery": "default"
              }
            ],
            "metadata_options": [
              {
                "http_endpoint": "enabled",
                "http_protocol_ipv6": "disabled",
                "http_put_response_hop_limit": 1,
                "http_tokens": "optional",
                "instance_metadata_tags": "disabled"
              }
            ],
            "monitoring": false,
            "network_interface": [],
            "outpost_arn": "",
            "password_data": "",
            "placement_group": "",
            "placement_partition_number": 0,
            "primary_network_interface_id": "eni-0c005484183a5ae87",
            "private_dns": "ip-10-0-10-199.ap-southeast-2.compute.internal",
            "private_dns_name_options": [
              {
                "enable_resource_name_dns_a_record": false,
                "enable_resource_name_dns_aaaa_record": false,
                "hostname_type": "ip-name"
              }
            ],
            "private_ip": "10.0.10.199",
            "public_dns": "",
            "public_ip": "",
            "root_block_device": [
              {
                "delete_on_termination": true,
                "device_name": "/dev/xvda",
                "encrypted": false,
                "iops": 100,
                "kms_key_id": "",
                "tags": {},
                "tags_all": {},
                "throughput": 0,
                "volume_id": "vol-06ba6fd553545776c",
                "volume_size": 8,
                "volume_type": "gp2"
              }
            ],
            "secondary_private_ips": [],
            "security_groups": [],
            "source_dest_check": true,
            "spot_instance_request_id": "",
            "subnet_id": "subnet-02e8199cab7a43b7d",
            "tags": {
              "Environment": "poc",
              "Name": "rag-agent-poc-rag-agent",
              "Project": "rag-agent"
            },
            "tags_all": {
              "Environment": "poc",
              "Name": "rag-agent-poc-rag-agent",
              "Project": "rag-agent"
            },
            "tenancy": "default",
            "timeouts": null,
            "user_data": "52e4d9452adfdd6094f86380c59b9cb1d5d7648f",
            "user_data_base64": null,
            "user_data_replace_on_change": false,
            "volume_tags": null,
            "vpc_security_group_ids": [
              "sg-0a28e6d54c62d2e1b"
            ]
          },
          "sensitive_attributes": [],
          "identity_schema_version": 0,
          "private": "eyJlMmJmYjczMC1lY2FhLTExZTYtOGY4OC0zNDM2M2JjN2M0YzAiOnsiY3JlYXRlIjo2MDAwMDAwMDAwMDAsImRlbGV0ZSI6MTIwMDAwMDAwMDAwMCwicmVhZCI6OTAwMDAwMDAwMDAwLCJ1cGRhdGUiOjYwMDAwMDAwMDAwMH0sInNjaGVtYV92ZXJzaW9uIjoiMSJ9",
          "dependencies": [
            "aws_iam_instance_profile.rag_agent",
            "aws_iam_role.ec2_rag_agent",
            "aws_iam_role.lambda_ingest",
            "aws_iam_role.lambda_query",
            "aws_opensearchserverless_access_policy.data",
            "aws_opensearchserverless_collection.documents",
            "aws_opensearchserverless_security_policy.encryption",
            "aws_opensearchserverless_security_policy.network",
            "aws_s3_bucket.lambda_deployments",
            "aws_s3_bucket.uploads",
            "aws_s3_object.rag_jar",
            "aws_security_group.alb",
            "aws_security_group.rag_agent_ec2",
            "aws_subnet.private",
            "aws_vpc.main",
            "data.aws_availability_zones.available",
            "data.aws_caller_identity.current",
            "null_resource.maven_build",
            "random_string.bucket_suffix"
          ]
        }
      ]
    },
    {
      "mode": "managed",
      "type": "aws_internet_gateway",
      "name": "main",
      "provider": "provider[\"registry.terraform.io/hashicorp/aws\"]",
      "instances": [
        {
          "schema_version": 0,
          "attributes": {
            "arn": "arn:aws:ec2:ap-southeast-2:864899848476:internet-gateway/igw-0a2f8dd8344f16db9",
            "id": "igw-0a2f8dd8344f16db9",
            "owner_id": "864899848476",
            "tags": {
              "Environment": "poc",
              "Name": "rag-agent-poc-igw",
              "Project": "rag-agent"
            },
            "tags_all": {
              "Environment": "poc",
              "Name": "rag-agent-poc-igw",
              "Project": "rag-agent"
            },
            "timeouts": null,
            "vpc_id": "vpc-0ac669738396aab17"
          },
          "sensitive_attributes": [],
          "identity_schema_version": 0,
          "private": "eyJlMmJmYjczMC1lY2FhLTExZTYtOGY4OC0zNDM2M2JjN2M0YzAiOnsiY3JlYXRlIjoxMjAwMDAwMDAwMDAwLCJkZWxldGUiOjEyMDAwMDAwMDAwMDAsInVwZGF0ZSI6MTIwMDAwMDAwMDAwMH19",
          "dependencies": [
            "aws_vpc.main"
          ]
        }
      ]
    },
    {
      "mode": "managed",
      "type": "aws_lb",
      "name": "main",
      "provider": "provider[\"registry.terraform.io/hashicorp/aws\"]",
      "instances": [
        {
          "schema_version": 0,
          "attributes": {
            "access_logs": [
              {
                "bucket": "",
                "enabled": false,
                "prefix": ""
              }
            ],
            "arn": "arn:aws:elasticloadbalancing:ap-southeast-2:864899848476:loadbalancer/app/rag-agent-poc-alb/e0c7023ee6fc43b5",
            "arn_suffix": "app/rag-agent-poc-alb/e0c7023ee6fc43b5",
            "client_keep_alive": 3600,
            "connection_logs": [
              {
                "bucket": "",
                "enabled": false,
                "prefix": ""
              }
            ],
            "customer_owned_ipv4_pool": "",
            "desync_mitigation_mode": "defensive",
            "dns_name": "rag-agent-poc-alb-1754112323.ap-southeast-2.elb.amazonaws.com",
            "dns_record_client_routing_policy": null,
            "drop_invalid_header_fields": false,
            "enable_cross_zone_load_balancing": true,
            "enable_deletion_protection": false,
            "enable_http2": true,
            "enable_tls_version_and_cipher_suite_headers": false,
            "enable_waf_fail_open": false,
            "enable_xff_client_port": false,
            "enable_zonal_shift": false,
            "enforce_security_group_inbound_rules_on_private_link_traffic": "",
            "id": "arn:aws:elasticloadbalancing:ap-southeast-2:864899848476:loadbalancer/app/rag-agent-poc-alb/e0c7023ee6fc43b5",
            "idle_timeout": 60,
            "internal": false,
            "ip_address_type": "ipv4",
            "ipam_pools": [],
            "load_balancer_type": "application",
            "minimum_load_balancer_capacity": [],
            "name": "rag-agent-poc-alb",
            "name_prefix": "",
            "preserve_host_header": false,
            "security_groups": [
              "sg-054f054c4e0e51f87"
            ],
            "subnet_mapping": [
              {
                "allocation_id": "",
                "ipv6_address": "",
                "outpost_id": "",
                "private_ipv4_address": "",
                "subnet_id": "subnet-09ece55edeb392400"
              },
              {
                "allocation_id": "",
                "ipv6_address": "",
                "outpost_id": "",
                "private_ipv4_address": "",
                "subnet_id": "subnet-0cfe571d97ee6beaa"
              }
            ],
            "subnets": [
              "subnet-09ece55edeb392400",
              "subnet-0cfe571d97ee6beaa"
            ],
            "tags": {
              "Environment": "poc",
              "Project": "rag-agent"
            },
            "tags_all": {
              "Environment": "poc",
              "Project": "rag-agent"
            },
            "timeouts": null,
            "vpc_id": "vpc-0ac669738396aab17",
            "xff_header_processing_mode": "append",
            "zone_id": "Z1GM3OXH4ZPM65"
          },
          "sensitive_attributes": [],
          "identity_schema_version": 0,
          "private": "eyJlMmJmYjczMC1lY2FhLTExZTYtOGY4OC0zNDM2M2JjN2M0YzAiOnsiY3JlYXRlIjo2MDAwMDAwMDAwMDAsImRlbGV0ZSI6NjAwMDAwMDAwMDAwLCJ1cGRhdGUiOjYwMDAwMDAwMDAwMH0sInNjaGVtYV92ZXJzaW9uIjoiMCJ9",
          "dependencies": [
            "aws_security_group.alb",
            "aws_subnet.public",
            "aws_vpc.main",
            "data.aws_availability_zones.available"
          ]
        }
      ]
    },
    {
      "mode": "managed",
      "type": "aws_lb_listener",
      "name": "main",
      "provider": "provider[\"registry.terraform.io/hashicorp/aws\"]",
      "instances": [
        {
          "schema_version": 0,
          "attributes": {
            "alpn_policy": null,
            "arn": "arn:aws:elasticloadbalancing:ap-southeast-2:864899848476:listener/app/rag-agent-poc-alb/e0c7023ee6fc43b5/e29945d1f98a0c52",
            "certificate_arn": null,
            "default_action": [
              {
                "authenticate_cognito": [],
                "authenticate_oidc": [],
                "fixed_response": [],
                "forward": [],
                "order": 1,
                "redirect": [],
                "target_group_arn": "arn:aws:elasticloadbalancing:ap-southeast-2:864899848476:targetgroup/rag-agent-poc-ec2-tg/c13073fa37aa4bd3",
                "type": "forward"
              }
            ],
            "id": "arn:aws:elasticloadbalancing:ap-southeast-2:864899848476:listener/app/rag-agent-poc-alb/e0c7023ee6fc43b5/e29945d1f98a0c52",
            "load_balancer_arn": "arn:aws:elasticloadbalancing:ap-southeast-2:864899848476:loadbalancer/app/rag-agent-poc-alb/e0c7023ee6fc43b5",
            "mutual_authentication": [],
            "port": 80,
            "protocol": "HTTP",
            "routing_http_request_x_amzn_mtls_clientcert_header_name": null,
            "routing_http_request_x_amzn_mtls_clientcert_issuer_header_name": null,
            "routing_http_request_x_amzn_mtls_clientcert_leaf_header_name": null,
            "routing_http_request_x_amzn_mtls_clientcert_serial_number_header_name": null,
            "routing_http_request_x_amzn_mtls_clientcert_subject_header_name": null,
            "routing_http_request_x_amzn_mtls_clientcert_validity_header_name": null,
            "routing_http_request_x_amzn_tls_cipher_suite_header_name": null,
            "routing_http_request_x_amzn_tls_version_header_name": null,
            "routing_http_response_access_control_allow_credentials_header_value": "",
            "routing_http_response_access_control_allow_headers_header_value": "",
            "routing_http_response_access_control_allow_methods_header_value": "",
            "routing_http_response_access_control_allow_origin_header_value": "",
            "routing_http_response_access_control_expose_headers_header_value": "",
            "routing_http_response_access_control_max_age_header_value": "",
            "routing_http_response_content_security_policy_header_value": "",
            "routing_http_response_server_enabled": true,
            "routing_http_response_strict_transport_security_header_value": "",
            "routing_http_response_x_content_type_options_header_value": "",
            "routing_http_response_x_frame_options_header_value": "",
            "ssl_policy": "",
            "tags": {
              "Environment": "poc",
              "Project": "rag-agent"
            },
            "tags_all": {
              "Environment": "poc",
              "Project": "rag-agent"
            },
            "tcp_idle_timeout_seconds": null,
            "timeouts": null
          },
          "sensitive_attributes": [],
          "identity_schema_version": 0,
          "private": "eyJlMmJmYjczMC1lY2FhLTExZTYtOGY4OC0zNDM2M2JjN2M0YzAiOnsiY3JlYXRlIjozMDAwMDAwMDAwMDAsInVwZGF0ZSI6MzAwMDAwMDAwMDAwfX0=",
          "dependencies": [
            "aws_lb.main",
            "aws_lb_target_group.rag_agent_ec2",
            "aws_security_group.alb",
            "aws_subnet.public",
            "aws_vpc.main",
            "data.aws_availability_zones.available"
          ]
        }
      ]
    },
    {
      "mode": "managed",
      "type": "aws_lb_target_group",
      "name": "rag_agent_ec2",
      "provider": "provider[\"registry.terraform.io/hashicorp/aws\"]",
      "instances": [
        {
          "schema_version": 0,
          "attributes": {
            "arn": "arn:aws:elasticloadbalancing:ap-southeast-2:864899848476:targetgroup/rag-agent-poc-ec2-tg/c13073fa37aa4bd3",
            "arn_suffix": "targetgroup/rag-agent-poc-ec2-tg/c13073fa37aa4bd3",
            "connection_termination": null,
            "deregistration_delay": "300",
            "health_check": [
              {
                "enabled": true,
                "healthy_threshold": 2,
                "interval": 30,
                "matcher": "200",
                "path": "/health",
                "port": "traffic-port",
                "protocol": "HTTP",
                "timeout": 10,
                "unhealthy_threshold": 3
              }
            ],
            "id": "arn:aws:elasticloadbalancing:ap-southeast-2:864899848476:targetgroup/rag-agent-poc-ec2-tg/c13073fa37aa4bd3",
            "ip_address_type": "ipv4",
            "lambda_multi_value_headers_enabled": false,
            "load_balancer_arns": [
              "arn:aws:elasticloadbalancing:ap-southeast-2:864899848476:loadbalancer/app/rag-agent-poc-alb/e0c7023ee6fc43b5"
            ],
            "load_balancing_algorithm_type": "round_robin",
            "load_balancing_anomaly_mitigation": "off",
            "load_balancing_cross_zone_enabled": "use_load_balancer_configuration",
            "name": "rag-agent-poc-ec2-tg",
            "name_prefix": "",
            "port": 8080,
            "preserve_client_ip": null,
            "protocol": "HTTP",
            "protocol_version": "HTTP1",
            "proxy_protocol_v2": false,
            "slow_start": 0,
            "stickiness": [
              {
                "cookie_duration": 86400,
                "cookie_name": "",
                "enabled": false,
                "type": "lb_cookie"
              }
            ],
            "tags": {
              "Environment": "poc",
              "Project": "rag-agent"
            },
            "tags_all": {
              "Environment": "poc",
              "Project": "rag-agent"
            },
            "target_failover": [
              {
                "on_deregistration": null,
                "on_unhealthy": null
              }
            ],
            "target_group_health": [
              {
                "dns_failover": [
                  {
                    "minimum_healthy_targets_count": "1",
                    "minimum_healthy_targets_percentage": "off"
                  }
                ],
                "unhealthy_state_routing": [
                  {
                    "minimum_healthy_targets_count": 1,
                    "minimum_healthy_targets_percentage": "off"
                  }
                ]
              }
            ],
            "target_health_state": [
              {
                "enable_unhealthy_connection_termination": null,
                "unhealthy_draining_interval": null
              }
            ],
            "target_type": "instance",
            "vpc_id": "vpc-0ac669738396aab17"
          },
          "sensitive_attributes": [],
          "identity_schema_version": 0,
          "private": "bnVsbA==",
          "dependencies": [
            "aws_vpc.main"
          ]
        }
      ]
    },
    {
      "mode": "managed",
      "type": "aws_lb_target_group_attachment",
      "name": "rag_agent_ec2",
      "provider": "provider[\"registry.terraform.io/hashicorp/aws\"]",
      "instances": [
        {
          "schema_version": 0,
          "attributes": {
            "availability_zone": null,
            "id": "arn:aws:elasticloadbalancing:ap-southeast-2:864899848476:targetgroup/rag-agent-poc-ec2-tg/c13073fa37aa4bd3-20250908011302773400000004",
            "port": 8080,
            "target_group_arn": "arn:aws:elasticloadbalancing:ap-southeast-2:864899848476:targetgroup/rag-agent-poc-ec2-tg/c13073fa37aa4bd3",
            "target_id": "i-0728e8a6920dc70a5"
          },
          "sensitive_attributes": [],
          "identity_schema_version": 0,
          "private": "bnVsbA==",
          "dependencies": [
            "aws_iam_instance_profile.rag_agent",
            "aws_iam_role.ec2_rag_agent",
            "aws_iam_role.lambda_ingest",
            "aws_iam_role.lambda_query",
            "aws_instance.rag_agent",
            "aws_lb_target_group.rag_agent_ec2",
            "aws_opensearchserverless_access_policy.data",
            "aws_opensearchserverless_collection.documents",
            "aws_opensearchserverless_security_policy.encryption",
            "aws_opensearchserverless_security_policy.network",
            "aws_s3_bucket.lambda_deployments",
            "aws_s3_bucket.uploads",
            "aws_s3_object.rag_jar",
            "aws_security_group.alb",
            "aws_security_group.rag_agent_ec2",
            "aws_subnet.private",
            "aws_vpc.main",
            "data.aws_availability_zones.available",
            "data.aws_caller_identity.current",
            "null_resource.maven_build",
            "random_string.bucket_suffix"
          ]
        }
      ]
    },
    {
      "mode": "managed",
      "type": "aws_nat_gateway",
      "name": "main",
      "provider": "provider[\"registry.terraform.io/hashicorp/aws\"]",
      "instances": [
        {
          "index_key": 0,
          "schema_version": 0,
          "attributes": {
            "allocation_id": "eipalloc-0e741fbe94aadddb1",
            "association_id": "",
            "connectivity_type": "public",
            "id": "nat-04a1f7e7a308a3933",
            "network_interface_id": "eni-005bb880aaf143c1a",
            "private_ip": "10.0.1.21",
            "public_ip": "",
            "secondary_allocation_ids": [],
            "secondary_private_ip_address_count": 0,
            "secondary_private_ip_addresses": [],
            "subnet_id": "subnet-09ece55edeb392400",
            "tags": {
              "Environment": "poc",
              "Name": "rag-agent-poc-nat-gw-1",
              "Project": "rag-agent"
            },
            "tags_all": {
              "Environment": "poc",
              "Name": "rag-agent-poc-nat-gw-1",
              "Project": "rag-agent"
            },
            "timeouts": null
          },
          "sensitive_attributes": [],
          "identity_schema_version": 0,
          "private": "eyJlMmJmYjczMC1lY2FhLTExZTYtOGY4OC0zNDM2M2JjN2M0YzAiOnsiY3JlYXRlIjo2MDAwMDAwMDAwMDAsImRlbGV0ZSI6MTgwMDAwMDAwMDAwMCwidXBkYXRlIjo2MDAwMDAwMDAwMDB9LCJzY2hlbWFfdmVyc2lvbiI6IjAifQ==",
          "dependencies": [
            "aws_eip.nat",
            "aws_internet_gateway.main",
            "aws_subnet.public",
            "aws_vpc.main",
            "data.aws_availability_zones.available"
          ]
        },
        {
          "index_key": 1,
          "schema_version": 0,
          "attributes": {
            "allocation_id": "eipalloc-0df424f4d53dc3d36",
            "association_id": "eipassoc-08bdef16194713043",
            "connectivity_type": "public",
            "id": "nat-06ceccf74942d2a08",
            "network_interface_id": "eni-0698e0cf89fe40a6a",
            "private_ip": "10.0.2.78",
            "public_ip": "3.106.160.93",
            "secondary_allocation_ids": [],
            "secondary_private_ip_address_count": 0,
            "secondary_private_ip_addresses": [],
            "subnet_id": "subnet-0cfe571d97ee6beaa",
            "tags": {
              "Environment": "poc",
              "Name": "rag-agent-poc-nat-gw-2",
              "Project": "rag-agent"
            },
            "tags_all": {
              "Environment": "poc",
              "Name": "rag-agent-poc-nat-gw-2",
              "Project": "rag-agent"
            },
            "timeouts": null
          },
          "sensitive_attributes": [],
          "identity_schema_version": 0,
          "private": "eyJlMmJmYjczMC1lY2FhLTExZTYtOGY4OC0zNDM2M2JjN2M0YzAiOnsiY3JlYXRlIjo2MDAwMDAwMDAwMDAsImRlbGV0ZSI6MTgwMDAwMDAwMDAwMCwidXBkYXRlIjo2MDAwMDAwMDAwMDB9LCJzY2hlbWFfdmVyc2lvbiI6IjAifQ==",
          "dependencies": [
            "aws_eip.nat",
            "aws_internet_gateway.main",
            "aws_subnet.public",
            "aws_vpc.main",
            "data.aws_availability_zones.available"
          ]
        }
      ]
    },
    {
      "mode": "managed",
      "type": "aws_opensearchserverless_access_policy",
      "name": "data",
      "provider": "provider[\"registry.terraform.io/hashicorp/aws\"]",
      "instances": [
        {
          "schema_version": 0,
          "attributes": {
            "description": null,
            "id": "rag-agent-poc-data-policy",
            "name": "rag-agent-poc-data-policy",
            "policy": "[{\"Principal\":[\"arn:aws:sts::864899848476:assumed-role/AWSReservedSSO_AWSAdministratorAccess_1a96398ebfbc5f4f/Kiran.Menon@dbizsolution.com\",\"arn:aws:iam::864899848476:role/rag-agent-poc-lambda-ingest-role\",\"arn:aws:iam::864899848476:role/rag-agent-poc-lambda-query-role\"],\"Rules\":[{\"Permission\":[\"aoss:CreateCollectionItems\",\"aoss:DeleteCollectionItems\",\"aoss:UpdateCollectionItems\",\"aoss:DescribeCollectionItems\"],\"Resource\":[\"collection/rag-agent-poc-documents\"],\"ResourceType\":\"collection\"},{\"Permission\":[\"aoss:CreateIndex\",\"aoss:DeleteIndex\",\"aoss:UpdateIndex\",\"aoss:DescribeIndex\",\"aoss:ReadDocument\",\"aoss:WriteDocument\"],\"Resource\":[\"index/rag-agent-poc-documents/*\"],\"ResourceType\":\"index\"}]}]",
            "policy_version": "MTc1NzI5MTAyNjczOV8x",
            "type": "data"
          },
          "sensitive_attributes": [],
          "identity_schema_version": 0,
          "dependencies": [
            "aws_iam_role.lambda_ingest",
            "aws_iam_role.lambda_query",
            "data.aws_caller_identity.current"
          ]
        }
      ]
    },
    {
      "mode": "managed",
      "type": "aws_opensearchserverless_collection",
      "name": "documents",
      "provider": "provider[\"registry.terraform.io/hashicorp/aws\"]",
      "instances": [
        {
          "schema_version": 0,
          "attributes": {
            "arn": "arn:aws:aoss:ap-southeast-2:864899848476:collection/dts2bmvcm0zmjjax0d2",
            "collection_endpoint": "https://dts2bmvcm0zmjjax0d2.ap-southeast-2.aoss.amazonaws.com",
            "dashboard_endpoint": "https://dts2bmvcm0zmjjax0d2.ap-southeast-2.aoss.amazonaws.com/_dashboards",
            "description": null,
            "id": "dts2bmvcm0zmjjax0d2",
            "kms_key_arn": "auto",
            "name": "rag-agent-poc-documents",
            "standby_replicas": "ENABLED",
            "tags": null,
            "tags_all": {},
            "timeouts": null,
            "type": "VECTORSEARCH"
          },
          "sensitive_attributes": [],
          "identity_schema_version": 0,
          "dependencies": [
            "aws_iam_role.lambda_ingest",
            "aws_iam_role.lambda_query",
            "aws_opensearchserverless_access_policy.data",
            "aws_opensearchserverless_security_policy.encryption",
            "aws_opensearchserverless_security_policy.network",
            "data.aws_caller_identity.current"
          ]
        }
      ]
    },
    {
      "mode": "managed",
      "type": "aws_opensearchserverless_security_policy",
      "name": "encryption",
      "provider": "provider[\"registry.terraform.io/hashicorp/aws\"]",
      "instances": [
        {
          "schema_version": 0,
          "attributes": {
            "description": null,
            "id": "rag-agent-poc-encryption-policy",
            "name": "rag-agent-poc-encryption-policy",
            "policy": "{\"AWSOwnedKey\":true,\"Rules\":[{\"Resource\":[\"collection/rag-agent-poc-documents\"],\"ResourceType\":\"collection\"}]}",
            "policy_version": "MTc1NzI5MTAyNDg0NV8x",
            "type": "encryption"
          },
          "sensitive_attributes": [],
          "identity_schema_version": 0
        }
      ]
    },
    {
      "mode": "managed",
      "type": "aws_opensearchserverless_security_policy",
      "name": "network",
      "provider": "provider[\"registry.terraform.io/hashicorp/aws\"]",
      "instances": [
        {
          "schema_version": 0,
          "attributes": {
            "description": null,
            "id": "rag-agent-poc-network-policy",
            "name": "rag-agent-poc-network-policy",
            "policy": "[{\"AllowFromPublic\":true,\"Rules\":[{\"Resource\":[\"collection/rag-agent-poc-documents\"],\"ResourceType\":\"collection\"}]}]",
            "policy_version": "MTc1NzI5MTAyMjg4MF8x",
            "type": "network"
          },
          "sensitive_attributes": [],
          "identity_schema_version": 0
        }
      ]
    },
    {
      "mode": "managed",
      "type": "aws_route_table",
      "name": "private",
      "provider": "provider[\"registry.terraform.io/hashicorp/aws\"]",
      "instances": [
        {
          "index_key": 0,
          "schema_version": 0,
          "attributes": {
            "arn": "arn:aws:ec2:ap-southeast-2:864899848476:route-table/rtb-064204ca759f935a4",
            "id": "rtb-064204ca759f935a4",
            "owner_id": "864899848476",
            "propagating_vgws": [],
            "route": [
              {
                "carrier_gateway_id": "",
                "cidr_block": "0.0.0.0/0",
                "core_network_arn": "",
                "destination_prefix_list_id": "",
                "egress_only_gateway_id": "",
                "gateway_id": "",
                "ipv6_cidr_block": "",
                "local_gateway_id": "",
                "nat_gateway_id": "nat-04a1f7e7a308a3933",
                "network_interface_id": "",
                "transit_gateway_id": "",
                "vpc_endpoint_id": "",
                "vpc_peering_connection_id": ""
              }
            ],
            "tags": {
              "Environment": "poc",
              "Name": "rag-agent-poc-private-rt-1",
              "Project": "rag-agent"
            },
            "tags_all": {
              "Environment": "poc",
              "Name": "rag-agent-poc-private-rt-1",
              "Project": "rag-agent"
            },
            "timeouts": null,
            "vpc_id": "vpc-0ac669738396aab17"
          },
          "sensitive_attributes": [],
          "identity_schema_version": 0,
          "private": "eyJlMmJmYjczMC1lY2FhLTExZTYtOGY4OC0zNDM2M2JjN2M0YzAiOnsiY3JlYXRlIjozMDAwMDAwMDAwMDAsImRlbGV0ZSI6MzAwMDAwMDAwMDAwLCJ1cGRhdGUiOjEyMDAwMDAwMDAwMH19",
          "dependencies": [
            "aws_eip.nat",
            "aws_internet_gateway.main",
            "aws_nat_gateway.main",
            "aws_subnet.public",
            "aws_vpc.main",
            "data.aws_availability_zones.available"
          ]
        },
        {
          "index_key": 1,
          "schema_version": 0,
          "attributes": {
            "arn": "arn:aws:ec2:ap-southeast-2:864899848476:route-table/rtb-061b3f1e8c5b0bd9d",
            "id": "rtb-061b3f1e8c5b0bd9d",
            "owner_id": "864899848476",
            "propagating_vgws": [],
            "route": [
              {
                "carrier_gateway_id": "",
                "cidr_block": "0.0.0.0/0",
                "core_network_arn": "",
                "destination_prefix_list_id": "",
                "egress_only_gateway_id": "",
                "gateway_id": "",
                "ipv6_cidr_block": "",
                "local_gateway_id": "",
                "nat_gateway_id": "nat-06ceccf74942d2a08",
                "network_interface_id": "",
                "transit_gateway_id": "",
                "vpc_endpoint_id": "",
                "vpc_peering_connection_id": ""
              }
            ],
            "tags": {
              "Environment": "poc",
              "Name": "rag-agent-poc-private-rt-2",
              "Project": "rag-agent"
            },
            "tags_all": {
              "Environment": "poc",
              "Name": "rag-agent-poc-private-rt-2",
              "Project": "rag-agent"
            },
            "timeouts": null,
            "vpc_id": "vpc-0ac669738396aab17"
          },
          "sensitive_attributes": [],
          "identity_schema_version": 0,
          "private": "eyJlMmJmYjczMC1lY2FhLTExZTYtOGY4OC0zNDM2M2JjN2M0YzAiOnsiY3JlYXRlIjozMDAwMDAwMDAwMDAsImRlbGV0ZSI6MzAwMDAwMDAwMDAwLCJ1cGRhdGUiOjEyMDAwMDAwMDAwMH0sInNjaGVtYV92ZXJzaW9uIjoiMCJ9",
          "dependencies": [
            "aws_eip.nat",
            "aws_internet_gateway.main",
            "aws_nat_gateway.main",
            "aws_subnet.public",
            "aws_vpc.main",
            "data.aws_availability_zones.available"
          ]
        }
      ]
    },
    {
      "mode": "managed",
      "type": "aws_route_table",
      "name": "public",
      "provider": "provider[\"registry.terraform.io/hashicorp/aws\"]",
      "instances": [
        {
          "schema_version": 0,
          "attributes": {
            "arn": "arn:aws:ec2:ap-southeast-2:864899848476:route-table/rtb-04ccbd5fbe9c099a1",
            "id": "rtb-04ccbd5fbe9c099a1",
            "owner_id": "864899848476",
            "propagating_vgws": [],
            "route": [
              {
                "carrier_gateway_id": "",
                "cidr_block": "0.0.0.0/0",
                "core_network_arn": "",
                "destination_prefix_list_id": "",
                "egress_only_gateway_id": "",
                "gateway_id": "igw-0a2f8dd8344f16db9",
                "ipv6_cidr_block": "",
                "local_gateway_id": "",
                "nat_gateway_id": "",
                "network_interface_id": "",
                "transit_gateway_id": "",
                "vpc_endpoint_id": "",
                "vpc_peering_connection_id": ""
              }
            ],
            "tags": {
              "Environment": "poc",
              "Name": "rag-agent-poc-public-rt",
              "Project": "rag-agent"
            },
            "tags_all": {
              "Environment": "poc",
              "Name": "rag-agent-poc-public-rt",
              "Project": "rag-agent"
            },
            "timeouts": null,
            "vpc_id": "vpc-0ac669738396aab17"
          },
          "sensitive_attributes": [],
          "identity_schema_version": 0,
          "private": "eyJlMmJmYjczMC1lY2FhLTExZTYtOGY4OC0zNDM2M2JjN2M0YzAiOnsiY3JlYXRlIjozMDAwMDAwMDAwMDAsImRlbGV0ZSI6MzAwMDAwMDAwMDAwLCJ1cGRhdGUiOjEyMDAwMDAwMDAwMH19",
          "dependencies": [
            "aws_internet_gateway.main",
            "aws_vpc.main"
          ]
        }
      ]
    },
    {
      "mode": "managed",
      "type": "aws_route_table_association",
      "name": "private",
      "provider": "provider[\"registry.terraform.io/hashicorp/aws\"]",
      "instances": [
        {
          "index_key": 0,
          "schema_version": 0,
          "attributes": {
            "gateway_id": "",
            "id": "rtbassoc-0a4ad4957e91e3560",
            "route_table_id": "rtb-064204ca759f935a4",
            "subnet_id": "subnet-02e8199cab7a43b7d",
            "timeouts": null
          },
          "sensitive_attributes": [],
          "identity_schema_version": 0,
          "private": "eyJlMmJmYjczMC1lY2FhLTExZTYtOGY4OC0zNDM2M2JjN2M0YzAiOnsiY3JlYXRlIjozMDAwMDAwMDAwMDAsImRlbGV0ZSI6MzAwMDAwMDAwMDAwLCJ1cGRhdGUiOjEyMDAwMDAwMDAwMH0sInNjaGVtYV92ZXJzaW9uIjoiMCJ9",
          "dependencies": [
            "aws_eip.nat",
            "aws_internet_gateway.main",
            "aws_nat_gateway.main",
            "aws_route_table.private",
            "aws_subnet.private",
            "aws_subnet.public",
            "aws_vpc.main",
            "data.aws_availability_zones.available"
          ]
        },
        {
          "index_key": 1,
          "schema_version": 0,
          "attributes": {
            "gateway_id": "",
            "id": "rtbassoc-0700e2acdc678fb40",
            "route_table_id": "rtb-061b3f1e8c5b0bd9d",
            "subnet_id": "subnet-0d3487ca54006e8cd",
            "timeouts": null
          },
          "sensitive_attributes": [],
          "identity_schema_version": 0,
          "private": "eyJlMmJmYjczMC1lY2FhLTExZTYtOGY4OC0zNDM2M2JjN2M0YzAiOnsiY3JlYXRlIjozMDAwMDAwMDAwMDAsImRlbGV0ZSI6MzAwMDAwMDAwMDAwLCJ1cGRhdGUiOjEyMDAwMDAwMDAwMH0sInNjaGVtYV92ZXJzaW9uIjoiMCJ9",
          "dependencies": [
            "aws_eip.nat",
            "aws_internet_gateway.main",
            "aws_nat_gateway.main",
            "aws_route_table.private",
            "aws_subnet.private",
            "aws_subnet.public",
            "aws_vpc.main",
            "data.aws_availability_zones.available"
          ]
        }
      ]
    },
    {
      "mode": "managed",
      "type": "aws_route_table_association",
      "name": "public",
      "provider": "provider[\"registry.terraform.io/hashicorp/aws\"]",
      "instances": [
        {
          "index_key": 0,
          "schema_version": 0,
          "attributes": {
            "gateway_id": "",
            "id": "rtbassoc-0bc0276de1a131b97",
            "route_table_id": "rtb-04ccbd5fbe9c099a1",
            "subnet_id": "subnet-09ece55edeb392400",
            "timeouts": null
          },
          "sensitive_attributes": [],
          "identity_schema_version": 0,
          "private": "eyJlMmJmYjczMC1lY2FhLTExZTYtOGY4OC0zNDM2M2JjN2M0YzAiOnsiY3JlYXRlIjozMDAwMDAwMDAwMDAsImRlbGV0ZSI6MzAwMDAwMDAwMDAwLCJ1cGRhdGUiOjEyMDAwMDAwMDAwMH19",
          "dependencies": [
            "aws_internet_gateway.main",
            "aws_route_table.public",
            "aws_subnet.public",
            "aws_vpc.main",
            "data.aws_availability_zones.available"
          ]
        },
        {
          "index_key": 1,
          "schema_version": 0,
          "attributes": {
            "gateway_id": "",
            "id": "rtbassoc-04ebd6a32ad2fd6b1",
            "route_table_id": "rtb-04ccbd5fbe9c099a1",
            "subnet_id": "subnet-0cfe571d97ee6beaa",
            "timeouts": null
          },
          "sensitive_attributes": [],
          "identity_schema_version": 0,
          "private": "eyJlMmJmYjczMC1lY2FhLTExZTYtOGY4OC0zNDM2M2JjN2M0YzAiOnsiY3JlYXRlIjozMDAwMDAwMDAwMDAsImRlbGV0ZSI6MzAwMDAwMDAwMDAwLCJ1cGRhdGUiOjEyMDAwMDAwMDAwMH19",
          "dependencies": [
            "aws_internet_gateway.main",
            "aws_route_table.public",
            "aws_subnet.public",
            "aws_vpc.main",
            "data.aws_availability_zones.available"
          ]
        }
      ]
    },
    {
      "mode": "managed",
      "type": "aws_s3_bucket",
      "name": "lambda_deployments",
      "provider": "provider[\"registry.terraform.io/hashicorp/aws\"]",
      "instances": [
        {
          "schema_version": 0,
          "attributes": {
            "acceleration_status": "",
            "acl": null,
            "arn": "arn:aws:s3:::rag-agent-poc-lambda-deployments-rad32rxj",
            "bucket": "rag-agent-poc-lambda-deployments-rad32rxj",
            "bucket_domain_name": "rag-agent-poc-lambda-deployments-rad32rxj.s3.amazonaws.com",
            "bucket_prefix": "",
            "bucket_regional_domain_name": "rag-agent-poc-lambda-deployments-rad32rxj.s3.ap-southeast-2.amazonaws.com",
            "cors_rule": [],
            "force_destroy": false,
            "grant": [
              {
                "id": "576eab0f2a8364a80201fdebe1a47fb03702ea33e5be4fafe58a1c60109f821e",
                "permissions": [
                  "FULL_CONTROL"
                ],
                "type": "CanonicalUser",
                "uri": ""
              }
            ],
            "hosted_zone_id": "Z1WCIGYICN2BYD",
            "id": "rag-agent-poc-lambda-deployments-rad32rxj",
            "lifecycle_rule": [],
            "logging": [],
            "object_lock_configuration": [],
            "object_lock_enabled": false,
            "policy": "",
            "region": "ap-southeast-2",
            "replication_configuration": [],
            "request_payer": "BucketOwner",
            "server_side_encryption_configuration": [
              {
                "rule": [
                  {
                    "apply_server_side_encryption_by_default": [
                      {
                        "kms_master_key_id": "",
                        "sse_algorithm": "AES256"
                      }
                    ],
                    "bucket_key_enabled": false
                  }
                ]
              }
            ],
            "tags": {
              "Environment": "poc",
              "Name": "rag-agent-poc-lambda-deployments",
              "Project": "rag-agent"
            },
            "tags_all": {
              "Environment": "poc",
              "Name": "rag-agent-poc-lambda-deployments",
              "Project": "rag-agent"
            },
            "timeouts": null,
            "versioning": [
              {
                "enabled": false,
                "mfa_delete": false
              }
            ],
            "website": [],
            "website_domain": null,
            "website_endpoint": null
          },
          "sensitive_attributes": [],
          "identity_schema_version": 0,
          "private": "eyJlMmJmYjczMC1lY2FhLTExZTYtOGY4OC0zNDM2M2JjN2M0YzAiOnsiY3JlYXRlIjoxMjAwMDAwMDAwMDAwLCJkZWxldGUiOjM2MDAwMDAwMDAwMDAsInJlYWQiOjEyMDAwMDAwMDAwMDAsInVwZGF0ZSI6MTIwMDAwMDAwMDAwMH19",
          "dependencies": [
            "random_string.bucket_suffix"
          ]
        }
      ]
    },
    {
      "mode": "managed",
      "type": "aws_s3_bucket",
      "name": "litellm_config",
      "provider": "provider[\"registry.terraform.io/hashicorp/aws\"]",
      "instances": [
        {
          "schema_version": 0,
          "attributes": {
            "acceleration_status": "",
            "acl": null,
            "arn": "arn:aws:s3:::rag-agent-poc-litellm-config-rad32rxj",
            "bucket": "rag-agent-poc-litellm-config-rad32rxj",
            "bucket_domain_name": "rag-agent-poc-litellm-config-rad32rxj.s3.amazonaws.com",
            "bucket_prefix": "",
            "bucket_regional_domain_name": "rag-agent-poc-litellm-config-rad32rxj.s3.ap-southeast-2.amazonaws.com",
            "cors_rule": [],
            "force_destroy": false,
            "grant": [
              {
                "id": "576eab0f2a8364a80201fdebe1a47fb03702ea33e5be4fafe58a1c60109f821e",
                "permissions": [
                  "FULL_CONTROL"
                ],
                "type": "CanonicalUser",
                "uri": ""
              }
            ],
            "hosted_zone_id": "Z1WCIGYICN2BYD",
            "id": "rag-agent-poc-litellm-config-rad32rxj",
            "lifecycle_rule": [],
            "logging": [],
            "object_lock_configuration": [],
            "object_lock_enabled": false,
            "policy": "",
            "region": "ap-southeast-2",
            "replication_configuration": [],
            "request_payer": "BucketOwner",
            "server_side_encryption_configuration": [
              {
                "rule": [
                  {
                    "apply_server_side_encryption_by_default": [
                      {
                        "kms_master_key_id": "",
                        "sse_algorithm": "AES256"
                      }
                    ],
                    "bucket_key_enabled": false
                  }
                ]
              }
            ],
            "tags": {
              "Environment": "poc",
              "Name": "rag-agent-poc-litellm-config",
              "Project": "rag-agent"
            },
            "tags_all": {
              "Environment": "poc",
              "Name": "rag-agent-poc-litellm-config",
              "Project": "rag-agent"
            },
            "timeouts": null,
            "versioning": [
              {
                "enabled": true,
                "mfa_delete": false
              }
            ],
            "website": [],
            "website_domain": null,
            "website_endpoint": null
          },
          "sensitive_attributes": [],
          "identity_schema_version": 0,
          "private": "eyJlMmJmYjczMC1lY2FhLTExZTYtOGY4OC0zNDM2M2JjN2M0YzAiOnsiY3JlYXRlIjoxMjAwMDAwMDAwMDAwLCJkZWxldGUiOjM2MDAwMDAwMDAwMDAsInJlYWQiOjEyMDAwMDAwMDAwMDAsInVwZGF0ZSI6MTIwMDAwMDAwMDAwMH19",
          "dependencies": [
            "random_string.bucket_suffix"
          ]
        }
      ]
    },
    {
      "mode": "managed",
      "type": "aws_s3_bucket",
      "name": "ui",
      "provider": "provider[\"registry.terraform.io/hashicorp/aws\"]",
      "instances": [
        {
          "schema_version": 0,
          "attributes": {
            "acceleration_status": "",
            "acl": null,
            "arn": "arn:aws:s3:::rag-agent-poc-ui-rad32rxj",
            "bucket": "rag-agent-poc-ui-rad32rxj",
            "bucket_domain_name": "rag-agent-poc-ui-rad32rxj.s3.amazonaws.com",
            "bucket_prefix": "",
            "bucket_regional_domain_name": "rag-agent-poc-ui-rad32rxj.s3.ap-southeast-2.amazonaws.com",
            "cors_rule": [
              {
                "allowed_headers": [
                  "*"
                ],
                "allowed_methods": [
                  "GET",
                  "HEAD"
                ],
                "allowed_origins": [
                  "*"
                ],
                "expose_headers": [],
                "max_age_seconds": 3000
              }
            ],
            "force_destroy": false,
            "grant": [
              {
                "id": "576eab0f2a8364a80201fdebe1a47fb03702ea33e5be4fafe58a1c60109f821e",
                "permissions": [
                  "FULL_CONTROL"
                ],
                "type": "CanonicalUser",
                "uri": ""
              }
            ],
            "hosted_zone_id": "Z1WCIGYICN2BYD",
            "id": "rag-agent-poc-ui-rad32rxj",
            "lifecycle_rule": [],
            "logging": [],
            "object_lock_configuration": [],
            "object_lock_enabled": false,
            "policy": "{\"Statement\":[{\"Action\":\"s3:GetObject\",\"Effect\":\"Allow\",\"Principal\":\"*\",\"Resource\":\"arn:aws:s3:::rag-agent-poc-ui-rad32rxj/*\",\"Sid\":\"PublicReadGetObject\"}],\"Version\":\"2012-10-17\"}",
            "region": "ap-southeast-2",
            "replication_configuration": [],
            "request_payer": "BucketOwner",
            "server_side_encryption_configuration": [
              {
                "rule": [
                  {
                    "apply_server_side_encryption_by_default": [
                      {
                        "kms_master_key_id": "",
                        "sse_algorithm": "AES256"
                      }
                    ],
                    "bucket_key_enabled": false
                  }
                ]
              }
            ],
            "tags": {
              "Environment": "poc",
              "Name": "rag-agent-poc-ui",
              "Project": "rag-agent"
            },
            "tags_all": {
              "Environment": "poc",
              "Name": "rag-agent-poc-ui",
              "Project": "rag-agent"
            },
            "timeouts": null,
            "versioning": [
              {
                "enabled": false,
                "mfa_delete": false
              }
            ],
            "website": [
              {
                "error_document": "error.html",
                "index_document": "index.html",
                "redirect_all_requests_to": "",
                "routing_rules": ""
              }
            ],
            "website_domain": "s3-website-ap-southeast-2.amazonaws.com",
            "website_endpoint": "rag-agent-poc-ui-rad32rxj.s3-website-ap-southeast-2.amazonaws.com"
          },
          "sensitive_attributes": [],
          "identity_schema_version": 0,
          "private": "eyJlMmJmYjczMC1lY2FhLTExZTYtOGY4OC0zNDM2M2JjN2M0YzAiOnsiY3JlYXRlIjoxMjAwMDAwMDAwMDAwLCJkZWxldGUiOjM2MDAwMDAwMDAwMDAsInJlYWQiOjEyMDAwMDAwMDAwMDAsInVwZGF0ZSI6MTIwMDAwMDAwMDAwMH19",
          "dependencies": [
            "random_string.bucket_suffix"
          ]
        }
      ]
    },
    {
      "mode": "managed",
      "type": "aws_s3_bucket",
      "name": "uploads",
      "provider": "provider[\"registry.terraform.io/hashicorp/aws\"]",
      "instances": [
        {
          "schema_version": 0,
          "attributes": {
            "acceleration_status": "",
            "acl": null,
            "arn": "arn:aws:s3:::rag-agent-poc-uploads-rad32rxj",
            "bucket": "rag-agent-poc-uploads-rad32rxj",
            "bucket_domain_name": "rag-agent-poc-uploads-rad32rxj.s3.amazonaws.com",
            "bucket_prefix": "",
            "bucket_regional_domain_name": "rag-agent-poc-uploads-rad32rxj.s3.ap-southeast-2.amazonaws.com",
            "cors_rule": [
              {
                "allowed_headers": [
                  "*"
                ],
                "allowed_methods": [
                  "POST",
                  "GET",
                  "HEAD",
                  "DELETE",
                  "PUT"
                ],
                "allowed_origins": [
                  "*"
                ],
                "expose_headers": [],
                "max_age_seconds": 3000
              }
            ],
            "force_destroy": false,
            "grant": [
              {
                "id": "576eab0f2a8364a80201fdebe1a47fb03702ea33e5be4fafe58a1c60109f821e",
                "permissions": [
                  "FULL_CONTROL"
                ],
                "type": "CanonicalUser",
                "uri": ""
              }
            ],
            "hosted_zone_id": "Z1WCIGYICN2BYD",
            "id": "rag-agent-poc-uploads-rad32rxj",
            "lifecycle_rule": [],
            "logging": [],
            "object_lock_configuration": [],
            "object_lock_enabled": false,
            "policy": "",
            "region": "ap-southeast-2",
            "replication_configuration": [],
            "request_payer": "BucketOwner",
            "server_side_encryption_configuration": [
              {
                "rule": [
                  {
                    "apply_server_side_encryption_by_default": [
                      {
                        "kms_master_key_id": "",
                        "sse_algorithm": "AES256"
                      }
                    ],
                    "bucket_key_enabled": false
                  }
                ]
              }
            ],
            "tags": {
              "Environment": "poc",
              "Name": "rag-agent-poc-uploads",
              "Project": "rag-agent"
            },
            "tags_all": {
              "Environment": "poc",
              "Name": "rag-agent-poc-uploads",
              "Project": "rag-agent"
            },
            "timeouts": null,
            "versioning": [
              {
                "enabled": true,
                "mfa_delete": false
              }
            ],
            "website": [],
            "website_domain": null,
            "website_endpoint": null
          },
          "sensitive_attributes": [],
          "identity_schema_version": 0,
          "private": "eyJlMmJmYjczMC1lY2FhLTExZTYtOGY4OC0zNDM2M2JjN2M0YzAiOnsiY3JlYXRlIjoxMjAwMDAwMDAwMDAwLCJkZWxldGUiOjM2MDAwMDAwMDAwMDAsInJlYWQiOjEyMDAwMDAwMDAwMDAsInVwZGF0ZSI6MTIwMDAwMDAwMDAwMH19",
          "dependencies": [
            "random_string.bucket_suffix"
          ]
        }
      ]
    },
    {
      "mode": "managed",
      "type": "aws_s3_bucket_cors_configuration",
      "name": "ui",
      "provider": "provider[\"registry.terraform.io/hashicorp/aws\"]",
      "instances": [
        {
          "schema_version": 0,
          "attributes": {
            "bucket": "rag-agent-poc-ui-rad32rxj",
            "cors_rule": [
              {
                "allowed_headers": [
                  "*"
                ],
                "allowed_methods": [
                  "GET",
                  "HEAD"
                ],
                "allowed_origins": [
                  "*"
                ],
                "expose_headers": [],
                "id": "",
                "max_age_seconds": 3000
              }
            ],
            "expected_bucket_owner": "",
            "id": "rag-agent-poc-ui-rad32rxj"
          },
          "sensitive_attributes": [],
          "identity_schema_version": 0,
          "private": "bnVsbA==",
          "dependencies": [
            "aws_s3_bucket.ui",
            "random_string.bucket_suffix"
          ]
        }
      ]
    },
    {
      "mode": "managed",
      "type": "aws_s3_bucket_cors_configuration",
      "name": "uploads",
      "provider": "provider[\"registry.terraform.io/hashicorp/aws\"]",
      "instances": [
        {
          "schema_version": 0,
          "attributes": {
            "bucket": "rag-agent-poc-uploads-rad32rxj",
            "cors_rule": [
              {
                "allowed_headers": [
                  "*"
                ],
                "allowed_methods": [
                  "DELETE",
                  "GET",
                  "HEAD",
                  "POST",
                  "PUT"
                ],
                "allowed_origins": [
                  "*"
                ],
                "expose_headers": [],
                "id": "",
                "max_age_seconds": 3000
              }
            ],
            "expected_bucket_owner": "",
            "id": "rag-agent-poc-uploads-rad32rxj"
          },
          "sensitive_attributes": [],
          "identity_schema_version": 0,
          "private": "bnVsbA==",
          "dependencies": [
            "aws_s3_bucket.uploads",
            "random_string.bucket_suffix"
          ]
        }
      ]
    },
    {
      "mode": "managed",
      "type": "aws_s3_bucket_policy",
      "name": "ui",
      "provider": "provider[\"registry.terraform.io/hashicorp/aws\"]",
      "instances": [
        {
          "schema_version": 0,
          "attributes": {
            "bucket": "rag-agent-poc-ui-rad32rxj",
            "id": "rag-agent-poc-ui-rad32rxj",
            "policy": "{\"Statement\":[{\"Action\":\"s3:GetObject\",\"Effect\":\"Allow\",\"Principal\":\"*\",\"Resource\":\"arn:aws:s3:::rag-agent-poc-ui-rad32rxj/*\",\"Sid\":\"PublicReadGetObject\"}],\"Version\":\"2012-10-17\"}"
          },
          "sensitive_attributes": [],
          "identity_schema_version": 0,
          "private": "bnVsbA==",
          "dependencies": [
            "aws_s3_bucket.ui",
            "aws_s3_bucket_public_access_block.ui",
            "random_string.bucket_suffix"
          ]
        }
      ]
    },
    {
      "mode": "managed",
      "type": "aws_s3_bucket_public_access_block",
      "name": "ui",
      "provider": "provider[\"registry.terraform.io/hashicorp/aws\"]",
      "instances": [
        {
          "schema_version": 0,
          "attributes": {
            "block_public_acls": false,
            "block_public_policy": false,
            "bucket": "rag-agent-poc-ui-rad32rxj",
            "id": "rag-agent-poc-ui-rad32rxj",
            "ignore_public_acls": false,
            "restrict_public_buckets": false
          },
          "sensitive_attributes": [],
          "identity_schema_version": 0,
          "private": "bnVsbA==",
          "dependencies": [
            "aws_s3_bucket.ui",
            "random_string.bucket_suffix"
          ]
        }
      ]
    },
    {
      "mode": "managed",
      "type": "aws_s3_bucket_versioning",
      "name": "litellm_config",
      "provider": "provider[\"registry.terraform.io/hashicorp/aws\"]",
      "instances": [
        {
          "schema_version": 0,
          "attributes": {
            "bucket": "rag-agent-poc-litellm-config-rad32rxj",
            "expected_bucket_owner": "",
            "id": "rag-agent-poc-litellm-config-rad32rxj",
            "mfa": null,
            "versioning_configuration": [
              {
                "mfa_delete": "",
                "status": "Enabled"
              }
            ]
          },
          "sensitive_attributes": [],
          "identity_schema_version": 0,
          "private": "bnVsbA==",
          "dependencies": [
            "aws_s3_bucket.litellm_config",
            "random_string.bucket_suffix"
          ]
        }
      ]
    },
    {
      "mode": "managed",
      "type": "aws_s3_bucket_versioning",
      "name": "uploads",
      "provider": "provider[\"registry.terraform.io/hashicorp/aws\"]",
      "instances": [
        {
          "schema_version": 0,
          "attributes": {
            "bucket": "rag-agent-poc-uploads-rad32rxj",
            "expected_bucket_owner": "",
            "id": "rag-agent-poc-uploads-rad32rxj",
            "mfa": null,
            "versioning_configuration": [
              {
                "mfa_delete": "",
                "status": "Enabled"
              }
            ]
          },
          "sensitive_attributes": [],
          "identity_schema_version": 0,
          "private": "bnVsbA==",
          "dependencies": [
            "aws_s3_bucket.uploads",
            "random_string.bucket_suffix"
          ]
        }
      ]
    },
    {
      "mode": "managed",
      "type": "aws_s3_bucket_website_configuration",
      "name": "ui",
      "provider": "provider[\"registry.terraform.io/hashicorp/aws\"]",
      "instances": [
        {
          "schema_version": 0,
          "attributes": {
            "bucket": "rag-agent-poc-ui-rad32rxj",
            "error_document": [
              {
                "key": "error.html"
              }
            ],
            "expected_bucket_owner": "",
            "id": "rag-agent-poc-ui-rad32rxj",
            "index_document": [
              {
                "suffix": "index.html"
              }
            ],
            "redirect_all_requests_to": [],
            "routing_rule": [],
            "routing_rules": "",
            "website_domain": "s3-website-ap-southeast-2.amazonaws.com",
            "website_endpoint": "rag-agent-poc-ui-rad32rxj.s3-website-ap-southeast-2.amazonaws.com"
          },
          "sensitive_attributes": [],
          "identity_schema_version": 0,
          "private": "bnVsbA==",
          "dependencies": [
            "aws_s3_bucket.ui",
            "random_string.bucket_suffix"
          ]
        }
      ]
    },
    {
      "mode": "managed",
      "type": "aws_s3_object",
      "name": "litellm_config",
      "provider": "provider[\"registry.terraform.io/hashicorp/aws\"]",
      "instances": [
        {
          "schema_version": 0,
          "attributes": {
            "acl": null,
            "arn": "arn:aws:s3:::rag-agent-poc-litellm-config-rad32rxj/config.yaml",
            "bucket": "rag-agent-poc-litellm-config-rad32rxj",
            "bucket_key_enabled": false,
            "cache_control": "",
            "checksum_algorithm": null,
            "checksum_crc32": "",
            "checksum_crc32c": "",
            "checksum_crc64nvme": "",
            "checksum_sha1": "",
            "checksum_sha256": "",
            "content": "model_list:\n  - model_name: anthropic.claude-3-sonnet-20240229-v1:0\n    litellm_params:\n      model: bedrock/anthropic.claude-3-sonnet-20240229-v1:0\n      aws_region_name: ap-southeast-2\n",
            "content_base64": null,
            "content_disposition": "",
            "content_encoding": "",
            "content_language": "",
            "content_type": "application/octet-stream",
            "etag": "0744f56ab6b41ff277d3d3783b05eb9a",
            "force_destroy": false,
            "id": "config.yaml",
            "key": "config.yaml",
            "kms_key_id": null,
            "metadata": {},
            "object_lock_legal_hold_status": "",
            "object_lock_mode": "",
            "object_lock_retain_until_date": "",
            "override_provider": [],
            "server_side_encryption": "AES256",
            "source": null,
            "source_hash": null,
            "storage_class": "STANDARD",
            "tags": {
              "Environment": "poc",
              "Project": "rag-agent"
            },
            "tags_all": {
              "Environment": "poc",
              "Project": "rag-agent"
            },
            "version_id": "null",
            "website_redirect": ""
          },
          "sensitive_attributes": [],
          "identity_schema_version": 0,
          "private": "bnVsbA==",
          "dependencies": [
            "aws_s3_bucket.litellm_config",
            "random_string.bucket_suffix"
          ]
        }
      ]
    },
    {
      "mode": "managed",
      "type": "aws_s3_object",
      "name": "rag_jar",
      "provider": "provider[\"registry.terraform.io/hashicorp/aws\"]",
      "instances": [
        {
          "schema_version": 0,
          "attributes": {
            "acl": null,
            "arn": "arn:aws:s3:::rag-agent-poc-lambda-deployments-rad32rxj/rag-agent-1.0.0.jar",
            "bucket": "rag-agent-poc-lambda-deployments-rad32rxj",
            "bucket_key_enabled": false,
            "cache_control": "",
            "checksum_algorithm": null,
            "checksum_crc32": "",
            "checksum_crc32c": "",
            "checksum_crc64nvme": "",
            "checksum_sha1": "",
            "checksum_sha256": "",
            "content": null,
            "content_base64": null,
            "content_disposition": "",
            "content_encoding": "",
            "content_language": "",
            "content_type": "binary/octet-stream",
            "etag": "ffe13ace8bbe4507a1a84d196089922d-34",
            "force_destroy": false,
            "id": "rag-agent-1.0.0.jar",
            "key": "rag-agent-1.0.0.jar",
            "kms_key_id": null,
            "metadata": {},
            "object_lock_legal_hold_status": "",
            "object_lock_mode": "",
            "object_lock_retain_until_date": "",
            "override_provider": [],
            "server_side_encryption": "AES256",
            "source": "../target/rag-agent-1.0.0.jar",
            "source_hash": null,
            "storage_class": "STANDARD",
            "tags": {},
            "tags_all": {},
            "version_id": "",
            "website_redirect": ""
          },
          "sensitive_attributes": [],
          "identity_schema_version": 0,
          "private": "bnVsbA==",
          "dependencies": [
            "aws_s3_bucket.lambda_deployments",
            "null_resource.maven_build",
            "random_string.bucket_suffix"
          ]
        }
      ]
    },
    {
      "mode": "managed",
      "type": "aws_s3_object",
      "name": "ui_app_js",
      "provider": "provider[\"registry.terraform.io/hashicorp/aws\"]",
      "instances": [
        {
          "schema_version": 0,
          "attributes": {
            "acl": null,
            "arn": "arn:aws:s3:::rag-agent-poc-ui-rad32rxj/app.js",
            "bucket": "rag-agent-poc-ui-rad32rxj",
            "bucket_key_enabled": false,
            "cache_control": "",
            "checksum_algorithm": null,
            "checksum_crc32": "",
            "checksum_crc32c": "",
            "checksum_crc64nvme": "",
            "checksum_sha1": "",
            "checksum_sha256": "",
            "content": null,
            "content_base64": null,
            "content_disposition": "",
            "content_encoding": "",
            "content_language": "",
            "content_type": "application/javascript",
            "etag": "e73ffa31c9b57833522989a948414d62",
            "force_destroy": false,
            "id": "app.js",
            "key": "app.js",
            "kms_key_id": null,
            "metadata": {},
            "object_lock_legal_hold_status": "",
            "object_lock_mode": "",
            "object_lock_retain_until_date": "",
            "override_provider": [],
            "server_side_encryption": "AES256",
            "source": "../ui/app.js",
            "source_hash": null,
            "storage_class": "STANDARD",
            "tags": {
              "Environment": "poc",
              "Project": "rag-agent"
            },
            "tags_all": {
              "Environment": "poc",
              "Project": "rag-agent"
            },
            "version_id": "",
            "website_redirect": ""
          },
          "sensitive_attributes": [],
          "identity_schema_version": 0,
          "private": "bnVsbA==",
          "dependencies": [
            "aws_s3_bucket.ui",
            "aws_s3_bucket_policy.ui",
            "aws_s3_bucket_public_access_block.ui",
            "random_string.bucket_suffix"
          ]
        }
      ]
    },
    {
      "mode": "managed",
      "type": "aws_s3_object",
      "name": "ui_config",
      "provider": "provider[\"registry.terraform.io/hashicorp/aws\"]",
      "instances": [
        {
          "schema_version": 0,
          "attributes": {
            "acl": null,
            "arn": "arn:aws:s3:::rag-agent-poc-ui-rad32rxj/config.json",
            "bucket": "rag-agent-poc-ui-rad32rxj",
            "bucket_key_enabled": false,
            "cache_control": "",
            "checksum_algorithm": null,
            "checksum_crc32": "",
            "checksum_crc32c": "",
            "checksum_crc64nvme": "",
            "checksum_sha1": "",
            "checksum_sha256": "",
            "content": "{\"apiBaseUrl\":\"http://rag-agent-poc-alb-1754112323.ap-southeast-2.elb.amazonaws.com\"}",
            "content_base64": null,
            "content_disposition": "",
            "content_encoding": "",
            "content_language": "",
            "content_type": "application/json",
            "etag": "b3b4d7d92978ca8b1c0eab5d2ff67377",
            "force_destroy": false,
            "id": "config.json",
            "key": "config.json",
            "kms_key_id": null,
            "metadata": {},
            "object_lock_legal_hold_status": "",
            "object_lock_mode": "",
            "object_lock_retain_until_date": "",
            "override_provider": [],
            "server_side_encryption": "AES256",
            "source": null,
            "source_hash": null,
            "storage_class": "STANDARD",
            "tags": {
              "Environment": "poc",
              "Project": "rag-agent"
            },
            "tags_all": {
              "Environment": "poc",
              "Project": "rag-agent"
            },
            "version_id": "",
            "website_redirect": ""
          },
          "sensitive_attributes": [],
          "identity_schema_version": 0,
          "private": "bnVsbA==",
          "dependencies": [
            "aws_lb.main",
            "aws_s3_bucket.ui",
            "aws_s3_bucket_policy.ui",
            "aws_s3_bucket_public_access_block.ui",
            "aws_security_group.alb",
            "aws_subnet.public",
            "aws_vpc.main",
            "data.aws_availability_zones.available",
            "random_string.bucket_suffix"
          ]
        }
      ]
    },
    {
      "mode": "managed",
      "type": "aws_s3_object",
      "name": "ui_error",
      "provider": "provider[\"registry.terraform.io/hashicorp/aws\"]",
      "instances": [
        {
          "schema_version": 0,
          "attributes": {
            "acl": null,
            "arn": "arn:aws:s3:::rag-agent-poc-ui-rad32rxj/error.html",
            "bucket": "rag-agent-poc-ui-rad32rxj",
            "bucket_key_enabled": false,
            "cache_control": "",
            "checksum_algorithm": null,
            "checksum_crc32": "",
            "checksum_crc32c": "",
            "checksum_crc64nvme": "",
            "checksum_sha1": "",
            "checksum_sha256": "",
            "content": null,
            "content_base64": null,
            "content_disposition": "",
            "content_encoding": "",
            "content_language": "",
            "content_type": "text/html",
            "etag": "fcd93970d8595a619296a03dd124ce93",
            "force_destroy": false,
            "id": "error.html",
            "key": "error.html",
            "kms_key_id": null,
            "metadata": {},
            "object_lock_legal_hold_status": "",
            "object_lock_mode": "",
            "object_lock_retain_until_date": "",
            "override_provider": [],
            "server_side_encryption": "AES256",
            "source": "../ui/error.html",
            "source_hash": null,
            "storage_class": "STANDARD",
            "tags": {
              "Environment": "poc",
              "Project": "rag-agent"
            },
            "tags_all": {
              "Environment": "poc",
              "Project": "rag-agent"
            },
            "version_id": "",
            "website_redirect": ""
          },
          "sensitive_attributes": [],
          "identity_schema_version": 0,
          "private": "bnVsbA==",
          "dependencies": [
            "aws_s3_bucket.ui",
            "aws_s3_bucket_policy.ui",
            "aws_s3_bucket_public_access_block.ui",
            "random_string.bucket_suffix"
          ]
        }
      ]
    },
    {
      "mode": "managed",
      "type": "aws_s3_object",
      "name": "ui_index",
      "provider": "provider[\"registry.terraform.io/hashicorp/aws\"]",
      "instances": [
        {
          "schema_version": 0,
          "attributes": {
            "acl": null,
            "arn": "arn:aws:s3:::rag-agent-poc-ui-rad32rxj/index.html",
            "bucket": "rag-agent-poc-ui-rad32rxj",
            "bucket_key_enabled": false,
            "cache_control": "",
            "checksum_algorithm": null,
            "checksum_crc32": "",
            "checksum_crc32c": "",
            "checksum_crc64nvme": "",
            "checksum_sha1": "",
            "checksum_sha256": "",
            "content": null,
            "content_base64": null,
            "content_disposition": "",
            "content_encoding": "",
            "content_language": "",
            "content_type": "text/html",
            "etag": "7f7d7a98f7b53132fed7edfb6014ff29",
            "force_destroy": false,
            "id": "index.html",
            "key": "index.html",
            "kms_key_id": null,
            "metadata": {},
            "object_lock_legal_hold_status": "",
            "object_lock_mode": "",
            "object_lock_retain_until_date": "",
            "override_provider": [],
            "server_side_encryption": "AES256",
            "source": "../ui/index.html",
            "source_hash": null,
            "storage_class": "STANDARD",
            "tags": {
              "Environment": "poc",
              "Project": "rag-agent"
            },
            "tags_all": {
              "Environment": "poc",
              "Project": "rag-agent"
            },
            "version_id": "",
            "website_redirect": ""
          },
          "sensitive_attributes": [],
          "identity_schema_version": 0,
          "private": "bnVsbA==",
          "dependencies": [
            "aws_s3_bucket.ui",
            "aws_s3_bucket_policy.ui",
            "aws_s3_bucket_public_access_block.ui",
            "random_string.bucket_suffix"
          ]
        }
      ]
    },
    {
      "mode": "managed",
      "type": "aws_s3_object",
      "name": "ui_styles",
      "provider": "provider[\"registry.terraform.io/hashicorp/aws\"]",
      "instances": [
        {
          "schema_version": 0,
          "attributes": {
            "acl": null,
            "arn": "arn:aws:s3:::rag-agent-poc-ui-rad32rxj/styles.css",
            "bucket": "rag-agent-poc-ui-rad32rxj",
            "bucket_key_enabled": false,
            "cache_control": "",
            "checksum_algorithm": null,
            "checksum_crc32": "",
            "checksum_crc32c": "",
            "checksum_crc64nvme": "",
            "checksum_sha1": "",
            "checksum_sha256": "",
            "content": null,
            "content_base64": null,
            "content_disposition": "",
            "content_encoding": "",
            "content_language": "",
            "content_type": "text/css",
            "etag": "bb97f8833d6ab1971fd68dcf7d5b929e",
            "force_destroy": false,
            "id": "styles.css",
            "key": "styles.css",
            "kms_key_id": null,
            "metadata": {},
            "object_lock_legal_hold_status": "",
            "object_lock_mode": "",
            "object_lock_retain_until_date": "",
            "override_provider": [],
            "server_side_encryption": "AES256",
            "source": "../ui/styles.css",
            "source_hash": null,
            "storage_class": "STANDARD",
            "tags": {
              "Environment": "poc",
              "Project": "rag-agent"
            },
            "tags_all": {
              "Environment": "poc",
              "Project": "rag-agent"
            },
            "version_id": "",
            "website_redirect": ""
          },
          "sensitive_attributes": [],
          "identity_schema_version": 0,
          "private": "bnVsbA==",
          "dependencies": [
            "aws_s3_bucket.ui",
            "aws_s3_bucket_policy.ui",
            "aws_s3_bucket_public_access_block.ui",
            "random_string.bucket_suffix"
          ]
        }
      ]
    },
    {
      "mode": "managed",
      "type": "aws_security_group",
      "name": "alb",
      "provider": "provider[\"registry.terraform.io/hashicorp/aws\"]",
      "instances": [
        {
          "schema_version": 1,
          "attributes": {
            "arn": "arn:aws:ec2:ap-southeast-2:864899848476:security-group/sg-054f054c4e0e51f87",
            "description": "Managed by Terraform",
            "egress": [
              {
                "cidr_blocks": [
                  "0.0.0.0/0"
                ],
                "description": "",
                "from_port": 0,
                "ipv6_cidr_blocks": [],
                "prefix_list_ids": [],
                "protocol": "-1",
                "security_groups": [],
                "self": false,
                "to_port": 0
              }
            ],
            "id": "sg-054f054c4e0e51f87",
            "ingress": [
              {
                "cidr_blocks": [
                  "0.0.0.0/0"
                ],
                "description": "",
                "from_port": 80,
                "ipv6_cidr_blocks": [],
                "prefix_list_ids": [],
                "protocol": "tcp",
                "security_groups": [],
                "self": false,
                "to_port": 80
              }
            ],
            "name": "rag-agent-poc-alb-2025090800235646750000000c",
            "name_prefix": "rag-agent-poc-alb-",
            "owner_id": "864899848476",
            "revoke_rules_on_delete": false,
            "tags": {
              "Environment": "poc",
              "Name": "rag-agent-poc-alb-sg",
              "Project": "rag-agent"
            },
            "tags_all": {
              "Environment": "poc",
              "Name": "rag-agent-poc-alb-sg",
              "Project": "rag-agent"
            },
            "timeouts": null,
            "vpc_id": "vpc-0ac669738396aab17"
          },
          "sensitive_attributes": [],
          "identity_schema_version": 0,
          "private": "eyJlMmJmYjczMC1lY2FhLTExZTYtOGY4OC0zNDM2M2JjN2M0YzAiOnsiY3JlYXRlIjo2MDAwMDAwMDAwMDAsImRlbGV0ZSI6OTAwMDAwMDAwMDAwfSwic2NoZW1hX3ZlcnNpb24iOiIxIn0=",
          "dependencies": [
            "aws_vpc.main"
          ]
        }
      ]
    },
    {
      "mode": "managed",
      "type": "aws_security_group",
      "name": "rag_agent_ec2",
      "provider": "provider[\"registry.terraform.io/hashicorp/aws\"]",
      "instances": [
        {
          "schema_version": 1,
          "attributes": {
            "arn": "arn:aws:ec2:ap-southeast-2:864899848476:security-group/sg-0a28e6d54c62d2e1b",
            "description": "Managed by Terraform",
            "egress": [
              {
                "cidr_blocks": [
                  "0.0.0.0/0"
                ],
                "description": "",
                "from_port": 0,
                "ipv6_cidr_blocks": [],
                "prefix_list_ids": [],
                "protocol": "-1",
                "security_groups": [],
                "self": false,
                "to_port": 0
              }
            ],
            "id": "sg-0a28e6d54c62d2e1b",
            "ingress": [
              {
                "cidr_blocks": [
                  "10.0.0.0/16"
                ],
                "description": "",
                "from_port": 22,
                "ipv6_cidr_blocks": [],
                "prefix_list_ids": [],
                "protocol": "tcp",
                "security_groups": [],
                "self": false,
                "to_port": 22
              },
              {
                "cidr_blocks": [],
                "description": "",
                "from_port": 8080,
                "ipv6_cidr_blocks": [],
                "prefix_list_ids": [],
                "protocol": "tcp",
                "security_groups": [
                  "sg-054f054c4e0e51f87"
                ],
                "self": false,
                "to_port": 8080
              }
            ],
            "name": "rag-agent-poc-ec2-2025090800235825670000000e",
            "name_prefix": "rag-agent-poc-ec2-",
            "owner_id": "864899848476",
            "revoke_rules_on_delete": false,
            "tags": {
              "Environment": "poc",
              "Name": "rag-agent-poc-ec2-sg",
              "Project": "rag-agent"
            },
            "tags_all": {
              "Environment": "poc",
              "Name": "rag-agent-poc-ec2-sg",
              "Project": "rag-agent"
            },
            "timeouts": null,
            "vpc_id": "vpc-0ac669738396aab17"
          },
          "sensitive_attributes": [],
          "identity_schema_version": 0,
          "private": "eyJlMmJmYjczMC1lY2FhLTExZTYtOGY4OC0zNDM2M2JjN2M0YzAiOnsiY3JlYXRlIjo2MDAwMDAwMDAwMDAsImRlbGV0ZSI6OTAwMDAwMDAwMDAwfSwic2NoZW1hX3ZlcnNpb24iOiIxIn0=",
          "dependencies": [
            "aws_security_group.alb",
            "aws_vpc.main"
          ]
        }
      ]
    },
    {
      "mode": "managed",
      "type": "aws_subnet",
      "name": "private",
      "provider": "provider[\"registry.terraform.io/hashicorp/aws\"]",
      "instances": [
        {
          "index_key": 0,
          "schema_version": 1,
          "attributes": {
            "arn": "arn:aws:ec2:ap-southeast-2:864899848476:subnet/subnet-02e8199cab7a43b7d",
            "assign_ipv6_address_on_creation": false,
            "availability_zone": "ap-southeast-2a",
            "availability_zone_id": "apse2-az1",
            "cidr_block": "10.0.10.0/24",
            "customer_owned_ipv4_pool": "",
            "enable_dns64": false,
            "enable_lni_at_device_index": 0,
            "enable_resource_name_dns_a_record_on_launch": false,
            "enable_resource_name_dns_aaaa_record_on_launch": false,
            "id": "subnet-02e8199cab7a43b7d",
            "ipv6_cidr_block": "",
            "ipv6_cidr_block_association_id": "",
            "ipv6_native": false,
            "map_customer_owned_ip_on_launch": false,
            "map_public_ip_on_launch": false,
            "outpost_arn": "",
            "owner_id": "864899848476",
            "private_dns_hostname_type_on_launch": "ip-name",
            "tags": {
              "Environment": "poc",
              "Name": "rag-agent-poc-private-subnet-1",
              "Project": "rag-agent"
            },
            "tags_all": {
              "Environment": "poc",
              "Name": "rag-agent-poc-private-subnet-1",
              "Project": "rag-agent"
            },
            "timeouts": null,
            "vpc_id": "vpc-0ac669738396aab17"
          },
          "sensitive_attributes": [],
          "identity_schema_version": 0,
          "private": "eyJlMmJmYjczMC1lY2FhLTExZTYtOGY4OC0zNDM2M2JjN2M0YzAiOnsiY3JlYXRlIjo2MDAwMDAwMDAwMDAsImRlbGV0ZSI6MTIwMDAwMDAwMDAwMH0sInNjaGVtYV92ZXJzaW9uIjoiMSJ9",
          "dependencies": [
            "aws_vpc.main",
            "data.aws_availability_zones.available"
          ]
        },
        {
          "index_key": 1,
          "schema_version": 1,
          "attributes": {
            "arn": "arn:aws:ec2:ap-southeast-2:864899848476:subnet/subnet-0d3487ca54006e8cd",
            "assign_ipv6_address_on_creation": false,
            "availability_zone": "ap-southeast-2b",
            "availability_zone_id": "apse2-az3",
            "cidr_block": "10.0.11.0/24",
            "customer_owned_ipv4_pool": "",
            "enable_dns64": false,
            "enable_lni_at_device_index": 0,
            "enable_resource_name_dns_a_record_on_launch": false,
            "enable_resource_name_dns_aaaa_record_on_launch": false,
            "id": "subnet-0d3487ca54006e8cd",
            "ipv6_cidr_block": "",
            "ipv6_cidr_block_association_id": "",
            "ipv6_native": false,
            "map_customer_owned_ip_on_launch": false,
            "map_public_ip_on_launch": false,
            "outpost_arn": "",
            "owner_id": "864899848476",
            "private_dns_hostname_type_on_launch": "ip-name",
            "tags": {
              "Environment": "poc",
              "Name": "rag-agent-poc-private-subnet-2",
              "Project": "rag-agent"
            },
            "tags_all": {
              "Environment": "poc",
              "Name": "rag-agent-poc-private-subnet-2",
              "Project": "rag-agent"
            },
            "timeouts": null,
            "vpc_id": "vpc-0ac669738396aab17"
          },
          "sensitive_attributes": [],
          "identity_schema_version": 0,
          "private": "eyJlMmJmYjczMC1lY2FhLTExZTYtOGY4OC0zNDM2M2JjN2M0YzAiOnsiY3JlYXRlIjo2MDAwMDAwMDAwMDAsImRlbGV0ZSI6MTIwMDAwMDAwMDAwMH0sInNjaGVtYV92ZXJzaW9uIjoiMSJ9",
          "dependencies": [
            "aws_vpc.main",
            "data.aws_availability_zones.available"
          ]
        }
      ]
    },
    {
      "mode": "managed",
      "type": "aws_subnet",
      "name": "public",
      "provider": "provider[\"registry.terraform.io/hashicorp/aws\"]",
      "instances": [
        {
          "index_key": 0,
          "schema_version": 1,
          "attributes": {
            "arn": "arn:aws:ec2:ap-southeast-2:864899848476:subnet/subnet-09ece55edeb392400",
            "assign_ipv6_address_on_creation": false,
            "availability_zone": "ap-southeast-2a",
            "availability_zone_id": "apse2-az1",
            "cidr_block": "10.0.1.0/24",
            "customer_owned_ipv4_pool": "",
            "enable_dns64": false,
            "enable_lni_at_device_index": 0,
            "enable_resource_name_dns_a_record_on_launch": false,
            "enable_resource_name_dns_aaaa_record_on_launch": false,
            "id": "subnet-09ece55edeb392400",
            "ipv6_cidr_block": "",
            "ipv6_cidr_block_association_id": "",
            "ipv6_native": false,
            "map_customer_owned_ip_on_launch": false,
            "map_public_ip_on_launch": true,
            "outpost_arn": "",
            "owner_id": "864899848476",
            "private_dns_hostname_type_on_launch": "ip-name",
            "tags": {
              "Environment": "poc",
              "Name": "rag-agent-poc-public-subnet-1",
              "Project": "rag-agent"
            },
            "tags_all": {
              "Environment": "poc",
              "Name": "rag-agent-poc-public-subnet-1",
              "Project": "rag-agent"
            },
            "timeouts": null,
            "vpc_id": "vpc-0ac669738396aab17"
          },
          "sensitive_attributes": [],
          "identity_schema_version": 0,
          "private": "eyJlMmJmYjczMC1lY2FhLTExZTYtOGY4OC0zNDM2M2JjN2M0YzAiOnsiY3JlYXRlIjo2MDAwMDAwMDAwMDAsImRlbGV0ZSI6MTIwMDAwMDAwMDAwMH0sInNjaGVtYV92ZXJzaW9uIjoiMSJ9",
          "dependencies": [
            "aws_vpc.main",
            "data.aws_availability_zones.available"
          ]
        },
        {
          "index_key": 1,
          "schema_version": 1,
          "attributes": {
            "arn": "arn:aws:ec2:ap-southeast-2:864899848476:subnet/subnet-0cfe571d97ee6beaa",
            "assign_ipv6_address_on_creation": false,
            "availability_zone": "ap-southeast-2b",
            "availability_zone_id": "apse2-az3",
            "cidr_block": "10.0.2.0/24",
            "customer_owned_ipv4_pool": "",
            "enable_dns64": false,
            "enable_lni_at_device_index": 0,
            "enable_resource_name_dns_a_record_on_launch": false,
            "enable_resource_name_dns_aaaa_record_on_launch": false,
            "id": "subnet-0cfe571d97ee6beaa",
            "ipv6_cidr_block": "",
            "ipv6_cidr_block_association_id": "",
            "ipv6_native": false,
            "map_customer_owned_ip_on_launch": false,
            "map_public_ip_on_launch": true,
            "outpost_arn": "",
            "owner_id": "864899848476",
            "private_dns_hostname_type_on_launch": "ip-name",
            "tags": {
              "Environment": "poc",
              "Name": "rag-agent-poc-public-subnet-2",
              "Project": "rag-agent"
            },
            "tags_all": {
              "Environment": "poc",
              "Name": "rag-agent-poc-public-subnet-2",
              "Project": "rag-agent"
            },
            "timeouts": null,
            "vpc_id": "vpc-0ac669738396aab17"
          },
          "sensitive_attributes": [],
          "identity_schema_version": 0,
          "private": "eyJlMmJmYjczMC1lY2FhLTExZTYtOGY4OC0zNDM2M2JjN2M0YzAiOnsiY3JlYXRlIjo2MDAwMDAwMDAwMDAsImRlbGV0ZSI6MTIwMDAwMDAwMDAwMH0sInNjaGVtYV92ZXJzaW9uIjoiMSJ9",
          "dependencies": [
            "aws_vpc.main",
            "data.aws_availability_zones.available"
          ]
        }
      ]
    },
    {
      "mode": "managed",
      "type": "aws_vpc",
      "name": "main",
      "provider": "provider[\"registry.terraform.io/hashicorp/aws\"]",
      "instances": [
        {
          "schema_version": 1,
          "attributes": {
            "arn": "arn:aws:ec2:ap-southeast-2:864899848476:vpc/vpc-0ac669738396aab17",
            "assign_generated_ipv6_cidr_block": false,
            "cidr_block": "10.0.0.0/16",
            "default_network_acl_id": "acl-07e7ea044a7780bb8",
            "default_route_table_id": "rtb-0742bb2be02ceeb0c",
            "default_security_group_id": "sg-03689551477035f88",
            "dhcp_options_id": "dopt-01d88bc7cb0bcc8f9",
            "enable_dns_hostnames": true,
            "enable_dns_support": true,
            "enable_network_address_usage_metrics": false,
            "id": "vpc-0ac669738396aab17",
            "instance_tenancy": "default",
            "ipv4_ipam_pool_id": null,
            "ipv4_netmask_length": null,
            "ipv6_association_id": "",
            "ipv6_cidr_block": "",
            "ipv6_cidr_block_network_border_group": "",
            "ipv6_ipam_pool_id": "",
            "ipv6_netmask_length": 0,
            "main_route_table_id": "rtb-0742bb2be02ceeb0c",
            "owner_id": "864899848476",
            "tags": {
              "Environment": "poc",
              "Name": "rag-agent-poc-vpc",
              "Project": "rag-agent"
            },
            "tags_all": {
              "Environment": "poc",
              "Name": "rag-agent-poc-vpc",
              "Project": "rag-agent"
            }
          },
          "sensitive_attributes": [],
          "identity_schema_version": 0,
          "private": "eyJzY2hlbWFfdmVyc2lvbiI6IjEifQ=="
        }
      ]
    },
    {
      "mode": "managed",
      "type": "null_resource",
      "name": "maven_build",
      "provider": "provider[\"registry.terraform.io/hashicorp/null\"]",
      "instances": [
        {
          "schema_version": 0,
          "attributes": {
            "id": "2240853663820278232",
            "triggers": {
              "always_run": "2025-09-08T01:41:01Z"
            }
          },
          "sensitive_attributes": [],
          "identity_schema_version": 0
        }
      ]
    },
    {
      "mode": "managed",
      "type": "random_string",
      "name": "bucket_suffix",
      "provider": "provider[\"registry.terraform.io/hashicorp/random\"]",
      "instances": [
        {
          "schema_version": 2,
          "attributes": {
            "id": "rad32rxj",
            "keepers": null,
            "length": 8,
            "lower": true,
            "min_lower": 0,
            "min_numeric": 0,
            "min_special": 0,
            "min_upper": 0,
            "number": true,
            "numeric": true,
            "override_special": null,
            "result": "rad32rxj",
            "special": false,
            "upper": false
          },
          "sensitive_attributes": [],
          "identity_schema_version": 0
        }
      ]
    }
  ],
  "check_results": null
}
